
Microsoft Visual Studio Solution File, Format Version 12.00
# Visual Studio Version 16
VisualStudioVersion = 16.0.31613.86
MinimumVisualStudioVersion = 10.0.40219.1
Project("{FAE04EC0-301F-11D3-BF4B-00C04F79EFBC}") = "Greetings", "Greetings\Greetings.csproj", "{4F834247-0F84-4142-B99C-CE89B69A12E2}"
EndProject
Global
	GlobalSection(SolutionConfigurationPlatforms) = preSolution
		Debug|Any CPU = Debug|Any CPU
		Release|Any CPU = Release|Any CPU
	EndGlobalSection
	GlobalSection(ProjectConfigurationPlatforms) = postSolution
		{4F834247-0F84-4142-B99C-CE89B69A12E2}.Debug|Any CPU.ActiveCfg = Debug|Any CPU
		{4F834247-0F84-4142-B99C-CE89B69A12E2}.Debug|Any CPU.Build.0 = Debug|Any CPU
		{4F834247-0F84-4142-B99C-CE89B69A12E2}.Release|Any CPU.ActiveCfg = Release|Any CPU
		{4F834247-0F84-4142-B99C-CE89B69A12E2}.Release|Any CPU.Build.0 = Release|Any CPU
	EndGlobalSection
	GlobalSection(SolutionProperties) = preSolution
		HideSolutionNode = FALSE
	EndGlobalSection
	GlobalSection(ExtensibilityGlobals) = postSolution
		SolutionGuid = {96AC8FB2-027C-4180-9591-5D946C88EB01}
	EndGlobalSection
EndGlobal
