
Microsoft Visual Studio Solution File, Format Version 12.00
# Visual Studio Version 17
VisualStudioVersion = 17.11.35312.102
MinimumVisualStudioVersion = 10.0.40219.1
Project("{FAE04EC0-301F-11D3-BF4B-00C04F79EFBC}") = "Artefacts", "Artefacts\Artefacts.csproj", "{64E7682D-568B-4705-8B89-6791E0A1D700}"
EndProject
Global
	GlobalSection(SolutionConfigurationPlatforms) = preSolution
		Debug|Any CPU = Debug|Any CPU
		Release|Any CPU = Release|Any CPU
	EndGlobalSection
	GlobalSection(ProjectConfigurationPlatforms) = postSolution
		{64E7682D-568B-4705-8B89-6791E0A1D700}.Debug|Any CPU.ActiveCfg = Debug|Any CPU
		{64E7682D-568B-4705-8B89-6791E0A1D700}.Debug|Any CPU.Build.0 = Debug|Any CPU
		{64E7682D-568B-4705-8B89-6791E0A1D700}.Release|Any CPU.ActiveCfg = Release|Any CPU
		{64E7682D-568B-4705-8B89-6791E0A1D700}.Release|Any CPU.Build.0 = Release|Any CPU
	EndGlobalSection
	GlobalSection(SolutionProperties) = preSolution
		HideSolutionNode = FALSE
	EndGlobalSection
	GlobalSection(ExtensibilityGlobals) = postSolution
		SolutionGuid = {FD5D0313-9309-4312-AB7F-9F047D24D49B}
	EndGlobalSection
EndGlobal
