
Microsoft Visual Studio Solution File, Format Version 12.00
# Visual Studio Version 17
VisualStudioVersion = 17.1.32210.238
MinimumVisualStudioVersion = 10.0.40219.1
Project("{FAE04EC0-301F-11D3-BF4B-00C04F79EFBC}") = "NakupniKosik", "NakupniKosik\NakupniKosik.csproj", "{171BEC9D-F753-4E79-A47F-1D7AF43C807D}"
EndProject
Global
	GlobalSection(SolutionConfigurationPlatforms) = preSolution
		Debug|Any CPU = Debug|Any CPU
		Release|Any CPU = Release|Any CPU
	EndGlobalSection
	GlobalSection(ProjectConfigurationPlatforms) = postSolution
		{171BEC9D-F753-4E79-A47F-1D7AF43C807D}.Debug|Any CPU.ActiveCfg = Debug|Any CPU
		{171BEC9D-F753-4E79-A47F-1D7AF43C807D}.Debug|Any CPU.Build.0 = Debug|Any CPU
		{171BEC9D-F753-4E79-A47F-1D7AF43C807D}.Release|Any CPU.ActiveCfg = Release|Any CPU
		{171BEC9D-F753-4E79-A47F-1D7AF43C807D}.Release|Any CPU.Build.0 = Release|Any CPU
	EndGlobalSection
	GlobalSection(SolutionProperties) = preSolution
		HideSolutionNode = FALSE
	EndGlobalSection
	GlobalSection(ExtensibilityGlobals) = postSolution
		SolutionGuid = {C73E824E-8BD9-491C-B36E-49B233E3F7FB}
	EndGlobalSection
EndGlobal
