
Microsoft Visual Studio Solution File, Format Version 12.00
# Visual Studio Version 17
VisualStudioVersion = 17.11.35312.102
MinimumVisualStudioVersion = 10.0.40219.1
Project("{FAE04EC0-301F-11D3-BF4B-00C04F79EFBC}") = "05_HraciKostky", "05_HraciKostky\05_HraciKostky.csproj", "{C54CF116-B997-4B80-A366-7E54B690BBDD}"
EndProject
Global
	GlobalSection(SolutionConfigurationPlatforms) = preSolution
		Debug|Any CPU = Debug|Any CPU
		Release|Any CPU = Release|Any CPU
	EndGlobalSection
	GlobalSection(ProjectConfigurationPlatforms) = postSolution
		{C54CF116-B997-4B80-A366-7E54B690BBDD}.Debug|Any CPU.ActiveCfg = Debug|Any CPU
		{C54CF116-B997-4B80-A366-7E54B690BBDD}.Debug|Any CPU.Build.0 = Debug|Any CPU
		{C54CF116-B997-4B80-A366-7E54B690BBDD}.Release|Any CPU.ActiveCfg = Release|Any CPU
		{C54CF116-B997-4B80-A366-7E54B690BBDD}.Release|Any CPU.Build.0 = Release|Any CPU
	EndGlobalSection
	GlobalSection(SolutionProperties) = preSolution
		HideSolutionNode = FALSE
	EndGlobalSection
	GlobalSection(ExtensibilityGlobals) = postSolution
		SolutionGuid = {3749BB57-9959-48A8-B711-9FDB3C4C2737}
	EndGlobalSection
EndGlobal
