
Microsoft Visual Studio Solution File, Format Version 12.00
# Visual Studio Version 17
VisualStudioVersion = 17.3.32929.385
MinimumVisualStudioVersion = 10.0.40219.1
Project("{FAE04EC0-301F-11D3-BF4B-00C04F79EFBC}") = "19_Zoo", "19_Zoo\19_Zoo.csproj", "{8A4E9063-4CCE-415E-AD97-15CE00FBFE68}"
EndProject
Global
	GlobalSection(SolutionConfigurationPlatforms) = preSolution
		Debug|Any CPU = Debug|Any CPU
		Release|Any CPU = Release|Any CPU
	EndGlobalSection
	GlobalSection(ProjectConfigurationPlatforms) = postSolution
		{8A4E9063-4CCE-415E-AD97-15CE00FBFE68}.Debug|Any CPU.ActiveCfg = Debug|Any CPU
		{8A4E9063-4CCE-415E-AD97-15CE00FBFE68}.Debug|Any CPU.Build.0 = Debug|Any CPU
		{8A4E9063-4CCE-415E-AD97-15CE00FBFE68}.Release|Any CPU.ActiveCfg = Release|Any CPU
		{8A4E9063-4CCE-415E-AD97-15CE00FBFE68}.Release|Any CPU.Build.0 = Release|Any CPU
	EndGlobalSection
	GlobalSection(SolutionProperties) = preSolution
		HideSolutionNode = FALSE
	EndGlobalSection
	GlobalSection(ExtensibilityGlobals) = postSolution
		SolutionGuid = {BE4AADE3-A3D6-49CA-9640-EE4E395E2941}
	EndGlobalSection
EndGlobal
