
Microsoft Visual Studio Solution File, Format Version 12.00
# Visual Studio Version 17
VisualStudioVersion = 17.7.34024.191
MinimumVisualStudioVersion = 10.0.40219.1
Project("{FAE04EC0-301F-11D3-BF4B-00C04F79EFBC}") = "01_Pozdrav", "01_Pozdrav\01_Pozdrav.csproj", "{A9782EF0-E33E-4060-A278-62446DB24044}"
EndProject
Global
	GlobalSection(SolutionConfigurationPlatforms) = preSolution
		Debug|Any CPU = Debug|Any CPU
		Release|Any CPU = Release|Any CPU
	EndGlobalSection
	GlobalSection(ProjectConfigurationPlatforms) = postSolution
		{A9782EF0-E33E-4060-A278-62446DB24044}.Debug|Any CPU.ActiveCfg = Debug|Any CPU
		{A9782EF0-E33E-4060-A278-62446DB24044}.Debug|Any CPU.Build.0 = Debug|Any CPU
		{A9782EF0-E33E-4060-A278-62446DB24044}.Release|Any CPU.ActiveCfg = Release|Any CPU
		{A9782EF0-E33E-4060-A278-62446DB24044}.Release|Any CPU.Build.0 = Release|Any CPU
	EndGlobalSection
	GlobalSection(SolutionProperties) = preSolution
		HideSolutionNode = FALSE
	EndGlobalSection
	GlobalSection(ExtensibilityGlobals) = postSolution
		SolutionGuid = {AA84DF8C-3002-44AB-BB13-929A88F781CF}
	EndGlobalSection
EndGlobal
