
Microsoft Visual Studio Solution File, Format Version 12.00
# Visual Studio Version 16
VisualStudioVersion = 16.0.31112.23
MinimumVisualStudioVersion = 10.0.40219.1
Project("{FAE04EC0-301F-11D3-BF4B-00C04F79EFBC}") = "BarvyFormulare", "BarvyFormulare.csproj", "{11E27986-5BF9-4C3C-88D0-7C7CA84C5057}"
EndProject
Global
	GlobalSection(SolutionConfigurationPlatforms) = preSolution
		Debug|Any CPU = Debug|Any CPU
		Release|Any CPU = Release|Any CPU
	EndGlobalSection
	GlobalSection(ProjectConfigurationPlatforms) = postSolution
		{11E27986-5BF9-4C3C-88D0-7C7CA84C5057}.Debug|Any CPU.ActiveCfg = Debug|Any CPU
		{11E27986-5BF9-4C3C-88D0-7C7CA84C5057}.Debug|Any CPU.Build.0 = Debug|Any CPU
		{11E27986-5BF9-4C3C-88D0-7C7CA84C5057}.Release|Any CPU.ActiveCfg = Release|Any CPU
		{11E27986-5BF9-4C3C-88D0-7C7CA84C5057}.Release|Any CPU.Build.0 = Release|Any CPU
	EndGlobalSection
	GlobalSection(SolutionProperties) = preSolution
		HideSolutionNode = FALSE
	EndGlobalSection
	GlobalSection(ExtensibilityGlobals) = postSolution
		SolutionGuid = {14C818BC-8EA1-4FDE-8B57-77106624EAAB}
	EndGlobalSection
EndGlobal
