
Microsoft Visual Studio Solution File, Format Version 12.00
# Visual Studio Version 17
VisualStudioVersion = 17.3.32929.385
MinimumVisualStudioVersion = 10.0.40219.1
Project("{FAE04EC0-301F-11D3-BF4B-00C04F79EFBC}") = "16_Srafovani", "16_Srafovani\16_Srafovani.csproj", "{0ADCE84C-101B-4BDB-BC30-D24B3A9D3E6B}"
EndProject
Global
	GlobalSection(SolutionConfigurationPlatforms) = preSolution
		Debug|Any CPU = Debug|Any CPU
		Release|Any CPU = Release|Any CPU
	EndGlobalSection
	GlobalSection(ProjectConfigurationPlatforms) = postSolution
		{0ADCE84C-101B-4BDB-BC30-D24B3A9D3E6B}.Debug|Any CPU.ActiveCfg = Debug|Any CPU
		{0ADCE84C-101B-4BDB-BC30-D24B3A9D3E6B}.Debug|Any CPU.Build.0 = Debug|Any CPU
		{0ADCE84C-101B-4BDB-BC30-D24B3A9D3E6B}.Release|Any CPU.ActiveCfg = Release|Any CPU
		{0ADCE84C-101B-4BDB-BC30-D24B3A9D3E6B}.Release|Any CPU.Build.0 = Release|Any CPU
	EndGlobalSection
	GlobalSection(SolutionProperties) = preSolution
		HideSolutionNode = FALSE
	EndGlobalSection
	GlobalSection(ExtensibilityGlobals) = postSolution
		SolutionGuid = {7120B010-81A9-4366-8E8C-DA67244D1011}
	EndGlobalSection
EndGlobal
