
Microsoft Visual Studio Solution File, Format Version 12.00
# Visual Studio Version 17
VisualStudioVersion = 17.3.32929.385
MinimumVisualStudioVersion = 10.0.40219.1
Project("{FAE04EC0-301F-11D3-BF4B-00C04F79EFBC}") = "26_ObrazovySum", "26_ObrazovySum\26_ObrazovySum.csproj", "{5B1AA01C-7F05-4719-82F4-61C4F907BBB1}"
EndProject
Global
	GlobalSection(SolutionConfigurationPlatforms) = preSolution
		Debug|Any CPU = Debug|Any CPU
		Release|Any CPU = Release|Any CPU
	EndGlobalSection
	GlobalSection(ProjectConfigurationPlatforms) = postSolution
		{5B1AA01C-7F05-4719-82F4-61C4F907BBB1}.Debug|Any CPU.ActiveCfg = Debug|Any CPU
		{5B1AA01C-7F05-4719-82F4-61C4F907BBB1}.Debug|Any CPU.Build.0 = Debug|Any CPU
		{5B1AA01C-7F05-4719-82F4-61C4F907BBB1}.Release|Any CPU.ActiveCfg = Release|Any CPU
		{5B1AA01C-7F05-4719-82F4-61C4F907BBB1}.Release|Any CPU.Build.0 = Release|Any CPU
	EndGlobalSection
	GlobalSection(SolutionProperties) = preSolution
		HideSolutionNode = FALSE
	EndGlobalSection
	GlobalSection(ExtensibilityGlobals) = postSolution
		SolutionGuid = {F5D9D77B-B6EF-4D76-8958-1284DA33803A}
	EndGlobalSection
EndGlobal
