
Microsoft Visual Studio Solution File, Format Version 12.00
# Visual Studio Version 16
VisualStudioVersion = 16.0.31613.86
MinimumVisualStudioVersion = 10.0.40219.1
Project("{FAE04EC0-301F-11D3-BF4B-00C04F79EFBC}") = "Agroevidence", "Agroevidence.csproj", "{DBA87956-A278-4507-919D-533DE81FD70E}"
EndProject
Global
	GlobalSection(SolutionConfigurationPlatforms) = preSolution
		Debug|Any CPU = Debug|Any CPU
		Release|Any CPU = Release|Any CPU
	EndGlobalSection
	GlobalSection(ProjectConfigurationPlatforms) = postSolution
		{DBA87956-A278-4507-919D-533DE81FD70E}.Debug|Any CPU.ActiveCfg = Debug|Any CPU
		{DBA87956-A278-4507-919D-533DE81FD70E}.Debug|Any CPU.Build.0 = Debug|Any CPU
		{DBA87956-A278-4507-919D-533DE81FD70E}.Release|Any CPU.ActiveCfg = Release|Any CPU
		{DBA87956-A278-4507-919D-533DE81FD70E}.Release|Any CPU.Build.0 = Release|Any CPU
	EndGlobalSection
	GlobalSection(SolutionProperties) = preSolution
		HideSolutionNode = FALSE
	EndGlobalSection
	GlobalSection(ExtensibilityGlobals) = postSolution
		SolutionGuid = {B18E865F-CB5B-40DE-BC14-9F11F228D82B}
	EndGlobalSection
EndGlobal
