
Microsoft Visual Studio Solution File, Format Version 12.00
# Visual Studio Version 16
VisualStudioVersion = 16.0.31112.23
MinimumVisualStudioVersion = 10.0.40219.1
Project("{FAE04EC0-301F-11D3-BF4B-00C04F79EFBC}") = "Ukolnicek", "Ukolnicek.csproj", "{73C2A3D9-E701-4713-ADFF-8A7F8495812E}"
EndProject
Global
	GlobalSection(SolutionConfigurationPlatforms) = preSolution
		Debug|Any CPU = Debug|Any CPU
		Release|Any CPU = Release|Any CPU
	EndGlobalSection
	GlobalSection(ProjectConfigurationPlatforms) = postSolution
		{73C2A3D9-E701-4713-ADFF-8A7F8495812E}.Debug|Any CPU.ActiveCfg = Debug|Any CPU
		{73C2A3D9-E701-4713-ADFF-8A7F8495812E}.Debug|Any CPU.Build.0 = Debug|Any CPU
		{73C2A3D9-E701-4713-ADFF-8A7F8495812E}.Release|Any CPU.ActiveCfg = Release|Any CPU
		{73C2A3D9-E701-4713-ADFF-8A7F8495812E}.Release|Any CPU.Build.0 = Release|Any CPU
	EndGlobalSection
	GlobalSection(SolutionProperties) = preSolution
		HideSolutionNode = FALSE
	EndGlobalSection
	GlobalSection(ExtensibilityGlobals) = postSolution
		SolutionGuid = {6B941847-036C-4304-90CE-50493702DA5D}
	EndGlobalSection
EndGlobal
