
Microsoft Visual Studio Solution File, Format Version 12.00
# Visual Studio Version 17
VisualStudioVersion = 17.7.34024.191
MinimumVisualStudioVersion = 10.0.40219.1
Project("{FAE04EC0-301F-11D3-BF4B-00C04F79EFBC}") = "13_Metody", "13_Metody\13_Metody.csproj", "{ABE2F332-C977-4DCF-B1C3-3C04ACB9BEBB}"
EndProject
Global
	GlobalSection(SolutionConfigurationPlatforms) = preSolution
		Debug|Any CPU = Debug|Any CPU
		Release|Any CPU = Release|Any CPU
	EndGlobalSection
	GlobalSection(ProjectConfigurationPlatforms) = postSolution
		{ABE2F332-C977-4DCF-B1C3-3C04ACB9BEBB}.Debug|Any CPU.ActiveCfg = Debug|Any CPU
		{ABE2F332-C977-4DCF-B1C3-3C04ACB9BEBB}.Debug|Any CPU.Build.0 = Debug|Any CPU
		{ABE2F332-C977-4DCF-B1C3-3C04ACB9BEBB}.Release|Any CPU.ActiveCfg = Release|Any CPU
		{ABE2F332-C977-4DCF-B1C3-3C04ACB9BEBB}.Release|Any CPU.Build.0 = Release|Any CPU
	EndGlobalSection
	GlobalSection(SolutionProperties) = preSolution
		HideSolutionNode = FALSE
	EndGlobalSection
	GlobalSection(ExtensibilityGlobals) = postSolution
		SolutionGuid = {01C6371F-FE6E-450E-9DFD-A85BDA8E0ACB}
	EndGlobalSection
EndGlobal
