
Microsoft Visual Studio Solution File, Format Version 12.00
# Visual Studio Version 17
VisualStudioVersion = 17.1.32210.238
MinimumVisualStudioVersion = 10.0.40219.1
Project("{FAE04EC0-301F-11D3-BF4B-00C04F79EFBC}") = "06_Sibenice", "06_Sibenice\06_Sibenice.csproj", "{BBFA43FE-8675-41E6-B5AB-0A41E0F4A7F2}"
EndProject
Global
	GlobalSection(SolutionConfigurationPlatforms) = preSolution
		Debug|Any CPU = Debug|Any CPU
		Release|Any CPU = Release|Any CPU
	EndGlobalSection
	GlobalSection(ProjectConfigurationPlatforms) = postSolution
		{BBFA43FE-8675-41E6-B5AB-0A41E0F4A7F2}.Debug|Any CPU.ActiveCfg = Debug|Any CPU
		{BBFA43FE-8675-41E6-B5AB-0A41E0F4A7F2}.Debug|Any CPU.Build.0 = Debug|Any CPU
		{BBFA43FE-8675-41E6-B5AB-0A41E0F4A7F2}.Release|Any CPU.ActiveCfg = Release|Any CPU
		{BBFA43FE-8675-41E6-B5AB-0A41E0F4A7F2}.Release|Any CPU.Build.0 = Release|Any CPU
	EndGlobalSection
	GlobalSection(SolutionProperties) = preSolution
		HideSolutionNode = FALSE
	EndGlobalSection
	GlobalSection(ExtensibilityGlobals) = postSolution
		SolutionGuid = {FE5DC420-CD7C-4C62-9105-3243FC6BB730}
	EndGlobalSection
EndGlobal
