
Microsoft Visual Studio Solution File, Format Version 12.00
# Visual Studio Version 16
VisualStudioVersion = 16.0.31112.23
MinimumVisualStudioVersion = 10.0.40219.1
Project("{FAE04EC0-301F-11D3-BF4B-00C04F79EFBC}") = "OhmuvZakon", "OhmuvZakon.csproj", "{E20C5E42-2484-4CD8-A4A5-90E5C105E156}"
EndProject
Global
	GlobalSection(SolutionConfigurationPlatforms) = preSolution
		Debug|Any CPU = Debug|Any CPU
		Release|Any CPU = Release|Any CPU
	EndGlobalSection
	GlobalSection(ProjectConfigurationPlatforms) = postSolution
		{E20C5E42-2484-4CD8-A4A5-90E5C105E156}.Debug|Any CPU.ActiveCfg = Debug|Any CPU
		{E20C5E42-2484-4CD8-A4A5-90E5C105E156}.Debug|Any CPU.Build.0 = Debug|Any CPU
		{E20C5E42-2484-4CD8-A4A5-90E5C105E156}.Release|Any CPU.ActiveCfg = Release|Any CPU
		{E20C5E42-2484-4CD8-A4A5-90E5C105E156}.Release|Any CPU.Build.0 = Release|Any CPU
	EndGlobalSection
	GlobalSection(SolutionProperties) = preSolution
		HideSolutionNode = FALSE
	EndGlobalSection
	GlobalSection(ExtensibilityGlobals) = postSolution
		SolutionGuid = {7A147275-8C92-442A-84CA-CCAA7A3CABAF}
	EndGlobalSection
EndGlobal
