
Microsoft Visual Studio Solution File, Format Version 12.00
# Visual Studio Version 17
VisualStudioVersion = 17.1.32210.238
MinimumVisualStudioVersion = 10.0.40219.1
Project("{FAE04EC0-301F-11D3-BF4B-00C04F79EFBC}") = "HelloWFA", "HelloWFA\HelloWFA.csproj", "{E6DABBFC-2754-45D6-9576-BD00E5AE8356}"
EndProject
Global
	GlobalSection(SolutionConfigurationPlatforms) = preSolution
		Debug|Any CPU = Debug|Any CPU
		Release|Any CPU = Release|Any CPU
	EndGlobalSection
	GlobalSection(ProjectConfigurationPlatforms) = postSolution
		{E6DABBFC-2754-45D6-9576-BD00E5AE8356}.Debug|Any CPU.ActiveCfg = Debug|Any CPU
		{E6DABBFC-2754-45D6-9576-BD00E5AE8356}.Debug|Any CPU.Build.0 = Debug|Any CPU
		{E6DABBFC-2754-45D6-9576-BD00E5AE8356}.Release|Any CPU.ActiveCfg = Release|Any CPU
		{E6DABBFC-2754-45D6-9576-BD00E5AE8356}.Release|Any CPU.Build.0 = Release|Any CPU
	EndGlobalSection
	GlobalSection(SolutionProperties) = preSolution
		HideSolutionNode = FALSE
	EndGlobalSection
	GlobalSection(ExtensibilityGlobals) = postSolution
		SolutionGuid = {888A751E-D3CE-48FE-B821-6D5F47BCA4C1}
	EndGlobalSection
EndGlobal
