
Microsoft Visual Studio Solution File, Format Version 12.00
# Visual Studio Version 17
VisualStudioVersion = 17.7.34024.191
MinimumVisualStudioVersion = 10.0.40219.1
Project("{FAE04EC0-301F-11D3-BF4B-00C04F79EFBC}") = "SP500", "SP500\SP500.csproj", "{21D9F4BD-C763-4040-A6A2-A906A89412DA}"
EndProject
Project("{FAE04EC0-301F-11D3-BF4B-00C04F79EFBC}") = "SP500Tests", "SP500Tests\SP500Tests.csproj", "{C44048F6-B0B7-45A9-AB3A-E6E5BBF7D90E}"
EndProject
Global
	GlobalSection(SolutionConfigurationPlatforms) = preSolution
		Debug|Any CPU = Debug|Any CPU
		Release|Any CPU = Release|Any CPU
	EndGlobalSection
	GlobalSection(ProjectConfigurationPlatforms) = postSolution
		{21D9F4BD-C763-4040-A6A2-A906A89412DA}.Debug|Any CPU.ActiveCfg = Debug|Any CPU
		{21D9F4BD-C763-4040-A6A2-A906A89412DA}.Debug|Any CPU.Build.0 = Debug|Any CPU
		{21D9F4BD-C763-4040-A6A2-A906A89412DA}.Release|Any CPU.ActiveCfg = Release|Any CPU
		{21D9F4BD-C763-4040-A6A2-A906A89412DA}.Release|Any CPU.Build.0 = Release|Any CPU
		{C44048F6-B0B7-45A9-AB3A-E6E5BBF7D90E}.Debug|Any CPU.ActiveCfg = Debug|Any CPU
		{C44048F6-B0B7-45A9-AB3A-E6E5BBF7D90E}.Debug|Any CPU.Build.0 = Debug|Any CPU
		{C44048F6-B0B7-45A9-AB3A-E6E5BBF7D90E}.Release|Any CPU.ActiveCfg = Release|Any CPU
		{C44048F6-B0B7-45A9-AB3A-E6E5BBF7D90E}.Release|Any CPU.Build.0 = Release|Any CPU
	EndGlobalSection
	GlobalSection(SolutionProperties) = preSolution
		HideSolutionNode = FALSE
	EndGlobalSection
	GlobalSection(ExtensibilityGlobals) = postSolution
		SolutionGuid = {A8284801-4F89-46AF-B69C-6F3CF3AD62B5}
	EndGlobalSection
EndGlobal
