
Microsoft Visual Studio Solution File, Format Version 12.00
# Visual Studio Version 16
VisualStudioVersion = 16.0.31112.23
MinimumVisualStudioVersion = 10.0.40219.1
Project("{FAE04EC0-301F-11D3-BF4B-00C04F79EFBC}") = "NakupniKosik", "NakupniKosik.csproj", "{4CC1C704-D3EA-4B15-BAB5-01F3BCEB0258}"
EndProject
Global
	GlobalSection(SolutionConfigurationPlatforms) = preSolution
		Debug|Any CPU = Debug|Any CPU
		Release|Any CPU = Release|Any CPU
	EndGlobalSection
	GlobalSection(ProjectConfigurationPlatforms) = postSolution
		{4CC1C704-D3EA-4B15-BAB5-01F3BCEB0258}.Debug|Any CPU.ActiveCfg = Debug|Any CPU
		{4CC1C704-D3EA-4B15-BAB5-01F3BCEB0258}.Debug|Any CPU.Build.0 = Debug|Any CPU
		{4CC1C704-D3EA-4B15-BAB5-01F3BCEB0258}.Release|Any CPU.ActiveCfg = Release|Any CPU
		{4CC1C704-D3EA-4B15-BAB5-01F3BCEB0258}.Release|Any CPU.Build.0 = Release|Any CPU
	EndGlobalSection
	GlobalSection(SolutionProperties) = preSolution
		HideSolutionNode = FALSE
	EndGlobalSection
	GlobalSection(ExtensibilityGlobals) = postSolution
		SolutionGuid = {6B1CE3DF-2275-4750-9DC3-6ADF3F745366}
	EndGlobalSection
EndGlobal
