
Microsoft Visual Studio Solution File, Format Version 12.00
# Visual Studio Version 16
VisualStudioVersion = 16.0.31613.86
MinimumVisualStudioVersion = 10.0.40219.1
Project("{FAE04EC0-301F-11D3-BF4B-00C04F79EFBC}") = "Lift", "Lift\Lift.csproj", "{80926DA0-AA45-49E9-B2D9-79CB299A235E}"
EndProject
Global
	GlobalSection(SolutionConfigurationPlatforms) = preSolution
		Debug|Any CPU = Debug|Any CPU
		Release|Any CPU = Release|Any CPU
	EndGlobalSection
	GlobalSection(ProjectConfigurationPlatforms) = postSolution
		{80926DA0-AA45-49E9-B2D9-79CB299A235E}.Debug|Any CPU.ActiveCfg = Debug|Any CPU
		{80926DA0-AA45-49E9-B2D9-79CB299A235E}.Debug|Any CPU.Build.0 = Debug|Any CPU
		{80926DA0-AA45-49E9-B2D9-79CB299A235E}.Release|Any CPU.ActiveCfg = Release|Any CPU
		{80926DA0-AA45-49E9-B2D9-79CB299A235E}.Release|Any CPU.Build.0 = Release|Any CPU
	EndGlobalSection
	GlobalSection(SolutionProperties) = preSolution
		HideSolutionNode = FALSE
	EndGlobalSection
	GlobalSection(ExtensibilityGlobals) = postSolution
		SolutionGuid = {D18753FE-3F9A-48AD-9373-3EB94278C17D}
	EndGlobalSection
EndGlobal
