
Microsoft Visual Studio Solution File, Format Version 12.00
# Visual Studio Version 17
VisualStudioVersion = 17.7.34024.191
MinimumVisualStudioVersion = 10.0.40219.1
Project("{FAE04EC0-301F-11D3-BF4B-00C04F79EFBC}") = "ConsoleApp1", "ConsoleApp1\ConsoleApp1.csproj", "{D8FD9753-4C65-4F54-8A40-6BFB02D95B14}"
EndProject
Global
	GlobalSection(SolutionConfigurationPlatforms) = preSolution
		Debug|Any CPU = Debug|Any CPU
		Release|Any CPU = Release|Any CPU
	EndGlobalSection
	GlobalSection(ProjectConfigurationPlatforms) = postSolution
		{D8FD9753-4C65-4F54-8A40-6BFB02D95B14}.Debug|Any CPU.ActiveCfg = Debug|Any CPU
		{D8FD9753-4C65-4F54-8A40-6BFB02D95B14}.Debug|Any CPU.Build.0 = Debug|Any CPU
		{D8FD9753-4C65-4F54-8A40-6BFB02D95B14}.Release|Any CPU.ActiveCfg = Release|Any CPU
		{D8FD9753-4C65-4F54-8A40-6BFB02D95B14}.Release|Any CPU.Build.0 = Release|Any CPU
	EndGlobalSection
	GlobalSection(SolutionProperties) = preSolution
		HideSolutionNode = FALSE
	EndGlobalSection
	GlobalSection(ExtensibilityGlobals) = postSolution
		SolutionGuid = {D5253A55-4088-4363-8C8D-37C59D642C2E}
	EndGlobalSection
EndGlobal
