
Microsoft Visual Studio Solution File, Format Version 12.00
# Visual Studio Version 17
VisualStudioVersion = 17.7.34018.315
MinimumVisualStudioVersion = 10.0.40219.1
Project("{FAE04EC0-301F-11D3-BF4B-00C04F79EFBC}") = "11_UnitTesting", "11_UnitTesting\11_UnitTesting.csproj", "{B00F3BD7-96C5-4804-A8E1-785EDFE26084}"
EndProject
Project("{FAE04EC0-301F-11D3-BF4B-00C04F79EFBC}") = "11_UnitTestingTests", "11_UnitTestingTests\11_UnitTestingTests.csproj", "{48999549-58F1-4C74-AD47-8457511AEEA9}"
EndProject
Global
	GlobalSection(SolutionConfigurationPlatforms) = preSolution
		Debug|Any CPU = Debug|Any CPU
		Release|Any CPU = Release|Any CPU
	EndGlobalSection
	GlobalSection(ProjectConfigurationPlatforms) = postSolution
		{B00F3BD7-96C5-4804-A8E1-785EDFE26084}.Debug|Any CPU.ActiveCfg = Debug|Any CPU
		{B00F3BD7-96C5-4804-A8E1-785EDFE26084}.Debug|Any CPU.Build.0 = Debug|Any CPU
		{B00F3BD7-96C5-4804-A8E1-785EDFE26084}.Release|Any CPU.ActiveCfg = Release|Any CPU
		{B00F3BD7-96C5-4804-A8E1-785EDFE26084}.Release|Any CPU.Build.0 = Release|Any CPU
		{48999549-58F1-4C74-AD47-8457511AEEA9}.Debug|Any CPU.ActiveCfg = Debug|Any CPU
		{48999549-58F1-4C74-AD47-8457511AEEA9}.Debug|Any CPU.Build.0 = Debug|Any CPU
		{48999549-58F1-4C74-AD47-8457511AEEA9}.Release|Any CPU.ActiveCfg = Release|Any CPU
		{48999549-58F1-4C74-AD47-8457511AEEA9}.Release|Any CPU.Build.0 = Release|Any CPU
	EndGlobalSection
	GlobalSection(SolutionProperties) = preSolution
		HideSolutionNode = FALSE
	EndGlobalSection
	GlobalSection(ExtensibilityGlobals) = postSolution
		SolutionGuid = {B0651F26-25FF-4EB0-A357-57529562C032}
	EndGlobalSection
EndGlobal
