
Microsoft Visual Studio Solution File, Format Version 12.00
# Visual Studio Version 17
VisualStudioVersion = 17.3.32929.385
MinimumVisualStudioVersion = 10.0.40219.1
Project("{FAE04EC0-301F-11D3-BF4B-00C04F79EFBC}") = "24_KumulativniGraf", "24_KumulativniGraf\24_KumulativniGraf.csproj", "{931925DA-9703-408C-8650-CF2C4437C5AB}"
EndProject
Global
	GlobalSection(SolutionConfigurationPlatforms) = preSolution
		Debug|Any CPU = Debug|Any CPU
		Release|Any CPU = Release|Any CPU
	EndGlobalSection
	GlobalSection(ProjectConfigurationPlatforms) = postSolution
		{931925DA-9703-408C-8650-CF2C4437C5AB}.Debug|Any CPU.ActiveCfg = Debug|Any CPU
		{931925DA-9703-408C-8650-CF2C4437C5AB}.Debug|Any CPU.Build.0 = Debug|Any CPU
		{931925DA-9703-408C-8650-CF2C4437C5AB}.Release|Any CPU.ActiveCfg = Release|Any CPU
		{931925DA-9703-408C-8650-CF2C4437C5AB}.Release|Any CPU.Build.0 = Release|Any CPU
	EndGlobalSection
	GlobalSection(SolutionProperties) = preSolution
		HideSolutionNode = FALSE
	EndGlobalSection
	GlobalSection(ExtensibilityGlobals) = postSolution
		SolutionGuid = {025061B9-DED2-48FC-9A7C-16F2BB5806DD}
	EndGlobalSection
EndGlobal
