
Microsoft Visual Studio Solution File, Format Version 12.00
# Visual Studio Version 16
VisualStudioVersion = 16.0.31112.23
MinimumVisualStudioVersion = 10.0.40219.1
Project("{FAE04EC0-301F-11D3-BF4B-00C04F79EFBC}") = "BarvyFormulare", "BarvyFormulare.csproj", "{3BBEC9A3-7931-4031-B9BD-3621CD5AB8E3}"
EndProject
Global
	GlobalSection(SolutionConfigurationPlatforms) = preSolution
		Debug|Any CPU = Debug|Any CPU
		Release|Any CPU = Release|Any CPU
	EndGlobalSection
	GlobalSection(ProjectConfigurationPlatforms) = postSolution
		{3BBEC9A3-7931-4031-B9BD-3621CD5AB8E3}.Debug|Any CPU.ActiveCfg = Debug|Any CPU
		{3BBEC9A3-7931-4031-B9BD-3621CD5AB8E3}.Debug|Any CPU.Build.0 = Debug|Any CPU
		{3BBEC9A3-7931-4031-B9BD-3621CD5AB8E3}.Release|Any CPU.ActiveCfg = Release|Any CPU
		{3BBEC9A3-7931-4031-B9BD-3621CD5AB8E3}.Release|Any CPU.Build.0 = Release|Any CPU
	EndGlobalSection
	GlobalSection(SolutionProperties) = preSolution
		HideSolutionNode = FALSE
	EndGlobalSection
	GlobalSection(ExtensibilityGlobals) = postSolution
		SolutionGuid = {57B193E8-3716-4F25-BDF2-9693E52B3AFF}
	EndGlobalSection
EndGlobal
