
Microsoft Visual Studio Solution File, Format Version 12.00
# Visual Studio Version 16
VisualStudioVersion = 16.0.31613.86
MinimumVisualStudioVersion = 10.0.40219.1
Project("{FAE04EC0-301F-11D3-BF4B-00C04F79EFBC}") = "Arrays", "Arrays\Arrays.csproj", "{17EE446A-F91D-4BD7-AFBA-F00BF8C30F51}"
EndProject
Global
	GlobalSection(SolutionConfigurationPlatforms) = preSolution
		Debug|Any CPU = Debug|Any CPU
		Release|Any CPU = Release|Any CPU
	EndGlobalSection
	GlobalSection(ProjectConfigurationPlatforms) = postSolution
		{17EE446A-F91D-4BD7-AFBA-F00BF8C30F51}.Debug|Any CPU.ActiveCfg = Debug|Any CPU
		{17EE446A-F91D-4BD7-AFBA-F00BF8C30F51}.Debug|Any CPU.Build.0 = Debug|Any CPU
		{17EE446A-F91D-4BD7-AFBA-F00BF8C30F51}.Release|Any CPU.ActiveCfg = Release|Any CPU
		{17EE446A-F91D-4BD7-AFBA-F00BF8C30F51}.Release|Any CPU.Build.0 = Release|Any CPU
	EndGlobalSection
	GlobalSection(SolutionProperties) = preSolution
		HideSolutionNode = FALSE
	EndGlobalSection
	GlobalSection(ExtensibilityGlobals) = postSolution
		SolutionGuid = {2B317946-6432-4CB3-B3A8-D12B9C31EB28}
	EndGlobalSection
EndGlobal
