
Microsoft Visual Studio Solution File, Format Version 12.00
# Visual Studio Version 16
VisualStudioVersion = 16.0.31112.23
MinimumVisualStudioVersion = 10.0.40219.1
Project("{FAE04EC0-301F-11D3-BF4B-00C04F79EFBC}") = "BarvyFormuláře", "BarvyFormuláře.csproj", "{33A44772-68DE-46AE-A403-451DB8259237}"
EndProject
Global
	GlobalSection(SolutionConfigurationPlatforms) = preSolution
		Debug|Any CPU = Debug|Any CPU
		Release|Any CPU = Release|Any CPU
	EndGlobalSection
	GlobalSection(ProjectConfigurationPlatforms) = postSolution
		{33A44772-68DE-46AE-A403-451DB8259237}.Debug|Any CPU.ActiveCfg = Debug|Any CPU
		{33A44772-68DE-46AE-A403-451DB8259237}.Debug|Any CPU.Build.0 = Debug|Any CPU
		{33A44772-68DE-46AE-A403-451DB8259237}.Release|Any CPU.ActiveCfg = Release|Any CPU
		{33A44772-68DE-46AE-A403-451DB8259237}.Release|Any CPU.Build.0 = Release|Any CPU
	EndGlobalSection
	GlobalSection(SolutionProperties) = preSolution
		HideSolutionNode = FALSE
	EndGlobalSection
	GlobalSection(ExtensibilityGlobals) = postSolution
		SolutionGuid = {B8D94781-9B0B-4DF7-9113-067CBCDA94CE}
	EndGlobalSection
EndGlobal
