
Microsoft Visual Studio Solution File, Format Version 12.00
# Visual Studio Version 17
VisualStudioVersion = 17.13.35828.75 d17.13
MinimumVisualStudioVersion = 10.0.40219.1
Project("{FAE04EC0-301F-11D3-BF4B-00C04F79EFBC}") = "11_Teraformace", "11_Teraformace\11_Teraformace.csproj", "{B94FC4B4-7D98-42D8-986C-B741B125698F}"
EndProject
Global
	GlobalSection(SolutionConfigurationPlatforms) = preSolution
		Debug|Any CPU = Debug|Any CPU
		Release|Any CPU = Release|Any CPU
	EndGlobalSection
	GlobalSection(ProjectConfigurationPlatforms) = postSolution
		{B94FC4B4-7D98-42D8-986C-B741B125698F}.Debug|Any CPU.ActiveCfg = Debug|Any CPU
		{B94FC4B4-7D98-42D8-986C-B741B125698F}.Debug|Any CPU.Build.0 = Debug|Any CPU
		{B94FC4B4-7D98-42D8-986C-B741B125698F}.Release|Any CPU.ActiveCfg = Release|Any CPU
		{B94FC4B4-7D98-42D8-986C-B741B125698F}.Release|Any CPU.Build.0 = Release|Any CPU
	EndGlobalSection
	GlobalSection(SolutionProperties) = preSolution
		HideSolutionNode = FALSE
	EndGlobalSection
	GlobalSection(ExtensibilityGlobals) = postSolution
		SolutionGuid = {7D890363-EA53-40D1-9089-848E3CA247C1}
	EndGlobalSection
EndGlobal
