
Microsoft Visual Studio Solution File, Format Version 12.00
# Visual Studio 15
VisualStudioVersion = 15.0.28010.2048
MinimumVisualStudioVersion = 10.0.40219.1
Project("{FAE04EC0-301F-11D3-BF4B-00C04F79EFBC}") = "AnalyzeNumber", "AnalyzeNumber\AnalyzeNumber.csproj", "{1787AB4D-6B34-4F81-BE85-9D9A1A826E7F}"
EndProject
Global
	GlobalSection(SolutionConfigurationPlatforms) = preSolution
		Debug|Any CPU = Debug|Any CPU
		Release|Any CPU = Release|Any CPU
	EndGlobalSection
	GlobalSection(ProjectConfigurationPlatforms) = postSolution
		{1787AB4D-6B34-4F81-BE85-9D9A1A826E7F}.Debug|Any CPU.ActiveCfg = Debug|Any CPU
		{1787AB4D-6B34-4F81-BE85-9D9A1A826E7F}.Debug|Any CPU.Build.0 = Debug|Any CPU
		{1787AB4D-6B34-4F81-BE85-9D9A1A826E7F}.Release|Any CPU.ActiveCfg = Release|Any CPU
		{1787AB4D-6B34-4F81-BE85-9D9A1A826E7F}.Release|Any CPU.Build.0 = Release|Any CPU
	EndGlobalSection
	GlobalSection(SolutionProperties) = preSolution
		HideSolutionNode = FALSE
	EndGlobalSection
	GlobalSection(ExtensibilityGlobals) = postSolution
		SolutionGuid = {76D04FBE-750B-47A2-8BBD-1C8CCE02DE8F}
	EndGlobalSection
EndGlobal
