
Microsoft Visual Studio Solution File, Format Version 12.00
# Visual Studio Version 16
VisualStudioVersion = 16.0.31613.86
MinimumVisualStudioVersion = 10.0.40219.1
Project("{FAE04EC0-301F-11D3-BF4B-00C04F79EFBC}") = "BMI", "BMI\BMI.csproj", "{6906D23B-DE69-4BB4-A5B4-19D9F886BF50}"
EndProject
Global
	GlobalSection(SolutionConfigurationPlatforms) = preSolution
		Debug|Any CPU = Debug|Any CPU
		Release|Any CPU = Release|Any CPU
	EndGlobalSection
	GlobalSection(ProjectConfigurationPlatforms) = postSolution
		{6906D23B-DE69-4BB4-A5B4-19D9F886BF50}.Debug|Any CPU.ActiveCfg = Debug|Any CPU
		{6906D23B-DE69-4BB4-A5B4-19D9F886BF50}.Debug|Any CPU.Build.0 = Debug|Any CPU
		{6906D23B-DE69-4BB4-A5B4-19D9F886BF50}.Release|Any CPU.ActiveCfg = Release|Any CPU
		{6906D23B-DE69-4BB4-A5B4-19D9F886BF50}.Release|Any CPU.Build.0 = Release|Any CPU
	EndGlobalSection
	GlobalSection(SolutionProperties) = preSolution
		HideSolutionNode = FALSE
	EndGlobalSection
	GlobalSection(ExtensibilityGlobals) = postSolution
		SolutionGuid = {C3ECE0B4-372D-4F60-89DF-B27D2D5E6E83}
	EndGlobalSection
EndGlobal
