
Microsoft Visual Studio Solution File, Format Version 12.00
# Visual Studio Version 17
VisualStudioVersion = 17.13.35828.75 d17.13
MinimumVisualStudioVersion = 10.0.40219.1
Project("{FAE04EC0-301F-11D3-BF4B-00C04F79EFBC}") = "20_Opakovani", "20_Opakovani\20_Opakovani.csproj", "{787DD8EA-B492-4787-AC30-BC1DDE3418E4}"
EndProject
Global
	GlobalSection(SolutionConfigurationPlatforms) = preSolution
		Debug|Any CPU = Debug|Any CPU
		Release|Any CPU = Release|Any CPU
	EndGlobalSection
	GlobalSection(ProjectConfigurationPlatforms) = postSolution
		{787DD8EA-B492-4787-AC30-BC1DDE3418E4}.Debug|Any CPU.ActiveCfg = Debug|Any CPU
		{787DD8EA-B492-4787-AC30-BC1DDE3418E4}.Debug|Any CPU.Build.0 = Debug|Any CPU
		{787DD8EA-B492-4787-AC30-BC1DDE3418E4}.Release|Any CPU.ActiveCfg = Release|Any CPU
		{787DD8EA-B492-4787-AC30-BC1DDE3418E4}.Release|Any CPU.Build.0 = Release|Any CPU
	EndGlobalSection
	GlobalSection(SolutionProperties) = preSolution
		HideSolutionNode = FALSE
	EndGlobalSection
	GlobalSection(ExtensibilityGlobals) = postSolution
		SolutionGuid = {FCB15FF5-61CB-44E6-AEB7-68E8EE021625}
	EndGlobalSection
EndGlobal
