
Microsoft Visual Studio Solution File, Format Version 12.00
# Visual Studio Version 16
VisualStudioVersion = 16.0.31613.86
MinimumVisualStudioVersion = 10.0.40219.1
Project("{FAE04EC0-301F-11D3-BF4B-00C04F79EFBC}") = "Structs", "Structs\Structs.csproj", "{13C8E40E-7096-4183-9BEF-467D9A57070C}"
EndProject
Global
	GlobalSection(SolutionConfigurationPlatforms) = preSolution
		Debug|Any CPU = Debug|Any CPU
		Release|Any CPU = Release|Any CPU
	EndGlobalSection
	GlobalSection(ProjectConfigurationPlatforms) = postSolution
		{13C8E40E-7096-4183-9BEF-467D9A57070C}.Debug|Any CPU.ActiveCfg = Debug|Any CPU
		{13C8E40E-7096-4183-9BEF-467D9A57070C}.Debug|Any CPU.Build.0 = Debug|Any CPU
		{13C8E40E-7096-4183-9BEF-467D9A57070C}.Release|Any CPU.ActiveCfg = Release|Any CPU
		{13C8E40E-7096-4183-9BEF-467D9A57070C}.Release|Any CPU.Build.0 = Release|Any CPU
	EndGlobalSection
	GlobalSection(SolutionProperties) = preSolution
		HideSolutionNode = FALSE
	EndGlobalSection
	GlobalSection(ExtensibilityGlobals) = postSolution
		SolutionGuid = {5257548D-867D-40B7-9996-55EB560FD8EE}
	EndGlobalSection
EndGlobal
