
Microsoft Visual Studio Solution File, Format Version 12.00
# Visual Studio Version 16
VisualStudioVersion = 16.0.31702.278
MinimumVisualStudioVersion = 10.0.40219.1
Project("{FAE04EC0-301F-11D3-BF4B-00C04F79EFBC}") = "02_GenerovanePole", "02_GenerovanePole\02_GenerovanePole.csproj", "{0AB16210-8034-4A25-AB42-6C9586A5783A}"
EndProject
Global
	GlobalSection(SolutionConfigurationPlatforms) = preSolution
		Debug|Any CPU = Debug|Any CPU
		Release|Any CPU = Release|Any CPU
	EndGlobalSection
	GlobalSection(ProjectConfigurationPlatforms) = postSolution
		{0AB16210-8034-4A25-AB42-6C9586A5783A}.Debug|Any CPU.ActiveCfg = Debug|Any CPU
		{0AB16210-8034-4A25-AB42-6C9586A5783A}.Debug|Any CPU.Build.0 = Debug|Any CPU
		{0AB16210-8034-4A25-AB42-6C9586A5783A}.Release|Any CPU.ActiveCfg = Release|Any CPU
		{0AB16210-8034-4A25-AB42-6C9586A5783A}.Release|Any CPU.Build.0 = Release|Any CPU
	EndGlobalSection
	GlobalSection(SolutionProperties) = preSolution
		HideSolutionNode = FALSE
	EndGlobalSection
	GlobalSection(ExtensibilityGlobals) = postSolution
		SolutionGuid = {77F80B5A-9467-404B-857C-F93A7F11419B}
	EndGlobalSection
EndGlobal
