
Microsoft Visual Studio Solution File, Format Version 12.00
# Visual Studio Version 17
VisualStudioVersion = 17.7.34024.191
MinimumVisualStudioVersion = 10.0.40219.1
Project("{FAE04EC0-301F-11D3-BF4B-00C04F79EFBC}") = "16_Trezor", "16_Trezor\16_Trezor.csproj", "{01712CED-21A0-48CB-8D70-E2F4B20B2314}"
EndProject
Global
	GlobalSection(SolutionConfigurationPlatforms) = preSolution
		Debug|Any CPU = Debug|Any CPU
		Release|Any CPU = Release|Any CPU
	EndGlobalSection
	GlobalSection(ProjectConfigurationPlatforms) = postSolution
		{01712CED-21A0-48CB-8D70-E2F4B20B2314}.Debug|Any CPU.ActiveCfg = Debug|Any CPU
		{01712CED-21A0-48CB-8D70-E2F4B20B2314}.Debug|Any CPU.Build.0 = Debug|Any CPU
		{01712CED-21A0-48CB-8D70-E2F4B20B2314}.Release|Any CPU.ActiveCfg = Release|Any CPU
		{01712CED-21A0-48CB-8D70-E2F4B20B2314}.Release|Any CPU.Build.0 = Release|Any CPU
	EndGlobalSection
	GlobalSection(SolutionProperties) = preSolution
		HideSolutionNode = FALSE
	EndGlobalSection
	GlobalSection(ExtensibilityGlobals) = postSolution
		SolutionGuid = {9CB82110-1AF5-4DD4-83EC-F69071CCDE45}
	EndGlobalSection
EndGlobal
