
Microsoft Visual Studio Solution File, Format Version 12.00
# Visual Studio Version 16
VisualStudioVersion = 16.0.31702.278
MinimumVisualStudioVersion = 10.0.40219.1
Project("{FAE04EC0-301F-11D3-BF4B-00C04F79EFBC}") = "04_Obrazce", "04_Obrazce\04_Obrazce.csproj", "{8D2D46A0-4822-4D93-BE61-24CD17D7F065}"
EndProject
Global
	GlobalSection(SolutionConfigurationPlatforms) = preSolution
		Debug|Any CPU = Debug|Any CPU
		Release|Any CPU = Release|Any CPU
	EndGlobalSection
	GlobalSection(ProjectConfigurationPlatforms) = postSolution
		{8D2D46A0-4822-4D93-BE61-24CD17D7F065}.Debug|Any CPU.ActiveCfg = Debug|Any CPU
		{8D2D46A0-4822-4D93-BE61-24CD17D7F065}.Debug|Any CPU.Build.0 = Debug|Any CPU
		{8D2D46A0-4822-4D93-BE61-24CD17D7F065}.Release|Any CPU.ActiveCfg = Release|Any CPU
		{8D2D46A0-4822-4D93-BE61-24CD17D7F065}.Release|Any CPU.Build.0 = Release|Any CPU
	EndGlobalSection
	GlobalSection(SolutionProperties) = preSolution
		HideSolutionNode = FALSE
	EndGlobalSection
	GlobalSection(ExtensibilityGlobals) = postSolution
		SolutionGuid = {1EE5E392-B3CF-4EDB-8226-B69D64424311}
	EndGlobalSection
EndGlobal
