
Microsoft Visual Studio Solution File, Format Version 12.00
# Visual Studio Version 17
VisualStudioVersion = 17.7.34024.191
MinimumVisualStudioVersion = 10.0.40219.1
Project("{FAE04EC0-301F-11D3-BF4B-00C04F79EFBC}") = "09_Tyden", "09_Tyden\09_Tyden.csproj", "{08D24B84-4A6B-4D2B-A9F6-40983671F91D}"
EndProject
Global
	GlobalSection(SolutionConfigurationPlatforms) = preSolution
		Debug|Any CPU = Debug|Any CPU
		Release|Any CPU = Release|Any CPU
	EndGlobalSection
	GlobalSection(ProjectConfigurationPlatforms) = postSolution
		{08D24B84-4A6B-4D2B-A9F6-40983671F91D}.Debug|Any CPU.ActiveCfg = Debug|Any CPU
		{08D24B84-4A6B-4D2B-A9F6-40983671F91D}.Debug|Any CPU.Build.0 = Debug|Any CPU
		{08D24B84-4A6B-4D2B-A9F6-40983671F91D}.Release|Any CPU.ActiveCfg = Release|Any CPU
		{08D24B84-4A6B-4D2B-A9F6-40983671F91D}.Release|Any CPU.Build.0 = Release|Any CPU
	EndGlobalSection
	GlobalSection(SolutionProperties) = preSolution
		HideSolutionNode = FALSE
	EndGlobalSection
	GlobalSection(ExtensibilityGlobals) = postSolution
		SolutionGuid = {C19FF293-24A0-415E-8B27-38D65D70A1F2}
	EndGlobalSection
EndGlobal
