
Microsoft Visual Studio Solution File, Format Version 12.00
# Visual Studio Version 17
VisualStudioVersion = 17.1.32210.238
MinimumVisualStudioVersion = 10.0.40219.1
Project("{FAE04EC0-301F-11D3-BF4B-00C04F79EFBC}") = "01_GenerovanePole", "01_GenerovanePole\01_GenerovanePole.csproj", "{DD37780A-F4EE-434D-B94B-23940810F44B}"
EndProject
Global
	GlobalSection(SolutionConfigurationPlatforms) = preSolution
		Debug|Any CPU = Debug|Any CPU
		Release|Any CPU = Release|Any CPU
	EndGlobalSection
	GlobalSection(ProjectConfigurationPlatforms) = postSolution
		{DD37780A-F4EE-434D-B94B-23940810F44B}.Debug|Any CPU.ActiveCfg = Debug|Any CPU
		{DD37780A-F4EE-434D-B94B-23940810F44B}.Debug|Any CPU.Build.0 = Debug|Any CPU
		{DD37780A-F4EE-434D-B94B-23940810F44B}.Release|Any CPU.ActiveCfg = Release|Any CPU
		{DD37780A-F4EE-434D-B94B-23940810F44B}.Release|Any CPU.Build.0 = Release|Any CPU
	EndGlobalSection
	GlobalSection(SolutionProperties) = preSolution
		HideSolutionNode = FALSE
	EndGlobalSection
	GlobalSection(ExtensibilityGlobals) = postSolution
		SolutionGuid = {46A7BE6B-28A8-4FED-ABBF-458B15C07149}
	EndGlobalSection
EndGlobal
