
Microsoft Visual Studio Solution File, Format Version 12.00
# Visual Studio 15
VisualStudioVersion = 15.0.28307.106
MinimumVisualStudioVersion = 10.0.40219.1
Project("{FAE04EC0-301F-11D3-BF4B-00C04F79EFBC}") = "SimpleCalcApp", "SimpleCalcApp\SimpleCalcApp.csproj", "{1A6D545E-70F1-40E9-AFAD-3812E63D7066}"
EndProject
Global
	GlobalSection(SolutionConfigurationPlatforms) = preSolution
		Debug|Any CPU = Debug|Any CPU
		Release|Any CPU = Release|Any CPU
	EndGlobalSection
	GlobalSection(ProjectConfigurationPlatforms) = postSolution
		{1A6D545E-70F1-40E9-AFAD-3812E63D7066}.Debug|Any CPU.ActiveCfg = Debug|Any CPU
		{1A6D545E-70F1-40E9-AFAD-3812E63D7066}.Debug|Any CPU.Build.0 = Debug|Any CPU
		{1A6D545E-70F1-40E9-AFAD-3812E63D7066}.Release|Any CPU.ActiveCfg = Release|Any CPU
		{1A6D545E-70F1-40E9-AFAD-3812E63D7066}.Release|Any CPU.Build.0 = Release|Any CPU
	EndGlobalSection
	GlobalSection(SolutionProperties) = preSolution
		HideSolutionNode = FALSE
	EndGlobalSection
	GlobalSection(ExtensibilityGlobals) = postSolution
		SolutionGuid = {7C2B6F6F-2273-4E35-9F09-5C0B56AE4B8E}
	EndGlobalSection
EndGlobal
