
Microsoft Visual Studio Solution File, Format Version 12.00
# Visual Studio Version 17
VisualStudioVersion = 17.7.34024.191
MinimumVisualStudioVersion = 10.0.40219.1
Project("{FAE04EC0-301F-11D3-BF4B-00C04F79EFBC}") = "BST_impl", "BST_impl\BST_impl.csproj", "{9290A95D-7901-408C-9802-AC3DFE743FBB}"
EndProject
Global
	GlobalSection(SolutionConfigurationPlatforms) = preSolution
		Debug|Any CPU = Debug|Any CPU
		Release|Any CPU = Release|Any CPU
	EndGlobalSection
	GlobalSection(ProjectConfigurationPlatforms) = postSolution
		{9290A95D-7901-408C-9802-AC3DFE743FBB}.Debug|Any CPU.ActiveCfg = Debug|Any CPU
		{9290A95D-7901-408C-9802-AC3DFE743FBB}.Debug|Any CPU.Build.0 = Debug|Any CPU
		{9290A95D-7901-408C-9802-AC3DFE743FBB}.Release|Any CPU.ActiveCfg = Release|Any CPU
		{9290A95D-7901-408C-9802-AC3DFE743FBB}.Release|Any CPU.Build.0 = Release|Any CPU
	EndGlobalSection
	GlobalSection(SolutionProperties) = preSolution
		HideSolutionNode = FALSE
	EndGlobalSection
	GlobalSection(ExtensibilityGlobals) = postSolution
		SolutionGuid = {D72AC2A7-6884-4432-AC5F-A93C028ECD5A}
	EndGlobalSection
EndGlobal
