
Microsoft Visual Studio Solution File, Format Version 12.00
# Visual Studio Version 17
VisualStudioVersion = 17.3.32929.385
MinimumVisualStudioVersion = 10.0.40219.1
Project("{FAE04EC0-301F-11D3-BF4B-00C04F79EFBC}") = "02_Statisticka_analyza", "02_Statisticka_analyza\02_Statisticka_analyza.csproj", "{4F62977F-352F-4A10-B06D-3B6B0C08BCF5}"
EndProject
Global
	GlobalSection(SolutionConfigurationPlatforms) = preSolution
		Debug|Any CPU = Debug|Any CPU
		Release|Any CPU = Release|Any CPU
	EndGlobalSection
	GlobalSection(ProjectConfigurationPlatforms) = postSolution
		{4F62977F-352F-4A10-B06D-3B6B0C08BCF5}.Debug|Any CPU.ActiveCfg = Debug|Any CPU
		{4F62977F-352F-4A10-B06D-3B6B0C08BCF5}.Debug|Any CPU.Build.0 = Debug|Any CPU
		{4F62977F-352F-4A10-B06D-3B6B0C08BCF5}.Release|Any CPU.ActiveCfg = Release|Any CPU
		{4F62977F-352F-4A10-B06D-3B6B0C08BCF5}.Release|Any CPU.Build.0 = Release|Any CPU
	EndGlobalSection
	GlobalSection(SolutionProperties) = preSolution
		HideSolutionNode = FALSE
	EndGlobalSection
	GlobalSection(ExtensibilityGlobals) = postSolution
		SolutionGuid = {D9F68CFC-F8F7-4AF8-AF76-E629A22A4452}
	EndGlobalSection
EndGlobal
