
Microsoft Visual Studio Solution File, Format Version 12.00
# Visual Studio Version 16
VisualStudioVersion = 16.0.31005.135
MinimumVisualStudioVersion = 10.0.40219.1
Project("{FAE04EC0-301F-11D3-BF4B-00C04F79EFBC}") = "PerfectNumber", "PerfectNumber.csproj", "{33C5FB84-84A5-423F-A328-8B2F2CB78DEB}"
EndProject
Global
	GlobalSection(SolutionConfigurationPlatforms) = preSolution
		Debug|Any CPU = Debug|Any CPU
		Release|Any CPU = Release|Any CPU
	EndGlobalSection
	GlobalSection(ProjectConfigurationPlatforms) = postSolution
		{33C5FB84-84A5-423F-A328-8B2F2CB78DEB}.Debug|Any CPU.ActiveCfg = Debug|Any CPU
		{33C5FB84-84A5-423F-A328-8B2F2CB78DEB}.Debug|Any CPU.Build.0 = Debug|Any CPU
		{33C5FB84-84A5-423F-A328-8B2F2CB78DEB}.Release|Any CPU.ActiveCfg = Release|Any CPU
		{33C5FB84-84A5-423F-A328-8B2F2CB78DEB}.Release|Any CPU.Build.0 = Release|Any CPU
	EndGlobalSection
	GlobalSection(SolutionProperties) = preSolution
		HideSolutionNode = FALSE
	EndGlobalSection
	GlobalSection(ExtensibilityGlobals) = postSolution
		SolutionGuid = {5846CE0A-0BE0-4E01-9FA9-9366538BDCC3}
	EndGlobalSection
EndGlobal
