
Microsoft Visual Studio Solution File, Format Version 12.00
# Visual Studio Version 17
VisualStudioVersion = 17.3.32929.385
MinimumVisualStudioVersion = 10.0.40219.1
Project("{FAE04EC0-301F-11D3-BF4B-00C04F79EFBC}") = "06_VolebniGraf", "06_VolebniGraf\06_VolebniGraf.csproj", "{2586A63D-A1C4-47A8-9AEA-62FAF95E40DF}"
EndProject
Global
	GlobalSection(SolutionConfigurationPlatforms) = preSolution
		Debug|Any CPU = Debug|Any CPU
		Release|Any CPU = Release|Any CPU
	EndGlobalSection
	GlobalSection(ProjectConfigurationPlatforms) = postSolution
		{2586A63D-A1C4-47A8-9AEA-62FAF95E40DF}.Debug|Any CPU.ActiveCfg = Debug|Any CPU
		{2586A63D-A1C4-47A8-9AEA-62FAF95E40DF}.Debug|Any CPU.Build.0 = Debug|Any CPU
		{2586A63D-A1C4-47A8-9AEA-62FAF95E40DF}.Release|Any CPU.ActiveCfg = Release|Any CPU
		{2586A63D-A1C4-47A8-9AEA-62FAF95E40DF}.Release|Any CPU.Build.0 = Release|Any CPU
	EndGlobalSection
	GlobalSection(SolutionProperties) = preSolution
		HideSolutionNode = FALSE
	EndGlobalSection
	GlobalSection(ExtensibilityGlobals) = postSolution
		SolutionGuid = {045457F5-F96D-4866-A87A-D2FC9D62C118}
	EndGlobalSection
EndGlobal
