
Microsoft Visual Studio Solution File, Format Version 12.00
# Visual Studio Version 17
VisualStudioVersion = 17.1.32210.238
MinimumVisualStudioVersion = 10.0.40219.1
Project("{FAE04EC0-301F-11D3-BF4B-00C04F79EFBC}") = "Resistors", "Resistors\Resistors.csproj", "{ED19567B-1E0E-43EC-A5DB-994F85CE7FF6}"
EndProject
Global
	GlobalSection(SolutionConfigurationPlatforms) = preSolution
		Debug|Any CPU = Debug|Any CPU
		Release|Any CPU = Release|Any CPU
	EndGlobalSection
	GlobalSection(ProjectConfigurationPlatforms) = postSolution
		{ED19567B-1E0E-43EC-A5DB-994F85CE7FF6}.Debug|Any CPU.ActiveCfg = Debug|Any CPU
		{ED19567B-1E0E-43EC-A5DB-994F85CE7FF6}.Debug|Any CPU.Build.0 = Debug|Any CPU
		{ED19567B-1E0E-43EC-A5DB-994F85CE7FF6}.Release|Any CPU.ActiveCfg = Release|Any CPU
		{ED19567B-1E0E-43EC-A5DB-994F85CE7FF6}.Release|Any CPU.Build.0 = Release|Any CPU
	EndGlobalSection
	GlobalSection(SolutionProperties) = preSolution
		HideSolutionNode = FALSE
	EndGlobalSection
	GlobalSection(ExtensibilityGlobals) = postSolution
		SolutionGuid = {70C5734E-6133-4967-85FE-2B15551BAB0F}
	EndGlobalSection
EndGlobal
