
Microsoft Visual Studio Solution File, Format Version 12.00
# Visual Studio Version 17
VisualStudioVersion = 17.3.32929.385
MinimumVisualStudioVersion = 10.0.40219.1
Project("{FAE04EC0-301F-11D3-BF4B-00C04F79EFBC}") = "08_Sporeni", "08_Sporeni\08_Sporeni.csproj", "{86EB58EE-E876-46AB-8488-DF5DA380AF9A}"
EndProject
Global
	GlobalSection(SolutionConfigurationPlatforms) = preSolution
		Debug|Any CPU = Debug|Any CPU
		Release|Any CPU = Release|Any CPU
	EndGlobalSection
	GlobalSection(ProjectConfigurationPlatforms) = postSolution
		{86EB58EE-E876-46AB-8488-DF5DA380AF9A}.Debug|Any CPU.ActiveCfg = Debug|Any CPU
		{86EB58EE-E876-46AB-8488-DF5DA380AF9A}.Debug|Any CPU.Build.0 = Debug|Any CPU
		{86EB58EE-E876-46AB-8488-DF5DA380AF9A}.Release|Any CPU.ActiveCfg = Release|Any CPU
		{86EB58EE-E876-46AB-8488-DF5DA380AF9A}.Release|Any CPU.Build.0 = Release|Any CPU
	EndGlobalSection
	GlobalSection(SolutionProperties) = preSolution
		HideSolutionNode = FALSE
	EndGlobalSection
	GlobalSection(ExtensibilityGlobals) = postSolution
		SolutionGuid = {D8BA47BF-9B3F-4B98-BC38-8C139C881FFB}
	EndGlobalSection
EndGlobal
