
Microsoft Visual Studio Solution File, Format Version 12.00
# Visual Studio Version 17
VisualStudioVersion = 17.9.34622.214
MinimumVisualStudioVersion = 10.0.40219.1
Project("{FAE04EC0-301F-11D3-BF4B-00C04F79EFBC}") = "24_KumulativniGraf", "24_KumulativniGraf\24_KumulativniGraf.csproj", "{A81EEED2-DD8D-4C1A-A86E-B14B20E8171E}"
EndProject
Global
	GlobalSection(SolutionConfigurationPlatforms) = preSolution
		Debug|Any CPU = Debug|Any CPU
		Release|Any CPU = Release|Any CPU
	EndGlobalSection
	GlobalSection(ProjectConfigurationPlatforms) = postSolution
		{A81EEED2-DD8D-4C1A-A86E-B14B20E8171E}.Debug|Any CPU.ActiveCfg = Debug|Any CPU
		{A81EEED2-DD8D-4C1A-A86E-B14B20E8171E}.Debug|Any CPU.Build.0 = Debug|Any CPU
		{A81EEED2-DD8D-4C1A-A86E-B14B20E8171E}.Release|Any CPU.ActiveCfg = Release|Any CPU
		{A81EEED2-DD8D-4C1A-A86E-B14B20E8171E}.Release|Any CPU.Build.0 = Release|Any CPU
	EndGlobalSection
	GlobalSection(SolutionProperties) = preSolution
		HideSolutionNode = FALSE
	EndGlobalSection
	GlobalSection(ExtensibilityGlobals) = postSolution
		SolutionGuid = {6AC290E5-45B3-4573-BD32-A0BD0C86F4BD}
	EndGlobalSection
EndGlobal
