
Microsoft Visual Studio Solution File, Format Version 12.00
# Visual Studio Version 16
VisualStudioVersion = 16.0.30309.148
MinimumVisualStudioVersion = 10.0.40219.1
Project("{FAE04EC0-301F-11D3-BF4B-00C04F79EFBC}") = "ConsoleApp_Greetings", "ConsoleApp_Greetings.csproj", "{59F6B140-7F9A-4D92-BB42-8FB286F20EE2}"
EndProject
Global
	GlobalSection(SolutionConfigurationPlatforms) = preSolution
		Debug|Any CPU = Debug|Any CPU
		Release|Any CPU = Release|Any CPU
	EndGlobalSection
	GlobalSection(ProjectConfigurationPlatforms) = postSolution
		{59F6B140-7F9A-4D92-BB42-8FB286F20EE2}.Debug|Any CPU.ActiveCfg = Debug|Any CPU
		{59F6B140-7F9A-4D92-BB42-8FB286F20EE2}.Debug|Any CPU.Build.0 = Debug|Any CPU
		{59F6B140-7F9A-4D92-BB42-8FB286F20EE2}.Release|Any CPU.ActiveCfg = Release|Any CPU
		{59F6B140-7F9A-4D92-BB42-8FB286F20EE2}.Release|Any CPU.Build.0 = Release|Any CPU
	EndGlobalSection
	GlobalSection(SolutionProperties) = preSolution
		HideSolutionNode = FALSE
	EndGlobalSection
	GlobalSection(ExtensibilityGlobals) = postSolution
		SolutionGuid = {A2452D98-7F79-415A-9729-F32B4E061C9F}
	EndGlobalSection
EndGlobal
