
Microsoft Visual Studio Solution File, Format Version 12.00
# Visual Studio Version 17
VisualStudioVersion = 17.7.34024.191
MinimumVisualStudioVersion = 10.0.40219.1
Project("{FAE04EC0-301F-11D3-BF4B-00C04F79EFBC}") = "02_Knihovna", "02_Knihovna\02_Knihovna.csproj", "{06E3BA2B-2889-4B7F-A229-7DADAF364491}"
EndProject
Global
	GlobalSection(SolutionConfigurationPlatforms) = preSolution
		Debug|Any CPU = Debug|Any CPU
		Release|Any CPU = Release|Any CPU
	EndGlobalSection
	GlobalSection(ProjectConfigurationPlatforms) = postSolution
		{06E3BA2B-2889-4B7F-A229-7DADAF364491}.Debug|Any CPU.ActiveCfg = Debug|Any CPU
		{06E3BA2B-2889-4B7F-A229-7DADAF364491}.Debug|Any CPU.Build.0 = Debug|Any CPU
		{06E3BA2B-2889-4B7F-A229-7DADAF364491}.Release|Any CPU.ActiveCfg = Release|Any CPU
		{06E3BA2B-2889-4B7F-A229-7DADAF364491}.Release|Any CPU.Build.0 = Release|Any CPU
	EndGlobalSection
	GlobalSection(SolutionProperties) = preSolution
		HideSolutionNode = FALSE
	EndGlobalSection
	GlobalSection(ExtensibilityGlobals) = postSolution
		SolutionGuid = {706AB9B0-ACB7-43B0-AA24-A8F2547885F4}
	EndGlobalSection
EndGlobal
