
Microsoft Visual Studio Solution File, Format Version 12.00
# Visual Studio Version 17
VisualStudioVersion = 17.1.32210.238
MinimumVisualStudioVersion = 10.0.40219.1
Project("{FAE04EC0-301F-11D3-BF4B-00C04F79EFBC}") = "Resistors", "Resistors\Resistors.csproj", "{065CF8DE-88BE-46E0-90FE-6FAD3452965B}"
EndProject
Global
	GlobalSection(SolutionConfigurationPlatforms) = preSolution
		Debug|Any CPU = Debug|Any CPU
		Release|Any CPU = Release|Any CPU
	EndGlobalSection
	GlobalSection(ProjectConfigurationPlatforms) = postSolution
		{065CF8DE-88BE-46E0-90FE-6FAD3452965B}.Debug|Any CPU.ActiveCfg = Debug|Any CPU
		{065CF8DE-88BE-46E0-90FE-6FAD3452965B}.Debug|Any CPU.Build.0 = Debug|Any CPU
		{065CF8DE-88BE-46E0-90FE-6FAD3452965B}.Release|Any CPU.ActiveCfg = Release|Any CPU
		{065CF8DE-88BE-46E0-90FE-6FAD3452965B}.Release|Any CPU.Build.0 = Release|Any CPU
	EndGlobalSection
	GlobalSection(SolutionProperties) = preSolution
		HideSolutionNode = FALSE
	EndGlobalSection
	GlobalSection(ExtensibilityGlobals) = postSolution
		SolutionGuid = {7B049980-A7CD-49C7-853B-62775C262188}
	EndGlobalSection
EndGlobal
