
Microsoft Visual Studio Solution File, Format Version 12.00
# Visual Studio Version 16
VisualStudioVersion = 16.0.31729.503
MinimumVisualStudioVersion = 10.0.40219.1
Project("{FAE04EC0-301F-11D3-BF4B-00C04F79EFBC}") = "DialogovaOkna", "DialogovaOkna\DialogovaOkna.csproj", "{1291399C-76BB-4232-982E-7D9C4BF80ACC}"
EndProject
Global
	GlobalSection(SolutionConfigurationPlatforms) = preSolution
		Debug|Any CPU = Debug|Any CPU
		Release|Any CPU = Release|Any CPU
	EndGlobalSection
	GlobalSection(ProjectConfigurationPlatforms) = postSolution
		{1291399C-76BB-4232-982E-7D9C4BF80ACC}.Debug|Any CPU.ActiveCfg = Debug|Any CPU
		{1291399C-76BB-4232-982E-7D9C4BF80ACC}.Debug|Any CPU.Build.0 = Debug|Any CPU
		{1291399C-76BB-4232-982E-7D9C4BF80ACC}.Release|Any CPU.ActiveCfg = Release|Any CPU
		{1291399C-76BB-4232-982E-7D9C4BF80ACC}.Release|Any CPU.Build.0 = Release|Any CPU
	EndGlobalSection
	GlobalSection(SolutionProperties) = preSolution
		HideSolutionNode = FALSE
	EndGlobalSection
	GlobalSection(ExtensibilityGlobals) = postSolution
		SolutionGuid = {1CFC20D4-9A3C-40A1-8C52-70E39418D39C}
	EndGlobalSection
EndGlobal
