
Microsoft Visual Studio Solution File, Format Version 12.00
# Visual Studio Version 17
VisualStudioVersion = 17.7.34024.191
MinimumVisualStudioVersion = 10.0.40219.1
Project("{FAE04EC0-301F-11D3-BF4B-00C04F79EFBC}") = "09_Tyden", "09_Tyden\09_Tyden.csproj", "{2EA28B2B-874C-4A2A-8B32-6A34255AFCB8}"
EndProject
Global
	GlobalSection(SolutionConfigurationPlatforms) = preSolution
		Debug|Any CPU = Debug|Any CPU
		Release|Any CPU = Release|Any CPU
	EndGlobalSection
	GlobalSection(ProjectConfigurationPlatforms) = postSolution
		{2EA28B2B-874C-4A2A-8B32-6A34255AFCB8}.Debug|Any CPU.ActiveCfg = Debug|Any CPU
		{2EA28B2B-874C-4A2A-8B32-6A34255AFCB8}.Debug|Any CPU.Build.0 = Debug|Any CPU
		{2EA28B2B-874C-4A2A-8B32-6A34255AFCB8}.Release|Any CPU.ActiveCfg = Release|Any CPU
		{2EA28B2B-874C-4A2A-8B32-6A34255AFCB8}.Release|Any CPU.Build.0 = Release|Any CPU
	EndGlobalSection
	GlobalSection(SolutionProperties) = preSolution
		HideSolutionNode = FALSE
	EndGlobalSection
	GlobalSection(ExtensibilityGlobals) = postSolution
		SolutionGuid = {C080518C-F6E0-410C-9F99-196FE0C31297}
	EndGlobalSection
EndGlobal
