
Microsoft Visual Studio Solution File, Format Version 12.00
# Visual Studio Version 17
VisualStudioVersion = 17.7.34024.191
MinimumVisualStudioVersion = 10.0.40219.1
Project("{FAE04EC0-301F-11D3-BF4B-00C04F79EFBC}") = "Pulses", "Pulses\Pulses.csproj", "{DA6AC1CD-3592-496F-B2E7-3977DA39DAD0}"
EndProject
Global
	GlobalSection(SolutionConfigurationPlatforms) = preSolution
		Debug|Any CPU = Debug|Any CPU
		Release|Any CPU = Release|Any CPU
	EndGlobalSection
	GlobalSection(ProjectConfigurationPlatforms) = postSolution
		{DA6AC1CD-3592-496F-B2E7-3977DA39DAD0}.Debug|Any CPU.ActiveCfg = Debug|Any CPU
		{DA6AC1CD-3592-496F-B2E7-3977DA39DAD0}.Debug|Any CPU.Build.0 = Debug|Any CPU
		{DA6AC1CD-3592-496F-B2E7-3977DA39DAD0}.Release|Any CPU.ActiveCfg = Release|Any CPU
		{DA6AC1CD-3592-496F-B2E7-3977DA39DAD0}.Release|Any CPU.Build.0 = Release|Any CPU
	EndGlobalSection
	GlobalSection(SolutionProperties) = preSolution
		HideSolutionNode = FALSE
	EndGlobalSection
	GlobalSection(ExtensibilityGlobals) = postSolution
		SolutionGuid = {055AC8B0-D6AA-4957-9B15-3A4BAD1F1BBA}
	EndGlobalSection
EndGlobal
