
Microsoft Visual Studio Solution File, Format Version 12.00
# Visual Studio Version 17
VisualStudioVersion = 17.7.34024.191
MinimumVisualStudioVersion = 10.0.40219.1
Project("{FAE04EC0-301F-11D3-BF4B-00C04F79EFBC}") = "05_RadiciAlgoritmy", "05_RadiciAlgoritmy\05_RadiciAlgoritmy.csproj", "{A7A4B2BD-5F49-413F-BB12-4D302C349642}"
EndProject
Global
	GlobalSection(SolutionConfigurationPlatforms) = preSolution
		Debug|Any CPU = Debug|Any CPU
		Release|Any CPU = Release|Any CPU
	EndGlobalSection
	GlobalSection(ProjectConfigurationPlatforms) = postSolution
		{A7A4B2BD-5F49-413F-BB12-4D302C349642}.Debug|Any CPU.ActiveCfg = Debug|Any CPU
		{A7A4B2BD-5F49-413F-BB12-4D302C349642}.Debug|Any CPU.Build.0 = Debug|Any CPU
		{A7A4B2BD-5F49-413F-BB12-4D302C349642}.Release|Any CPU.ActiveCfg = Release|Any CPU
		{A7A4B2BD-5F49-413F-BB12-4D302C349642}.Release|Any CPU.Build.0 = Release|Any CPU
	EndGlobalSection
	GlobalSection(SolutionProperties) = preSolution
		HideSolutionNode = FALSE
	EndGlobalSection
	GlobalSection(ExtensibilityGlobals) = postSolution
		SolutionGuid = {4AE23E98-8F36-465B-8535-AD37B6A97AB5}
	EndGlobalSection
EndGlobal
