
Microsoft Visual Studio Solution File, Format Version 12.00
# Visual Studio Version 16
VisualStudioVersion = 16.0.31702.278
MinimumVisualStudioVersion = 10.0.40219.1
Project("{FAE04EC0-301F-11D3-BF4B-00C04F79EFBC}") = "Ukolnicek", "Ukolnicek\Ukolnicek.csproj", "{9AED772E-775E-4528-BB3C-F8BA6AF485F6}"
EndProject
Global
	GlobalSection(SolutionConfigurationPlatforms) = preSolution
		Debug|Any CPU = Debug|Any CPU
		Release|Any CPU = Release|Any CPU
	EndGlobalSection
	GlobalSection(ProjectConfigurationPlatforms) = postSolution
		{9AED772E-775E-4528-BB3C-F8BA6AF485F6}.Debug|Any CPU.ActiveCfg = Debug|Any CPU
		{9AED772E-775E-4528-BB3C-F8BA6AF485F6}.Debug|Any CPU.Build.0 = Debug|Any CPU
		{9AED772E-775E-4528-BB3C-F8BA6AF485F6}.Release|Any CPU.ActiveCfg = Release|Any CPU
		{9AED772E-775E-4528-BB3C-F8BA6AF485F6}.Release|Any CPU.Build.0 = Release|Any CPU
	EndGlobalSection
	GlobalSection(SolutionProperties) = preSolution
		HideSolutionNode = FALSE
	EndGlobalSection
	GlobalSection(ExtensibilityGlobals) = postSolution
		SolutionGuid = {08E9E125-DB89-47BC-920E-84F16C68DEA8}
	EndGlobalSection
EndGlobal
