
Microsoft Visual Studio Solution File, Format Version 12.00
# Visual Studio Version 17
VisualStudioVersion = 17.7.34024.191
MinimumVisualStudioVersion = 10.0.40219.1
Project("{FAE04EC0-301F-11D3-BF4B-00C04F79EFBC}") = "06_CyklyObrazce", "06_CyklyObrazce\06_CyklyObrazce.csproj", "{35775C66-809C-448B-BC6C-6E69F73DE1CD}"
EndProject
Global
	GlobalSection(SolutionConfigurationPlatforms) = preSolution
		Debug|Any CPU = Debug|Any CPU
		Release|Any CPU = Release|Any CPU
	EndGlobalSection
	GlobalSection(ProjectConfigurationPlatforms) = postSolution
		{35775C66-809C-448B-BC6C-6E69F73DE1CD}.Debug|Any CPU.ActiveCfg = Debug|Any CPU
		{35775C66-809C-448B-BC6C-6E69F73DE1CD}.Debug|Any CPU.Build.0 = Debug|Any CPU
		{35775C66-809C-448B-BC6C-6E69F73DE1CD}.Release|Any CPU.ActiveCfg = Release|Any CPU
		{35775C66-809C-448B-BC6C-6E69F73DE1CD}.Release|Any CPU.Build.0 = Release|Any CPU
	EndGlobalSection
	GlobalSection(SolutionProperties) = preSolution
		HideSolutionNode = FALSE
	EndGlobalSection
	GlobalSection(ExtensibilityGlobals) = postSolution
		SolutionGuid = {87BFB2F5-479C-49A1-8BB0-59474B2AE797}
	EndGlobalSection
EndGlobal
