
Microsoft Visual Studio Solution File, Format Version 12.00
# Visual Studio Version 16
VisualStudioVersion = 16.0.31702.278
MinimumVisualStudioVersion = 10.0.40219.1
Project("{FAE04EC0-301F-11D3-BF4B-00C04F79EFBC}") = "05_GrafickaPrimitiva", "05_GrafickaPrimitiva\05_GrafickaPrimitiva.csproj", "{892B6C5A-AE37-40F1-B20F-3A961436E7AF}"
EndProject
Global
	GlobalSection(SolutionConfigurationPlatforms) = preSolution
		Debug|Any CPU = Debug|Any CPU
		Release|Any CPU = Release|Any CPU
	EndGlobalSection
	GlobalSection(ProjectConfigurationPlatforms) = postSolution
		{892B6C5A-AE37-40F1-B20F-3A961436E7AF}.Debug|Any CPU.ActiveCfg = Debug|Any CPU
		{892B6C5A-AE37-40F1-B20F-3A961436E7AF}.Debug|Any CPU.Build.0 = Debug|Any CPU
		{892B6C5A-AE37-40F1-B20F-3A961436E7AF}.Release|Any CPU.ActiveCfg = Release|Any CPU
		{892B6C5A-AE37-40F1-B20F-3A961436E7AF}.Release|Any CPU.Build.0 = Release|Any CPU
	EndGlobalSection
	GlobalSection(SolutionProperties) = preSolution
		HideSolutionNode = FALSE
	EndGlobalSection
	GlobalSection(ExtensibilityGlobals) = postSolution
		SolutionGuid = {70E2CDD5-5F5A-4158-9A52-0FCEB68731D4}
	EndGlobalSection
EndGlobal
