
Microsoft Visual Studio Solution File, Format Version 12.00
# Visual Studio Version 17
VisualStudioVersion = 17.13.35828.75 d17.13
MinimumVisualStudioVersion = 10.0.40219.1
Project("{FAE04EC0-301F-11D3-BF4B-00C04F79EFBC}") = "25_Filmoteka", "25_Filmoteka\25_Filmoteka.csproj", "{1461CCB4-4FFE-4C05-8E9E-F4FFCCEEC9CC}"
EndProject
Global
	GlobalSection(SolutionConfigurationPlatforms) = preSolution
		Debug|Any CPU = Debug|Any CPU
		Release|Any CPU = Release|Any CPU
	EndGlobalSection
	GlobalSection(ProjectConfigurationPlatforms) = postSolution
		{1461CCB4-4FFE-4C05-8E9E-F4FFCCEEC9CC}.Debug|Any CPU.ActiveCfg = Debug|Any CPU
		{1461CCB4-4FFE-4C05-8E9E-F4FFCCEEC9CC}.Debug|Any CPU.Build.0 = Debug|Any CPU
		{1461CCB4-4FFE-4C05-8E9E-F4FFCCEEC9CC}.Release|Any CPU.ActiveCfg = Release|Any CPU
		{1461CCB4-4FFE-4C05-8E9E-F4FFCCEEC9CC}.Release|Any CPU.Build.0 = Release|Any CPU
	EndGlobalSection
	GlobalSection(SolutionProperties) = preSolution
		HideSolutionNode = FALSE
	EndGlobalSection
	GlobalSection(ExtensibilityGlobals) = postSolution
		SolutionGuid = {666C1D1D-1129-442F-B223-C45EFF70B327}
	EndGlobalSection
EndGlobal
