
Microsoft Visual Studio Solution File, Format Version 12.00
# Visual Studio Version 16
VisualStudioVersion = 16.0.31112.23
MinimumVisualStudioVersion = 10.0.40219.1
Project("{FAE04EC0-301F-11D3-BF4B-00C04F79EFBC}") = "BmiFormApp", "BmiFormApp.csproj", "{18DFC362-C19D-4CF7-8C55-65E0D68A9E3D}"
EndProject
Global
	GlobalSection(SolutionConfigurationPlatforms) = preSolution
		Debug|Any CPU = Debug|Any CPU
		Release|Any CPU = Release|Any CPU
	EndGlobalSection
	GlobalSection(ProjectConfigurationPlatforms) = postSolution
		{18DFC362-C19D-4CF7-8C55-65E0D68A9E3D}.Debug|Any CPU.ActiveCfg = Debug|Any CPU
		{18DFC362-C19D-4CF7-8C55-65E0D68A9E3D}.Debug|Any CPU.Build.0 = Debug|Any CPU
		{18DFC362-C19D-4CF7-8C55-65E0D68A9E3D}.Release|Any CPU.ActiveCfg = Release|Any CPU
		{18DFC362-C19D-4CF7-8C55-65E0D68A9E3D}.Release|Any CPU.Build.0 = Release|Any CPU
	EndGlobalSection
	GlobalSection(SolutionProperties) = preSolution
		HideSolutionNode = FALSE
	EndGlobalSection
	GlobalSection(ExtensibilityGlobals) = postSolution
		SolutionGuid = {24A92265-5F42-4284-8060-5E1611EB6571}
	EndGlobalSection
EndGlobal
