
Microsoft Visual Studio Solution File, Format Version 12.00
# Visual Studio Version 17
VisualStudioVersion = 17.7.34024.191
MinimumVisualStudioVersion = 10.0.40219.1
Project("{FAE04EC0-301F-11D3-BF4B-00C04F79EFBC}") = "TransparentniBarva", "TransparentniBarva\TransparentniBarva.csproj", "{71195A64-2FDC-4D6B-A67C-9627EF34C2AE}"
EndProject
Global
	GlobalSection(SolutionConfigurationPlatforms) = preSolution
		Debug|Any CPU = Debug|Any CPU
		Release|Any CPU = Release|Any CPU
	EndGlobalSection
	GlobalSection(ProjectConfigurationPlatforms) = postSolution
		{71195A64-2FDC-4D6B-A67C-9627EF34C2AE}.Debug|Any CPU.ActiveCfg = Debug|Any CPU
		{71195A64-2FDC-4D6B-A67C-9627EF34C2AE}.Debug|Any CPU.Build.0 = Debug|Any CPU
		{71195A64-2FDC-4D6B-A67C-9627EF34C2AE}.Release|Any CPU.ActiveCfg = Release|Any CPU
		{71195A64-2FDC-4D6B-A67C-9627EF34C2AE}.Release|Any CPU.Build.0 = Release|Any CPU
	EndGlobalSection
	GlobalSection(SolutionProperties) = preSolution
		HideSolutionNode = FALSE
	EndGlobalSection
	GlobalSection(ExtensibilityGlobals) = postSolution
		SolutionGuid = {7A6FB377-E64D-495B-A709-E5C9077FE371}
	EndGlobalSection
EndGlobal
