
Microsoft Visual Studio Solution File, Format Version 12.00
# Visual Studio Version 17
VisualStudioVersion = 17.3.32929.385
MinimumVisualStudioVersion = 10.0.40219.1
Project("{FAE04EC0-301F-11D3-BF4B-00C04F79EFBC}") = "20_SifrovaniTextu", "20_SifrovaniTextu\20_SifrovaniTextu.csproj", "{2C4E9B5E-61CF-4954-BF22-78172A6860EE}"
EndProject
Global
	GlobalSection(SolutionConfigurationPlatforms) = preSolution
		Debug|Any CPU = Debug|Any CPU
		Release|Any CPU = Release|Any CPU
	EndGlobalSection
	GlobalSection(ProjectConfigurationPlatforms) = postSolution
		{2C4E9B5E-61CF-4954-BF22-78172A6860EE}.Debug|Any CPU.ActiveCfg = Debug|Any CPU
		{2C4E9B5E-61CF-4954-BF22-78172A6860EE}.Debug|Any CPU.Build.0 = Debug|Any CPU
		{2C4E9B5E-61CF-4954-BF22-78172A6860EE}.Release|Any CPU.ActiveCfg = Release|Any CPU
		{2C4E9B5E-61CF-4954-BF22-78172A6860EE}.Release|Any CPU.Build.0 = Release|Any CPU
	EndGlobalSection
	GlobalSection(SolutionProperties) = preSolution
		HideSolutionNode = FALSE
	EndGlobalSection
	GlobalSection(ExtensibilityGlobals) = postSolution
		SolutionGuid = {EB13627B-DF15-4D6C-AC81-B46A95D75196}
	EndGlobalSection
EndGlobal
