
Microsoft Visual Studio Solution File, Format Version 12.00
# Visual Studio Version 16
VisualStudioVersion = 16.0.30309.148
MinimumVisualStudioVersion = 10.0.40219.1
Project("{FAE04EC0-301F-11D3-BF4B-00C04F79EFBC}") = "ConsoleApp_HelloWorld", "ConsoleApp_HelloWorld.csproj", "{9EC77F28-1B50-46D9-AFAD-7791CA91A395}"
EndProject
Global
	GlobalSection(SolutionConfigurationPlatforms) = preSolution
		Debug|Any CPU = Debug|Any CPU
		Release|Any CPU = Release|Any CPU
	EndGlobalSection
	GlobalSection(ProjectConfigurationPlatforms) = postSolution
		{9EC77F28-1B50-46D9-AFAD-7791CA91A395}.Debug|Any CPU.ActiveCfg = Debug|Any CPU
		{9EC77F28-1B50-46D9-AFAD-7791CA91A395}.Debug|Any CPU.Build.0 = Debug|Any CPU
		{9EC77F28-1B50-46D9-AFAD-7791CA91A395}.Release|Any CPU.ActiveCfg = Release|Any CPU
		{9EC77F28-1B50-46D9-AFAD-7791CA91A395}.Release|Any CPU.Build.0 = Release|Any CPU
	EndGlobalSection
	GlobalSection(SolutionProperties) = preSolution
		HideSolutionNode = FALSE
	EndGlobalSection
	GlobalSection(ExtensibilityGlobals) = postSolution
		SolutionGuid = {BF31BDA5-D2AD-46A5-B80A-2D50604C7539}
	EndGlobalSection
EndGlobal
