
Microsoft Visual Studio Solution File, Format Version 12.00
# Visual Studio Version 17
VisualStudioVersion = 17.7.34024.191
MinimumVisualStudioVersion = 10.0.40219.1
Project("{FAE04EC0-301F-11D3-BF4B-00C04F79EFBC}") = "Parkoviste", "Parkoviste\Parkoviste.csproj", "{F2E4198B-7D02-4B34-AD04-71C8339E5A9A}"
EndProject
Global
	GlobalSection(SolutionConfigurationPlatforms) = preSolution
		Debug|Any CPU = Debug|Any CPU
		Release|Any CPU = Release|Any CPU
	EndGlobalSection
	GlobalSection(ProjectConfigurationPlatforms) = postSolution
		{F2E4198B-7D02-4B34-AD04-71C8339E5A9A}.Debug|Any CPU.ActiveCfg = Debug|Any CPU
		{F2E4198B-7D02-4B34-AD04-71C8339E5A9A}.Debug|Any CPU.Build.0 = Debug|Any CPU
		{F2E4198B-7D02-4B34-AD04-71C8339E5A9A}.Release|Any CPU.ActiveCfg = Release|Any CPU
		{F2E4198B-7D02-4B34-AD04-71C8339E5A9A}.Release|Any CPU.Build.0 = Release|Any CPU
	EndGlobalSection
	GlobalSection(SolutionProperties) = preSolution
		HideSolutionNode = FALSE
	EndGlobalSection
	GlobalSection(ExtensibilityGlobals) = postSolution
		SolutionGuid = {92977593-A006-4861-87BB-CC22401A5DC4}
	EndGlobalSection
EndGlobal
