
Microsoft Visual Studio Solution File, Format Version 12.00
# Visual Studio Version 17
VisualStudioVersion = 17.1.32210.238
MinimumVisualStudioVersion = 10.0.40219.1
Project("{FAE04EC0-301F-11D3-BF4B-00C04F79EFBC}") = "NakupniSeznam", "NakupniSeznam\NakupniSeznam.csproj", "{72E99AC6-7545-46AC-BE6E-D5512E3E8B21}"
EndProject
Global
	GlobalSection(SolutionConfigurationPlatforms) = preSolution
		Debug|Any CPU = Debug|Any CPU
		Release|Any CPU = Release|Any CPU
	EndGlobalSection
	GlobalSection(ProjectConfigurationPlatforms) = postSolution
		{72E99AC6-7545-46AC-BE6E-D5512E3E8B21}.Debug|Any CPU.ActiveCfg = Debug|Any CPU
		{72E99AC6-7545-46AC-BE6E-D5512E3E8B21}.Debug|Any CPU.Build.0 = Debug|Any CPU
		{72E99AC6-7545-46AC-BE6E-D5512E3E8B21}.Release|Any CPU.ActiveCfg = Release|Any CPU
		{72E99AC6-7545-46AC-BE6E-D5512E3E8B21}.Release|Any CPU.Build.0 = Release|Any CPU
	EndGlobalSection
	GlobalSection(SolutionProperties) = preSolution
		HideSolutionNode = FALSE
	EndGlobalSection
	GlobalSection(ExtensibilityGlobals) = postSolution
		SolutionGuid = {E019B57A-AE57-4686-A6A9-39EFEB977E98}
	EndGlobalSection
EndGlobal
