
Microsoft Visual Studio Solution File, Format Version 12.00
# Visual Studio Version 17
VisualStudioVersion = 17.11.35312.102
MinimumVisualStudioVersion = 10.0.40219.1
Project("{FAE04EC0-301F-11D3-BF4B-00C04F79EFBC}") = "RegularniVyrazy", "RegularniVyrazy\RegularniVyrazy.csproj", "{AB39A942-0395-4336-B0DD-086659456974}"
EndProject
Global
	GlobalSection(SolutionConfigurationPlatforms) = preSolution
		Debug|Any CPU = Debug|Any CPU
		Release|Any CPU = Release|Any CPU
	EndGlobalSection
	GlobalSection(ProjectConfigurationPlatforms) = postSolution
		{AB39A942-0395-4336-B0DD-086659456974}.Debug|Any CPU.ActiveCfg = Debug|Any CPU
		{AB39A942-0395-4336-B0DD-086659456974}.Debug|Any CPU.Build.0 = Debug|Any CPU
		{AB39A942-0395-4336-B0DD-086659456974}.Release|Any CPU.ActiveCfg = Release|Any CPU
		{AB39A942-0395-4336-B0DD-086659456974}.Release|Any CPU.Build.0 = Release|Any CPU
	EndGlobalSection
	GlobalSection(SolutionProperties) = preSolution
		HideSolutionNode = FALSE
	EndGlobalSection
	GlobalSection(ExtensibilityGlobals) = postSolution
		SolutionGuid = {C0ED61A3-4FEF-44E0-A41C-E41157B76CA2}
	EndGlobalSection
EndGlobal
