
Microsoft Visual Studio Solution File, Format Version 12.00
# Visual Studio Version 17
VisualStudioVersion = 17.7.34024.191
MinimumVisualStudioVersion = 10.0.40219.1
Project("{FAE04EC0-301F-11D3-BF4B-00C04F79EFBC}") = "04_Vstupenky", "04_Vstupenky\04_Vstupenky.csproj", "{007E9E26-4482-4B8F-B670-184433378A86}"
EndProject
Global
	GlobalSection(SolutionConfigurationPlatforms) = preSolution
		Debug|Any CPU = Debug|Any CPU
		Release|Any CPU = Release|Any CPU
	EndGlobalSection
	GlobalSection(ProjectConfigurationPlatforms) = postSolution
		{007E9E26-4482-4B8F-B670-184433378A86}.Debug|Any CPU.ActiveCfg = Debug|Any CPU
		{007E9E26-4482-4B8F-B670-184433378A86}.Debug|Any CPU.Build.0 = Debug|Any CPU
		{007E9E26-4482-4B8F-B670-184433378A86}.Release|Any CPU.ActiveCfg = Release|Any CPU
		{007E9E26-4482-4B8F-B670-184433378A86}.Release|Any CPU.Build.0 = Release|Any CPU
	EndGlobalSection
	GlobalSection(SolutionProperties) = preSolution
		HideSolutionNode = FALSE
	EndGlobalSection
	GlobalSection(ExtensibilityGlobals) = postSolution
		SolutionGuid = {E538AD08-CEEA-456C-BF9E-B71B7BC7B09A}
	EndGlobalSection
EndGlobal
