
Microsoft Visual Studio Solution File, Format Version 12.00
# Visual Studio Version 17
VisualStudioVersion = 17.3.32929.385
MinimumVisualStudioVersion = 10.0.40219.1
Project("{FAE04EC0-301F-11D3-BF4B-00C04F79EFBC}") = "23_AnimaceNavadeni", "23_AnimaceNavadeni\23_AnimaceNavadeni.csproj", "{2030E80C-202C-4779-BE08-C133B078D88E}"
EndProject
Global
	GlobalSection(SolutionConfigurationPlatforms) = preSolution
		Debug|Any CPU = Debug|Any CPU
		Release|Any CPU = Release|Any CPU
	EndGlobalSection
	GlobalSection(ProjectConfigurationPlatforms) = postSolution
		{2030E80C-202C-4779-BE08-C133B078D88E}.Debug|Any CPU.ActiveCfg = Debug|Any CPU
		{2030E80C-202C-4779-BE08-C133B078D88E}.Debug|Any CPU.Build.0 = Debug|Any CPU
		{2030E80C-202C-4779-BE08-C133B078D88E}.Release|Any CPU.ActiveCfg = Release|Any CPU
		{2030E80C-202C-4779-BE08-C133B078D88E}.Release|Any CPU.Build.0 = Release|Any CPU
	EndGlobalSection
	GlobalSection(SolutionProperties) = preSolution
		HideSolutionNode = FALSE
	EndGlobalSection
	GlobalSection(ExtensibilityGlobals) = postSolution
		SolutionGuid = {D107AB2B-B171-4D62-B571-325A38026B46}
	EndGlobalSection
EndGlobal
