
Microsoft Visual Studio Solution File, Format Version 12.00
# Visual Studio Version 16
VisualStudioVersion = 16.0.30611.23
MinimumVisualStudioVersion = 10.0.40219.1
Project("{FAE04EC0-301F-11D3-BF4B-00C04F79EFBC}") = "GuessNumber", "GuessNumber.csproj", "{E27940A9-C51E-4988-9FA0-AF07CBAD149F}"
EndProject
Global
	GlobalSection(SolutionConfigurationPlatforms) = preSolution
		Debug|Any CPU = Debug|Any CPU
		Release|Any CPU = Release|Any CPU
	EndGlobalSection
	GlobalSection(ProjectConfigurationPlatforms) = postSolution
		{E27940A9-C51E-4988-9FA0-AF07CBAD149F}.Debug|Any CPU.ActiveCfg = Debug|Any CPU
		{E27940A9-C51E-4988-9FA0-AF07CBAD149F}.Debug|Any CPU.Build.0 = Debug|Any CPU
		{E27940A9-C51E-4988-9FA0-AF07CBAD149F}.Release|Any CPU.ActiveCfg = Release|Any CPU
		{E27940A9-C51E-4988-9FA0-AF07CBAD149F}.Release|Any CPU.Build.0 = Release|Any CPU
	EndGlobalSection
	GlobalSection(SolutionProperties) = preSolution
		HideSolutionNode = FALSE
	EndGlobalSection
	GlobalSection(ExtensibilityGlobals) = postSolution
		SolutionGuid = {2C53025A-1BC7-4650-9C36-856CD488944C}
	EndGlobalSection
EndGlobal
