
Microsoft Visual Studio Solution File, Format Version 12.00
# Visual Studio Version 17
VisualStudioVersion = 17.7.34024.191
MinimumVisualStudioVersion = 10.0.40219.1
Project("{FAE04EC0-301F-11D3-BF4B-00C04F79EFBC}") = "12_Funkce", "12_Funkce\12_Funkce.csproj", "{6B3304C1-BB53-4F96-9965-4E0AB6E7F22C}"
EndProject
Global
	GlobalSection(SolutionConfigurationPlatforms) = preSolution
		Debug|Any CPU = Debug|Any CPU
		Release|Any CPU = Release|Any CPU
	EndGlobalSection
	GlobalSection(ProjectConfigurationPlatforms) = postSolution
		{6B3304C1-BB53-4F96-9965-4E0AB6E7F22C}.Debug|Any CPU.ActiveCfg = Debug|Any CPU
		{6B3304C1-BB53-4F96-9965-4E0AB6E7F22C}.Debug|Any CPU.Build.0 = Debug|Any CPU
		{6B3304C1-BB53-4F96-9965-4E0AB6E7F22C}.Release|Any CPU.ActiveCfg = Release|Any CPU
		{6B3304C1-BB53-4F96-9965-4E0AB6E7F22C}.Release|Any CPU.Build.0 = Release|Any CPU
	EndGlobalSection
	GlobalSection(SolutionProperties) = preSolution
		HideSolutionNode = FALSE
	EndGlobalSection
	GlobalSection(ExtensibilityGlobals) = postSolution
		SolutionGuid = {7B169092-E767-4E66-BE88-E067FDF09276}
	EndGlobalSection
EndGlobal
