
Microsoft Visual Studio Solution File, Format Version 12.00
# Visual Studio Version 17
VisualStudioVersion = 17.3.32929.385
MinimumVisualStudioVersion = 10.0.40219.1
Project("{FAE04EC0-301F-11D3-BF4B-00C04F79EFBC}") = "10_MouseEvent", "10_MouseEvent\10_MouseEvent.csproj", "{17A878F1-F671-4BFA-BF02-3DDB1918260D}"
EndProject
Global
	GlobalSection(SolutionConfigurationPlatforms) = preSolution
		Debug|Any CPU = Debug|Any CPU
		Release|Any CPU = Release|Any CPU
	EndGlobalSection
	GlobalSection(ProjectConfigurationPlatforms) = postSolution
		{17A878F1-F671-4BFA-BF02-3DDB1918260D}.Debug|Any CPU.ActiveCfg = Debug|Any CPU
		{17A878F1-F671-4BFA-BF02-3DDB1918260D}.Debug|Any CPU.Build.0 = Debug|Any CPU
		{17A878F1-F671-4BFA-BF02-3DDB1918260D}.Release|Any CPU.ActiveCfg = Release|Any CPU
		{17A878F1-F671-4BFA-BF02-3DDB1918260D}.Release|Any CPU.Build.0 = Release|Any CPU
	EndGlobalSection
	GlobalSection(SolutionProperties) = preSolution
		HideSolutionNode = FALSE
	EndGlobalSection
	GlobalSection(ExtensibilityGlobals) = postSolution
		SolutionGuid = {33972D99-97E0-4CFB-8D4A-24F601058388}
	EndGlobalSection
EndGlobal
