
Microsoft Visual Studio Solution File, Format Version 12.00
# Visual Studio Version 16
VisualStudioVersion = 16.0.30611.23
MinimumVisualStudioVersion = 10.0.40219.1
Project("{FAE04EC0-301F-11D3-BF4B-00C04F79EFBC}") = "KvadratickaRovnice", "KvadratickaRovnice.csproj", "{4CEA798B-CC1E-4315-80DC-718F26054EAA}"
EndProject
Global
	GlobalSection(SolutionConfigurationPlatforms) = preSolution
		Debug|Any CPU = Debug|Any CPU
		Release|Any CPU = Release|Any CPU
	EndGlobalSection
	GlobalSection(ProjectConfigurationPlatforms) = postSolution
		{4CEA798B-CC1E-4315-80DC-718F26054EAA}.Debug|Any CPU.ActiveCfg = Debug|Any CPU
		{4CEA798B-CC1E-4315-80DC-718F26054EAA}.Debug|Any CPU.Build.0 = Debug|Any CPU
		{4CEA798B-CC1E-4315-80DC-718F26054EAA}.Release|Any CPU.ActiveCfg = Release|Any CPU
		{4CEA798B-CC1E-4315-80DC-718F26054EAA}.Release|Any CPU.Build.0 = Release|Any CPU
	EndGlobalSection
	GlobalSection(SolutionProperties) = preSolution
		HideSolutionNode = FALSE
	EndGlobalSection
	GlobalSection(ExtensibilityGlobals) = postSolution
		SolutionGuid = {79E08737-E662-46AB-B484-FB1573EEE34E}
	EndGlobalSection
EndGlobal
