
Microsoft Visual Studio Solution File, Format Version 12.00
# Visual Studio Version 17
VisualStudioVersion = 17.7.34024.191
MinimumVisualStudioVersion = 10.0.40219.1
Project("{FAE04EC0-301F-11D3-BF4B-00C04F79EFBC}") = "03_Random", "03_Random\03_Random.csproj", "{58058444-6CDE-4E66-AB90-7FC1F40D0A3A}"
EndProject
Global
	GlobalSection(SolutionConfigurationPlatforms) = preSolution
		Debug|Any CPU = Debug|Any CPU
		Release|Any CPU = Release|Any CPU
	EndGlobalSection
	GlobalSection(ProjectConfigurationPlatforms) = postSolution
		{58058444-6CDE-4E66-AB90-7FC1F40D0A3A}.Debug|Any CPU.ActiveCfg = Debug|Any CPU
		{58058444-6CDE-4E66-AB90-7FC1F40D0A3A}.Debug|Any CPU.Build.0 = Debug|Any CPU
		{58058444-6CDE-4E66-AB90-7FC1F40D0A3A}.Release|Any CPU.ActiveCfg = Release|Any CPU
		{58058444-6CDE-4E66-AB90-7FC1F40D0A3A}.Release|Any CPU.Build.0 = Release|Any CPU
	EndGlobalSection
	GlobalSection(SolutionProperties) = preSolution
		HideSolutionNode = FALSE
	EndGlobalSection
	GlobalSection(ExtensibilityGlobals) = postSolution
		SolutionGuid = {816205F5-4D97-416A-B602-A9FA61D34EF5}
	EndGlobalSection
EndGlobal
