
Microsoft Visual Studio Solution File, Format Version 12.00
# Visual Studio Version 16
VisualStudioVersion = 16.0.31613.86
MinimumVisualStudioVersion = 10.0.40219.1
Project("{FAE04EC0-301F-11D3-BF4B-00C04F79EFBC}") = "DummyCalc", "DummyCalc\DummyCalc.csproj", "{3108560C-5680-4D82-A681-B69688F418C0}"
EndProject
Global
	GlobalSection(SolutionConfigurationPlatforms) = preSolution
		Debug|Any CPU = Debug|Any CPU
		Release|Any CPU = Release|Any CPU
	EndGlobalSection
	GlobalSection(ProjectConfigurationPlatforms) = postSolution
		{3108560C-5680-4D82-A681-B69688F418C0}.Debug|Any CPU.ActiveCfg = Debug|Any CPU
		{3108560C-5680-4D82-A681-B69688F418C0}.Debug|Any CPU.Build.0 = Debug|Any CPU
		{3108560C-5680-4D82-A681-B69688F418C0}.Release|Any CPU.ActiveCfg = Release|Any CPU
		{3108560C-5680-4D82-A681-B69688F418C0}.Release|Any CPU.Build.0 = Release|Any CPU
	EndGlobalSection
	GlobalSection(SolutionProperties) = preSolution
		HideSolutionNode = FALSE
	EndGlobalSection
	GlobalSection(ExtensibilityGlobals) = postSolution
		SolutionGuid = {16E79F9A-22D1-4074-BB13-2E742E66024F}
	EndGlobalSection
EndGlobal
