
Microsoft Visual Studio Solution File, Format Version 12.00
# Visual Studio Version 17
VisualStudioVersion = 17.7.34024.191
MinimumVisualStudioVersion = 10.0.40219.1
Project("{FAE04EC0-301F-11D3-BF4B-00C04F79EFBC}") = "FR_Konzultace", "FR_Konzultace\FR_Konzultace.csproj", "{8F44D6D1-7C2C-4705-97CD-AA57FCFCF280}"
EndProject
Global
	GlobalSection(SolutionConfigurationPlatforms) = preSolution
		Debug|Any CPU = Debug|Any CPU
		Release|Any CPU = Release|Any CPU
	EndGlobalSection
	GlobalSection(ProjectConfigurationPlatforms) = postSolution
		{8F44D6D1-7C2C-4705-97CD-AA57FCFCF280}.Debug|Any CPU.ActiveCfg = Debug|Any CPU
		{8F44D6D1-7C2C-4705-97CD-AA57FCFCF280}.Debug|Any CPU.Build.0 = Debug|Any CPU
		{8F44D6D1-7C2C-4705-97CD-AA57FCFCF280}.Release|Any CPU.ActiveCfg = Release|Any CPU
		{8F44D6D1-7C2C-4705-97CD-AA57FCFCF280}.Release|Any CPU.Build.0 = Release|Any CPU
	EndGlobalSection
	GlobalSection(SolutionProperties) = preSolution
		HideSolutionNode = FALSE
	EndGlobalSection
	GlobalSection(ExtensibilityGlobals) = postSolution
		SolutionGuid = {1EBA0807-644D-4AF0-BE70-DA584B8E052F}
	EndGlobalSection
EndGlobal
