
Microsoft Visual Studio Solution File, Format Version 12.00
# Visual Studio Version 16
VisualStudioVersion = 16.0.30517.126
MinimumVisualStudioVersion = 10.0.40219.1
Project("{FAE04EC0-301F-11D3-BF4B-00C04F79EFBC}") = "CalcApp", "CalcApp.csproj", "{FEF2FB73-1B3F-4DA7-A479-04BC64AC6450}"
EndProject
Global
	GlobalSection(SolutionConfigurationPlatforms) = preSolution
		Debug|Any CPU = Debug|Any CPU
		Release|Any CPU = Release|Any CPU
	EndGlobalSection
	GlobalSection(ProjectConfigurationPlatforms) = postSolution
		{FEF2FB73-1B3F-4DA7-A479-04BC64AC6450}.Debug|Any CPU.ActiveCfg = Debug|Any CPU
		{FEF2FB73-1B3F-4DA7-A479-04BC64AC6450}.Debug|Any CPU.Build.0 = Debug|Any CPU
		{FEF2FB73-1B3F-4DA7-A479-04BC64AC6450}.Release|Any CPU.ActiveCfg = Release|Any CPU
		{FEF2FB73-1B3F-4DA7-A479-04BC64AC6450}.Release|Any CPU.Build.0 = Release|Any CPU
	EndGlobalSection
	GlobalSection(SolutionProperties) = preSolution
		HideSolutionNode = FALSE
	EndGlobalSection
	GlobalSection(ExtensibilityGlobals) = postSolution
		SolutionGuid = {5BA336AA-5F82-4D71-924F-760DDD57EFB2}
	EndGlobalSection
EndGlobal
