
Microsoft Visual Studio Solution File, Format Version 12.00
# Visual Studio Version 16
VisualStudioVersion = 16.0.31005.135
MinimumVisualStudioVersion = 10.0.40219.1
Project("{FAE04EC0-301F-11D3-BF4B-00C04F79EFBC}") = "OOP_skA", "OOP_skA.csproj", "{D6D4DB28-2845-42C6-BEC2-D02ACD039920}"
EndProject
Global
	GlobalSection(SolutionConfigurationPlatforms) = preSolution
		Debug|Any CPU = Debug|Any CPU
		Release|Any CPU = Release|Any CPU
	EndGlobalSection
	GlobalSection(ProjectConfigurationPlatforms) = postSolution
		{D6D4DB28-2845-42C6-BEC2-D02ACD039920}.Debug|Any CPU.ActiveCfg = Debug|Any CPU
		{D6D4DB28-2845-42C6-BEC2-D02ACD039920}.Debug|Any CPU.Build.0 = Debug|Any CPU
		{D6D4DB28-2845-42C6-BEC2-D02ACD039920}.Release|Any CPU.ActiveCfg = Release|Any CPU
		{D6D4DB28-2845-42C6-BEC2-D02ACD039920}.Release|Any CPU.Build.0 = Release|Any CPU
	EndGlobalSection
	GlobalSection(SolutionProperties) = preSolution
		HideSolutionNode = FALSE
	EndGlobalSection
	GlobalSection(ExtensibilityGlobals) = postSolution
		SolutionGuid = {2BC2C025-5561-42ED-8689-8E558E7294E5}
	EndGlobalSection
EndGlobal
