
Microsoft Visual Studio Solution File, Format Version 12.00
# Visual Studio Version 16
VisualStudioVersion = 16.0.31613.86
MinimumVisualStudioVersion = 10.0.40219.1
Project("{FAE04EC0-301F-11D3-BF4B-00C04F79EFBC}") = "NumberAnalyzer", "NumberAnalyzer\NumberAnalyzer.csproj", "{F88377BF-6EEB-4B09-B4E5-7C81811D14AA}"
EndProject
Global
	GlobalSection(SolutionConfigurationPlatforms) = preSolution
		Debug|Any CPU = Debug|Any CPU
		Release|Any CPU = Release|Any CPU
	EndGlobalSection
	GlobalSection(ProjectConfigurationPlatforms) = postSolution
		{F88377BF-6EEB-4B09-B4E5-7C81811D14AA}.Debug|Any CPU.ActiveCfg = Debug|Any CPU
		{F88377BF-6EEB-4B09-B4E5-7C81811D14AA}.Debug|Any CPU.Build.0 = Debug|Any CPU
		{F88377BF-6EEB-4B09-B4E5-7C81811D14AA}.Release|Any CPU.ActiveCfg = Release|Any CPU
		{F88377BF-6EEB-4B09-B4E5-7C81811D14AA}.Release|Any CPU.Build.0 = Release|Any CPU
	EndGlobalSection
	GlobalSection(SolutionProperties) = preSolution
		HideSolutionNode = FALSE
	EndGlobalSection
	GlobalSection(ExtensibilityGlobals) = postSolution
		SolutionGuid = {C5A39D9F-4163-4655-B69C-A0D7EB2026A0}
	EndGlobalSection
EndGlobal
