
Microsoft Visual Studio Solution File, Format Version 12.00
# Visual Studio Version 17
VisualStudioVersion = 17.3.32929.385
MinimumVisualStudioVersion = 10.0.40219.1
Project("{FAE04EC0-301F-11D3-BF4B-00C04F79EFBC}") = "23_AnimaceNavadeni", "23_AnimaceNavadeni\23_AnimaceNavadeni.csproj", "{ED32E4D0-87F4-43C0-80C1-A7CCAE927164}"
EndProject
Global
	GlobalSection(SolutionConfigurationPlatforms) = preSolution
		Debug|Any CPU = Debug|Any CPU
		Release|Any CPU = Release|Any CPU
	EndGlobalSection
	GlobalSection(ProjectConfigurationPlatforms) = postSolution
		{ED32E4D0-87F4-43C0-80C1-A7CCAE927164}.Debug|Any CPU.ActiveCfg = Debug|Any CPU
		{ED32E4D0-87F4-43C0-80C1-A7CCAE927164}.Debug|Any CPU.Build.0 = Debug|Any CPU
		{ED32E4D0-87F4-43C0-80C1-A7CCAE927164}.Release|Any CPU.ActiveCfg = Release|Any CPU
		{ED32E4D0-87F4-43C0-80C1-A7CCAE927164}.Release|Any CPU.Build.0 = Release|Any CPU
	EndGlobalSection
	GlobalSection(SolutionProperties) = preSolution
		HideSolutionNode = FALSE
	EndGlobalSection
	GlobalSection(ExtensibilityGlobals) = postSolution
		SolutionGuid = {85DB2344-BE78-4F1C-91D3-5244C371EDF4}
	EndGlobalSection
EndGlobal
