
Microsoft Visual Studio Solution File, Format Version 12.00
# Visual Studio Version 16
VisualStudioVersion = 16.0.31613.86
MinimumVisualStudioVersion = 10.0.40219.1
Project("{FAE04EC0-301F-11D3-BF4B-00C04F79EFBC}") = "Elevator", "Elevator\Elevator.csproj", "{2FA6FA09-166C-46D7-A814-D8BF08EC826B}"
EndProject
Global
	GlobalSection(SolutionConfigurationPlatforms) = preSolution
		Debug|Any CPU = Debug|Any CPU
		Release|Any CPU = Release|Any CPU
	EndGlobalSection
	GlobalSection(ProjectConfigurationPlatforms) = postSolution
		{2FA6FA09-166C-46D7-A814-D8BF08EC826B}.Debug|Any CPU.ActiveCfg = Debug|Any CPU
		{2FA6FA09-166C-46D7-A814-D8BF08EC826B}.Debug|Any CPU.Build.0 = Debug|Any CPU
		{2FA6FA09-166C-46D7-A814-D8BF08EC826B}.Release|Any CPU.ActiveCfg = Release|Any CPU
		{2FA6FA09-166C-46D7-A814-D8BF08EC826B}.Release|Any CPU.Build.0 = Release|Any CPU
	EndGlobalSection
	GlobalSection(SolutionProperties) = preSolution
		HideSolutionNode = FALSE
	EndGlobalSection
	GlobalSection(ExtensibilityGlobals) = postSolution
		SolutionGuid = {1C8192C3-F1DD-48E9-BD4B-12BCE4A80AC7}
	EndGlobalSection
EndGlobal
