
Microsoft Visual Studio Solution File, Format Version 12.00
# Visual Studio Version 17
VisualStudioVersion = 17.9.34622.214
MinimumVisualStudioVersion = 10.0.40219.1
Project("{FAE04EC0-301F-11D3-BF4B-00C04F79EFBC}") = "23_FutsalovyTym", "23_FutsalovyTym\23_FutsalovyTym.csproj", "{3217B54C-77D4-4139-9EC2-D269984E555A}"
EndProject
Global
	GlobalSection(SolutionConfigurationPlatforms) = preSolution
		Debug|Any CPU = Debug|Any CPU
		Release|Any CPU = Release|Any CPU
	EndGlobalSection
	GlobalSection(ProjectConfigurationPlatforms) = postSolution
		{3217B54C-77D4-4139-9EC2-D269984E555A}.Debug|Any CPU.ActiveCfg = Debug|Any CPU
		{3217B54C-77D4-4139-9EC2-D269984E555A}.Debug|Any CPU.Build.0 = Debug|Any CPU
		{3217B54C-77D4-4139-9EC2-D269984E555A}.Release|Any CPU.ActiveCfg = Release|Any CPU
		{3217B54C-77D4-4139-9EC2-D269984E555A}.Release|Any CPU.Build.0 = Release|Any CPU
	EndGlobalSection
	GlobalSection(SolutionProperties) = preSolution
		HideSolutionNode = FALSE
	EndGlobalSection
	GlobalSection(ExtensibilityGlobals) = postSolution
		SolutionGuid = {9DD2969E-4E48-4F2B-A2AC-F8D522DE4E0A}
	EndGlobalSection
EndGlobal
