
Microsoft Visual Studio Solution File, Format Version 12.00
# Visual Studio Version 17
VisualStudioVersion = 17.7.34024.191
MinimumVisualStudioVersion = 10.0.40219.1
Project("{FAE04EC0-301F-11D3-BF4B-00C04F79EFBC}") = "11_StatistikaList", "11_StatistikaList\11_StatistikaList.csproj", "{6A606501-8383-4F21-81A1-9A2C1B55F76E}"
EndProject
Global
	GlobalSection(SolutionConfigurationPlatforms) = preSolution
		Debug|Any CPU = Debug|Any CPU
		Release|Any CPU = Release|Any CPU
	EndGlobalSection
	GlobalSection(ProjectConfigurationPlatforms) = postSolution
		{6A606501-8383-4F21-81A1-9A2C1B55F76E}.Debug|Any CPU.ActiveCfg = Debug|Any CPU
		{6A606501-8383-4F21-81A1-9A2C1B55F76E}.Debug|Any CPU.Build.0 = Debug|Any CPU
		{6A606501-8383-4F21-81A1-9A2C1B55F76E}.Release|Any CPU.ActiveCfg = Release|Any CPU
		{6A606501-8383-4F21-81A1-9A2C1B55F76E}.Release|Any CPU.Build.0 = Release|Any CPU
	EndGlobalSection
	GlobalSection(SolutionProperties) = preSolution
		HideSolutionNode = FALSE
	EndGlobalSection
	GlobalSection(ExtensibilityGlobals) = postSolution
		SolutionGuid = {B2E2F273-742F-4FE8-BC16-3770AA9FE543}
	EndGlobalSection
EndGlobal
