
Microsoft Visual Studio Solution File, Format Version 12.00
# Visual Studio Version 17
VisualStudioVersion = 17.7.34024.191
MinimumVisualStudioVersion = 10.0.40219.1
Project("{FAE04EC0-301F-11D3-BF4B-00C04F79EFBC}") = "06_CyklyObrazce", "06_CyklyObrazce\06_CyklyObrazce.csproj", "{93FBE962-6121-48D3-8CE1-BD9C09AA5677}"
EndProject
Global
	GlobalSection(SolutionConfigurationPlatforms) = preSolution
		Debug|Any CPU = Debug|Any CPU
		Release|Any CPU = Release|Any CPU
	EndGlobalSection
	GlobalSection(ProjectConfigurationPlatforms) = postSolution
		{93FBE962-6121-48D3-8CE1-BD9C09AA5677}.Debug|Any CPU.ActiveCfg = Debug|Any CPU
		{93FBE962-6121-48D3-8CE1-BD9C09AA5677}.Debug|Any CPU.Build.0 = Debug|Any CPU
		{93FBE962-6121-48D3-8CE1-BD9C09AA5677}.Release|Any CPU.ActiveCfg = Release|Any CPU
		{93FBE962-6121-48D3-8CE1-BD9C09AA5677}.Release|Any CPU.Build.0 = Release|Any CPU
	EndGlobalSection
	GlobalSection(SolutionProperties) = preSolution
		HideSolutionNode = FALSE
	EndGlobalSection
	GlobalSection(ExtensibilityGlobals) = postSolution
		SolutionGuid = {EB15B639-E12E-4037-9E53-92987C401FAC}
	EndGlobalSection
EndGlobal
