
Microsoft Visual Studio Solution File, Format Version 12.00
# Visual Studio Version 17
VisualStudioVersion = 17.7.34024.191
MinimumVisualStudioVersion = 10.0.40219.1
Project("{FAE04EC0-301F-11D3-BF4B-00C04F79EFBC}") = "00_ProgramoveKonstrukce", "00_ProgramoveKonstrukce\00_ProgramoveKonstrukce.csproj", "{ABD4205C-3FED-4F91-BDB1-2921BA27CEE8}"
EndProject
Global
	GlobalSection(SolutionConfigurationPlatforms) = preSolution
		Debug|Any CPU = Debug|Any CPU
		Release|Any CPU = Release|Any CPU
	EndGlobalSection
	GlobalSection(ProjectConfigurationPlatforms) = postSolution
		{ABD4205C-3FED-4F91-BDB1-2921BA27CEE8}.Debug|Any CPU.ActiveCfg = Debug|Any CPU
		{ABD4205C-3FED-4F91-BDB1-2921BA27CEE8}.Debug|Any CPU.Build.0 = Debug|Any CPU
		{ABD4205C-3FED-4F91-BDB1-2921BA27CEE8}.Release|Any CPU.ActiveCfg = Release|Any CPU
		{ABD4205C-3FED-4F91-BDB1-2921BA27CEE8}.Release|Any CPU.Build.0 = Release|Any CPU
	EndGlobalSection
	GlobalSection(SolutionProperties) = preSolution
		HideSolutionNode = FALSE
	EndGlobalSection
	GlobalSection(ExtensibilityGlobals) = postSolution
		SolutionGuid = {F05CF37E-684E-4DA2-A2C0-86B6BE545775}
	EndGlobalSection
EndGlobal
