
Microsoft Visual Studio Solution File, Format Version 12.00
# Visual Studio Version 16
VisualStudioVersion = 16.0.31613.86
MinimumVisualStudioVersion = 10.0.40219.1
Project("{FAE04EC0-301F-11D3-BF4B-00C04F79EFBC}") = "Grf", "Grf.csproj", "{50F87513-2B38-40A8-92A5-0A7BE44ED165}"
EndProject
Global
	GlobalSection(SolutionConfigurationPlatforms) = preSolution
		Debug|Any CPU = Debug|Any CPU
		Release|Any CPU = Release|Any CPU
	EndGlobalSection
	GlobalSection(ProjectConfigurationPlatforms) = postSolution
		{50F87513-2B38-40A8-92A5-0A7BE44ED165}.Debug|Any CPU.ActiveCfg = Debug|Any CPU
		{50F87513-2B38-40A8-92A5-0A7BE44ED165}.Debug|Any CPU.Build.0 = Debug|Any CPU
		{50F87513-2B38-40A8-92A5-0A7BE44ED165}.Release|Any CPU.ActiveCfg = Release|Any CPU
		{50F87513-2B38-40A8-92A5-0A7BE44ED165}.Release|Any CPU.Build.0 = Release|Any CPU
	EndGlobalSection
	GlobalSection(SolutionProperties) = preSolution
		HideSolutionNode = FALSE
	EndGlobalSection
	GlobalSection(ExtensibilityGlobals) = postSolution
		SolutionGuid = {0EE933A0-AA7F-45E1-88B4-001186EF0296}
	EndGlobalSection
EndGlobal
