
Microsoft Visual Studio Solution File, Format Version 12.00
# Visual Studio Version 17
VisualStudioVersion = 17.1.32210.238
MinimumVisualStudioVersion = 10.0.40219.1
Project("{FAE04EC0-301F-11D3-BF4B-00C04F79EFBC}") = "MenuLines", "MenuLines\MenuLines.csproj", "{5D3B88C2-D744-41E1-B82C-27F9E984EFDF}"
EndProject
Global
	GlobalSection(SolutionConfigurationPlatforms) = preSolution
		Debug|Any CPU = Debug|Any CPU
		Release|Any CPU = Release|Any CPU
	EndGlobalSection
	GlobalSection(ProjectConfigurationPlatforms) = postSolution
		{5D3B88C2-D744-41E1-B82C-27F9E984EFDF}.Debug|Any CPU.ActiveCfg = Debug|Any CPU
		{5D3B88C2-D744-41E1-B82C-27F9E984EFDF}.Debug|Any CPU.Build.0 = Debug|Any CPU
		{5D3B88C2-D744-41E1-B82C-27F9E984EFDF}.Release|Any CPU.ActiveCfg = Release|Any CPU
		{5D3B88C2-D744-41E1-B82C-27F9E984EFDF}.Release|Any CPU.Build.0 = Release|Any CPU
	EndGlobalSection
	GlobalSection(SolutionProperties) = preSolution
		HideSolutionNode = FALSE
	EndGlobalSection
	GlobalSection(ExtensibilityGlobals) = postSolution
		SolutionGuid = {160FCBC3-9732-4916-ACD9-1F1568B702D2}
	EndGlobalSection
EndGlobal
