
Microsoft Visual Studio Solution File, Format Version 12.00
# Visual Studio Version 16
VisualStudioVersion = 16.0.31112.23
MinimumVisualStudioVersion = 10.0.40219.1
Project("{FAE04EC0-301F-11D3-BF4B-00C04F79EFBC}") = "Ukolnicek", "Ukolnicek.csproj", "{FAFF95E2-F402-488D-A145-9057A31EFB43}"
EndProject
Global
	GlobalSection(SolutionConfigurationPlatforms) = preSolution
		Debug|Any CPU = Debug|Any CPU
		Release|Any CPU = Release|Any CPU
	EndGlobalSection
	GlobalSection(ProjectConfigurationPlatforms) = postSolution
		{FAFF95E2-F402-488D-A145-9057A31EFB43}.Debug|Any CPU.ActiveCfg = Debug|Any CPU
		{FAFF95E2-F402-488D-A145-9057A31EFB43}.Debug|Any CPU.Build.0 = Debug|Any CPU
		{FAFF95E2-F402-488D-A145-9057A31EFB43}.Release|Any CPU.ActiveCfg = Release|Any CPU
		{FAFF95E2-F402-488D-A145-9057A31EFB43}.Release|Any CPU.Build.0 = Release|Any CPU
	EndGlobalSection
	GlobalSection(SolutionProperties) = preSolution
		HideSolutionNode = FALSE
	EndGlobalSection
	GlobalSection(ExtensibilityGlobals) = postSolution
		SolutionGuid = {EA90A169-C3A6-4C1D-B75C-9FB3511DD227}
	EndGlobalSection
EndGlobal
