
Microsoft Visual Studio Solution File, Format Version 12.00
# Visual Studio Version 17
VisualStudioVersion = 17.1.32210.238
MinimumVisualStudioVersion = 10.0.40219.1
Project("{FAE04EC0-301F-11D3-BF4B-00C04F79EFBC}") = "NahodnePole", "NahodnePole\NahodnePole.csproj", "{8750BFCB-1F33-45A4-A23B-71C49DCC2D84}"
EndProject
Global
	GlobalSection(SolutionConfigurationPlatforms) = preSolution
		Debug|Any CPU = Debug|Any CPU
		Release|Any CPU = Release|Any CPU
	EndGlobalSection
	GlobalSection(ProjectConfigurationPlatforms) = postSolution
		{8750BFCB-1F33-45A4-A23B-71C49DCC2D84}.Debug|Any CPU.ActiveCfg = Debug|Any CPU
		{8750BFCB-1F33-45A4-A23B-71C49DCC2D84}.Debug|Any CPU.Build.0 = Debug|Any CPU
		{8750BFCB-1F33-45A4-A23B-71C49DCC2D84}.Release|Any CPU.ActiveCfg = Release|Any CPU
		{8750BFCB-1F33-45A4-A23B-71C49DCC2D84}.Release|Any CPU.Build.0 = Release|Any CPU
	EndGlobalSection
	GlobalSection(SolutionProperties) = preSolution
		HideSolutionNode = FALSE
	EndGlobalSection
	GlobalSection(ExtensibilityGlobals) = postSolution
		SolutionGuid = {7313D9AA-B48E-4E98-AE49-B3D8C959D04B}
	EndGlobalSection
EndGlobal
