
Microsoft Visual Studio Solution File, Format Version 12.00
# Visual Studio Version 17
VisualStudioVersion = 17.7.34024.191
MinimumVisualStudioVersion = 10.0.40219.1
Project("{FAE04EC0-301F-11D3-BF4B-00C04F79EFBC}") = "14_WFA", "14_WFA\14_WFA.csproj", "{6DD4D36C-8D4A-4A0E-8384-BF07F3DAADC9}"
EndProject
Global
	GlobalSection(SolutionConfigurationPlatforms) = preSolution
		Debug|Any CPU = Debug|Any CPU
		Release|Any CPU = Release|Any CPU
	EndGlobalSection
	GlobalSection(ProjectConfigurationPlatforms) = postSolution
		{6DD4D36C-8D4A-4A0E-8384-BF07F3DAADC9}.Debug|Any CPU.ActiveCfg = Debug|Any CPU
		{6DD4D36C-8D4A-4A0E-8384-BF07F3DAADC9}.Debug|Any CPU.Build.0 = Debug|Any CPU
		{6DD4D36C-8D4A-4A0E-8384-BF07F3DAADC9}.Release|Any CPU.ActiveCfg = Release|Any CPU
		{6DD4D36C-8D4A-4A0E-8384-BF07F3DAADC9}.Release|Any CPU.Build.0 = Release|Any CPU
	EndGlobalSection
	GlobalSection(SolutionProperties) = preSolution
		HideSolutionNode = FALSE
	EndGlobalSection
	GlobalSection(ExtensibilityGlobals) = postSolution
		SolutionGuid = {2AA7666B-C44F-4E3E-960E-588127358582}
	EndGlobalSection
EndGlobal
