
Microsoft Visual Studio Solution File, Format Version 12.00
# Visual Studio Version 17
VisualStudioVersion = 17.3.32929.385
MinimumVisualStudioVersion = 10.0.40219.1
Project("{FAE04EC0-301F-11D3-BF4B-00C04F79EFBC}") = "25_Histogram", "25_Histogram\25_Histogram.csproj", "{CB8B3D3A-7A0E-41F2-9C5A-299829B08917}"
EndProject
Global
	GlobalSection(SolutionConfigurationPlatforms) = preSolution
		Debug|Any CPU = Debug|Any CPU
		Release|Any CPU = Release|Any CPU
	EndGlobalSection
	GlobalSection(ProjectConfigurationPlatforms) = postSolution
		{CB8B3D3A-7A0E-41F2-9C5A-299829B08917}.Debug|Any CPU.ActiveCfg = Debug|Any CPU
		{CB8B3D3A-7A0E-41F2-9C5A-299829B08917}.Debug|Any CPU.Build.0 = Debug|Any CPU
		{CB8B3D3A-7A0E-41F2-9C5A-299829B08917}.Release|Any CPU.ActiveCfg = Release|Any CPU
		{CB8B3D3A-7A0E-41F2-9C5A-299829B08917}.Release|Any CPU.Build.0 = Release|Any CPU
	EndGlobalSection
	GlobalSection(SolutionProperties) = preSolution
		HideSolutionNode = FALSE
	EndGlobalSection
	GlobalSection(ExtensibilityGlobals) = postSolution
		SolutionGuid = {38EF52E0-2875-43CC-AD0F-FCF7E8BFFCB4}
	EndGlobalSection
EndGlobal
