
Microsoft Visual Studio Solution File, Format Version 12.00
# Visual Studio Version 17
VisualStudioVersion = 17.3.32929.385
MinimumVisualStudioVersion = 10.0.40219.1
Project("{FAE04EC0-301F-11D3-BF4B-00C04F79EFBC}") = "17_Prvocisla", "17_Prvocisla\17_Prvocisla.csproj", "{5CD3DD6A-F763-43AA-852A-12836D380562}"
EndProject
Global
	GlobalSection(SolutionConfigurationPlatforms) = preSolution
		Debug|Any CPU = Debug|Any CPU
		Release|Any CPU = Release|Any CPU
	EndGlobalSection
	GlobalSection(ProjectConfigurationPlatforms) = postSolution
		{5CD3DD6A-F763-43AA-852A-12836D380562}.Debug|Any CPU.ActiveCfg = Debug|Any CPU
		{5CD3DD6A-F763-43AA-852A-12836D380562}.Debug|Any CPU.Build.0 = Debug|Any CPU
		{5CD3DD6A-F763-43AA-852A-12836D380562}.Release|Any CPU.ActiveCfg = Release|Any CPU
		{5CD3DD6A-F763-43AA-852A-12836D380562}.Release|Any CPU.Build.0 = Release|Any CPU
	EndGlobalSection
	GlobalSection(SolutionProperties) = preSolution
		HideSolutionNode = FALSE
	EndGlobalSection
	GlobalSection(ExtensibilityGlobals) = postSolution
		SolutionGuid = {84F4435A-E15E-47A0-B0BF-659AE4FCC1A9}
	EndGlobalSection
EndGlobal
