
Microsoft Visual Studio Solution File, Format Version 12.00
# Visual Studio Version 17
VisualStudioVersion = 17.13.35828.75 d17.13
MinimumVisualStudioVersion = 10.0.40219.1
Project("{FAE04EC0-301F-11D3-BF4B-00C04F79EFBC}") = "16_Polynomy", "16_Polynomy\16_Polynomy.csproj", "{00035A39-47DE-4535-B9EB-6CC9C3DC8A17}"
EndProject
Global
	GlobalSection(SolutionConfigurationPlatforms) = preSolution
		Debug|Any CPU = Debug|Any CPU
		Release|Any CPU = Release|Any CPU
	EndGlobalSection
	GlobalSection(ProjectConfigurationPlatforms) = postSolution
		{00035A39-47DE-4535-B9EB-6CC9C3DC8A17}.Debug|Any CPU.ActiveCfg = Debug|Any CPU
		{00035A39-47DE-4535-B9EB-6CC9C3DC8A17}.Debug|Any CPU.Build.0 = Debug|Any CPU
		{00035A39-47DE-4535-B9EB-6CC9C3DC8A17}.Release|Any CPU.ActiveCfg = Release|Any CPU
		{00035A39-47DE-4535-B9EB-6CC9C3DC8A17}.Release|Any CPU.Build.0 = Release|Any CPU
	EndGlobalSection
	GlobalSection(SolutionProperties) = preSolution
		HideSolutionNode = FALSE
	EndGlobalSection
	GlobalSection(ExtensibilityGlobals) = postSolution
		SolutionGuid = {0B5A6556-E011-450E-94E8-77198564256F}
	EndGlobalSection
EndGlobal
