
Microsoft Visual Studio Solution File, Format Version 12.00
# Visual Studio Version 17
VisualStudioVersion = 17.3.32922.545
MinimumVisualStudioVersion = 10.0.40219.1
Project("{FAE04EC0-301F-11D3-BF4B-00C04F79EFBC}") = "01_Adersar", "01_Adersar\01_Adersar.csproj", "{B18ABDB7-7F03-4E2F-8E8B-35E44E0B6E93}"
EndProject
Global
	GlobalSection(SolutionConfigurationPlatforms) = preSolution
		Debug|Any CPU = Debug|Any CPU
		Release|Any CPU = Release|Any CPU
	EndGlobalSection
	GlobalSection(ProjectConfigurationPlatforms) = postSolution
		{B18ABDB7-7F03-4E2F-8E8B-35E44E0B6E93}.Debug|Any CPU.ActiveCfg = Debug|Any CPU
		{B18ABDB7-7F03-4E2F-8E8B-35E44E0B6E93}.Debug|Any CPU.Build.0 = Debug|Any CPU
		{B18ABDB7-7F03-4E2F-8E8B-35E44E0B6E93}.Release|Any CPU.ActiveCfg = Release|Any CPU
		{B18ABDB7-7F03-4E2F-8E8B-35E44E0B6E93}.Release|Any CPU.Build.0 = Release|Any CPU
	EndGlobalSection
	GlobalSection(SolutionProperties) = preSolution
		HideSolutionNode = FALSE
	EndGlobalSection
	GlobalSection(ExtensibilityGlobals) = postSolution
		SolutionGuid = {CDAA20EB-1E4E-43FF-8F75-322E55104324}
	EndGlobalSection
EndGlobal
