
Microsoft Visual Studio Solution File, Format Version 12.00
# Visual Studio Version 17
VisualStudioVersion = 17.13.35828.75 d17.13
MinimumVisualStudioVersion = 10.0.40219.1
Project("{FAE04EC0-301F-11D3-BF4B-00C04F79EFBC}") = "ZOO_OOP", "ZOO_OOP\ZOO_OOP.csproj", "{54B60250-C7D3-4DA7-9BA6-BEF24DE8343F}"
EndProject
Global
	GlobalSection(SolutionConfigurationPlatforms) = preSolution
		Debug|Any CPU = Debug|Any CPU
		Release|Any CPU = Release|Any CPU
	EndGlobalSection
	GlobalSection(ProjectConfigurationPlatforms) = postSolution
		{54B60250-C7D3-4DA7-9BA6-BEF24DE8343F}.Debug|Any CPU.ActiveCfg = Debug|Any CPU
		{54B60250-C7D3-4DA7-9BA6-BEF24DE8343F}.Debug|Any CPU.Build.0 = Debug|Any CPU
		{54B60250-C7D3-4DA7-9BA6-BEF24DE8343F}.Release|Any CPU.ActiveCfg = Release|Any CPU
		{54B60250-C7D3-4DA7-9BA6-BEF24DE8343F}.Release|Any CPU.Build.0 = Release|Any CPU
	EndGlobalSection
	GlobalSection(SolutionProperties) = preSolution
		HideSolutionNode = FALSE
	EndGlobalSection
	GlobalSection(ExtensibilityGlobals) = postSolution
		SolutionGuid = {C51B52A4-96CC-4CD8-ACD9-EAFF6751744F}
	EndGlobalSection
EndGlobal
