
Microsoft Visual Studio Solution File, Format Version 12.00
# Visual Studio Version 16
VisualStudioVersion = 16.0.31613.86
MinimumVisualStudioVersion = 10.0.40219.1
Project("{FAE04EC0-301F-11D3-BF4B-00C04F79EFBC}") = "CycleString", "CycleString.csproj", "{51D5D73F-24E4-468B-A484-12498FCDB2D5}"
EndProject
Global
	GlobalSection(SolutionConfigurationPlatforms) = preSolution
		Debug|Any CPU = Debug|Any CPU
		Release|Any CPU = Release|Any CPU
	EndGlobalSection
	GlobalSection(ProjectConfigurationPlatforms) = postSolution
		{51D5D73F-24E4-468B-A484-12498FCDB2D5}.Debug|Any CPU.ActiveCfg = Debug|Any CPU
		{51D5D73F-24E4-468B-A484-12498FCDB2D5}.Debug|Any CPU.Build.0 = Debug|Any CPU
		{51D5D73F-24E4-468B-A484-12498FCDB2D5}.Release|Any CPU.ActiveCfg = Release|Any CPU
		{51D5D73F-24E4-468B-A484-12498FCDB2D5}.Release|Any CPU.Build.0 = Release|Any CPU
	EndGlobalSection
	GlobalSection(SolutionProperties) = preSolution
		HideSolutionNode = FALSE
	EndGlobalSection
	GlobalSection(ExtensibilityGlobals) = postSolution
		SolutionGuid = {40B28819-5A6F-4ED7-BB8A-5784D1F5806B}
	EndGlobalSection
EndGlobal
