
Microsoft Visual Studio Solution File, Format Version 12.00
# Visual Studio Version 16
VisualStudioVersion = 16.0.31613.86
MinimumVisualStudioVersion = 10.0.40219.1
Project("{FAE04EC0-301F-11D3-BF4B-00C04F79EFBC}") = "Arrays", "Arrays\Arrays.csproj", "{CD460053-EDCF-47B4-8746-9BE877B08BDF}"
EndProject
Global
	GlobalSection(SolutionConfigurationPlatforms) = preSolution
		Debug|Any CPU = Debug|Any CPU
		Release|Any CPU = Release|Any CPU
	EndGlobalSection
	GlobalSection(ProjectConfigurationPlatforms) = postSolution
		{CD460053-EDCF-47B4-8746-9BE877B08BDF}.Debug|Any CPU.ActiveCfg = Debug|Any CPU
		{CD460053-EDCF-47B4-8746-9BE877B08BDF}.Debug|Any CPU.Build.0 = Debug|Any CPU
		{CD460053-EDCF-47B4-8746-9BE877B08BDF}.Release|Any CPU.ActiveCfg = Release|Any CPU
		{CD460053-EDCF-47B4-8746-9BE877B08BDF}.Release|Any CPU.Build.0 = Release|Any CPU
	EndGlobalSection
	GlobalSection(SolutionProperties) = preSolution
		HideSolutionNode = FALSE
	EndGlobalSection
	GlobalSection(ExtensibilityGlobals) = postSolution
		SolutionGuid = {E74F2429-ED51-4D7F-A806-621AF1B4C66F}
	EndGlobalSection
EndGlobal
