
Microsoft Visual Studio Solution File, Format Version 12.00
# Visual Studio Version 16
VisualStudioVersion = 16.0.31729.503
MinimumVisualStudioVersion = 10.0.40219.1
Project("{FAE04EC0-301F-11D3-BF4B-00C04F79EFBC}") = "Revision", "Revision\Revision.csproj", "{4A2B2A38-8B67-42EE-88A2-101829EC5FE5}"
EndProject
Global
	GlobalSection(SolutionConfigurationPlatforms) = preSolution
		Debug|Any CPU = Debug|Any CPU
		Release|Any CPU = Release|Any CPU
	EndGlobalSection
	GlobalSection(ProjectConfigurationPlatforms) = postSolution
		{4A2B2A38-8B67-42EE-88A2-101829EC5FE5}.Debug|Any CPU.ActiveCfg = Debug|Any CPU
		{4A2B2A38-8B67-42EE-88A2-101829EC5FE5}.Debug|Any CPU.Build.0 = Debug|Any CPU
		{4A2B2A38-8B67-42EE-88A2-101829EC5FE5}.Release|Any CPU.ActiveCfg = Release|Any CPU
		{4A2B2A38-8B67-42EE-88A2-101829EC5FE5}.Release|Any CPU.Build.0 = Release|Any CPU
	EndGlobalSection
	GlobalSection(SolutionProperties) = preSolution
		HideSolutionNode = FALSE
	EndGlobalSection
	GlobalSection(ExtensibilityGlobals) = postSolution
		SolutionGuid = {E4D7D66F-8B26-44B8-AEEC-D9B164DA6D1C}
	EndGlobalSection
EndGlobal
