
Microsoft Visual Studio Solution File, Format Version 12.00
# Visual Studio Version 17
VisualStudioVersion = 17.7.34024.191
MinimumVisualStudioVersion = 10.0.40219.1
Project("{FAE04EC0-301F-11D3-BF4B-00C04F79EFBC}") = "07_Cykly", "07_Cykly\07_Cykly.csproj", "{C926F83E-A4BC-401B-9C1E-8A59467FE1AA}"
EndProject
Global
	GlobalSection(SolutionConfigurationPlatforms) = preSolution
		Debug|Any CPU = Debug|Any CPU
		Release|Any CPU = Release|Any CPU
	EndGlobalSection
	GlobalSection(ProjectConfigurationPlatforms) = postSolution
		{C926F83E-A4BC-401B-9C1E-8A59467FE1AA}.Debug|Any CPU.ActiveCfg = Debug|Any CPU
		{C926F83E-A4BC-401B-9C1E-8A59467FE1AA}.Debug|Any CPU.Build.0 = Debug|Any CPU
		{C926F83E-A4BC-401B-9C1E-8A59467FE1AA}.Release|Any CPU.ActiveCfg = Release|Any CPU
		{C926F83E-A4BC-401B-9C1E-8A59467FE1AA}.Release|Any CPU.Build.0 = Release|Any CPU
	EndGlobalSection
	GlobalSection(SolutionProperties) = preSolution
		HideSolutionNode = FALSE
	EndGlobalSection
	GlobalSection(ExtensibilityGlobals) = postSolution
		SolutionGuid = {CB763232-4520-478E-8618-75061609BA17}
	EndGlobalSection
EndGlobal
