
Microsoft Visual Studio Solution File, Format Version 12.00
# Visual Studio Version 17
VisualStudioVersion = 17.7.34024.191
MinimumVisualStudioVersion = 10.0.40219.1
Project("{FAE04EC0-301F-11D3-BF4B-00C04F79EFBC}") = "04_Histogram", "04_Histogram\04_Histogram.csproj", "{DDEA6121-EEFF-44A3-BBA5-8E51D1052F45}"
EndProject
Global
	GlobalSection(SolutionConfigurationPlatforms) = preSolution
		Debug|Any CPU = Debug|Any CPU
		Release|Any CPU = Release|Any CPU
	EndGlobalSection
	GlobalSection(ProjectConfigurationPlatforms) = postSolution
		{DDEA6121-EEFF-44A3-BBA5-8E51D1052F45}.Debug|Any CPU.ActiveCfg = Debug|Any CPU
		{DDEA6121-EEFF-44A3-BBA5-8E51D1052F45}.Debug|Any CPU.Build.0 = Debug|Any CPU
		{DDEA6121-EEFF-44A3-BBA5-8E51D1052F45}.Release|Any CPU.ActiveCfg = Release|Any CPU
		{DDEA6121-EEFF-44A3-BBA5-8E51D1052F45}.Release|Any CPU.Build.0 = Release|Any CPU
	EndGlobalSection
	GlobalSection(SolutionProperties) = preSolution
		HideSolutionNode = FALSE
	EndGlobalSection
	GlobalSection(ExtensibilityGlobals) = postSolution
		SolutionGuid = {8E642BEA-9343-464B-AEE2-DF71E4880507}
	EndGlobalSection
EndGlobal
