
Microsoft Visual Studio Solution File, Format Version 12.00
# Visual Studio Version 17
VisualStudioVersion = 17.7.34018.315
MinimumVisualStudioVersion = 10.0.40219.1
Project("{FAE04EC0-301F-11D3-BF4B-00C04F79EFBC}") = "06_VlajkyKviz", "06_VlajkyKviz\06_VlajkyKviz.csproj", "{A62442EE-187C-45F2-9938-F0371F0CC117}"
EndProject
Global
	GlobalSection(SolutionConfigurationPlatforms) = preSolution
		Debug|Any CPU = Debug|Any CPU
		Release|Any CPU = Release|Any CPU
	EndGlobalSection
	GlobalSection(ProjectConfigurationPlatforms) = postSolution
		{A62442EE-187C-45F2-9938-F0371F0CC117}.Debug|Any CPU.ActiveCfg = Debug|Any CPU
		{A62442EE-187C-45F2-9938-F0371F0CC117}.Debug|Any CPU.Build.0 = Debug|Any CPU
		{A62442EE-187C-45F2-9938-F0371F0CC117}.Release|Any CPU.ActiveCfg = Release|Any CPU
		{A62442EE-187C-45F2-9938-F0371F0CC117}.Release|Any CPU.Build.0 = Release|Any CPU
	EndGlobalSection
	GlobalSection(SolutionProperties) = preSolution
		HideSolutionNode = FALSE
	EndGlobalSection
	GlobalSection(ExtensibilityGlobals) = postSolution
		SolutionGuid = {1ACEA265-073C-4174-B8BA-F713A0799E02}
	EndGlobalSection
EndGlobal
