
Microsoft Visual Studio Solution File, Format Version 12.00
# Visual Studio Version 17
VisualStudioVersion = 17.7.34024.191
MinimumVisualStudioVersion = 10.0.40219.1
Project("{FAE04EC0-301F-11D3-BF4B-00C04F79EFBC}") = "DemoUnit", "DemoUnit\DemoUnit.csproj", "{927286D0-53D9-467C-BDB8-BE04D86C0493}"
EndProject
Project("{FAE04EC0-301F-11D3-BF4B-00C04F79EFBC}") = "DemoUnitTests1", "DemoUnitTests1\DemoUnitTests1.csproj", "{A0A431D8-6C99-49FF-B35D-E89F32D2CC5A}"
EndProject
Global
	GlobalSection(SolutionConfigurationPlatforms) = preSolution
		Debug|Any CPU = Debug|Any CPU
		Release|Any CPU = Release|Any CPU
	EndGlobalSection
	GlobalSection(ProjectConfigurationPlatforms) = postSolution
		{927286D0-53D9-467C-BDB8-BE04D86C0493}.Debug|Any CPU.ActiveCfg = Debug|Any CPU
		{927286D0-53D9-467C-BDB8-BE04D86C0493}.Debug|Any CPU.Build.0 = Debug|Any CPU
		{927286D0-53D9-467C-BDB8-BE04D86C0493}.Release|Any CPU.ActiveCfg = Release|Any CPU
		{927286D0-53D9-467C-BDB8-BE04D86C0493}.Release|Any CPU.Build.0 = Release|Any CPU
		{A0A431D8-6C99-49FF-B35D-E89F32D2CC5A}.Debug|Any CPU.ActiveCfg = Debug|Any CPU
		{A0A431D8-6C99-49FF-B35D-E89F32D2CC5A}.Debug|Any CPU.Build.0 = Debug|Any CPU
		{A0A431D8-6C99-49FF-B35D-E89F32D2CC5A}.Release|Any CPU.ActiveCfg = Release|Any CPU
		{A0A431D8-6C99-49FF-B35D-E89F32D2CC5A}.Release|Any CPU.Build.0 = Release|Any CPU
	EndGlobalSection
	GlobalSection(SolutionProperties) = preSolution
		HideSolutionNode = FALSE
	EndGlobalSection
	GlobalSection(ExtensibilityGlobals) = postSolution
		SolutionGuid = {2B10544F-8241-490A-A4DD-987F5321A45F}
	EndGlobalSection
EndGlobal
