
Microsoft Visual Studio Solution File, Format Version 12.00
# Visual Studio Version 17
VisualStudioVersion = 17.7.34024.191
MinimumVisualStudioVersion = 10.0.40219.1
Project("{FAE04EC0-301F-11D3-BF4B-00C04F79EFBC}") = "03_DemoWeb", "03_DemoWeb\03_DemoWeb.csproj", "{FDCE6C53-7A00-4F38-810A-0478D61EF76A}"
EndProject
Global
	GlobalSection(SolutionConfigurationPlatforms) = preSolution
		Debug|Any CPU = Debug|Any CPU
		Release|Any CPU = Release|Any CPU
	EndGlobalSection
	GlobalSection(ProjectConfigurationPlatforms) = postSolution
		{FDCE6C53-7A00-4F38-810A-0478D61EF76A}.Debug|Any CPU.ActiveCfg = Debug|Any CPU
		{FDCE6C53-7A00-4F38-810A-0478D61EF76A}.Debug|Any CPU.Build.0 = Debug|Any CPU
		{FDCE6C53-7A00-4F38-810A-0478D61EF76A}.Release|Any CPU.ActiveCfg = Release|Any CPU
		{FDCE6C53-7A00-4F38-810A-0478D61EF76A}.Release|Any CPU.Build.0 = Release|Any CPU
	EndGlobalSection
	GlobalSection(SolutionProperties) = preSolution
		HideSolutionNode = FALSE
	EndGlobalSection
	GlobalSection(ExtensibilityGlobals) = postSolution
		SolutionGuid = {A370EC83-917E-44AA-9D61-608F7F828886}
	EndGlobalSection
EndGlobal
