
Microsoft Visual Studio Solution File, Format Version 12.00
# Visual Studio Version 17
VisualStudioVersion = 17.3.32929.385
MinimumVisualStudioVersion = 10.0.40219.1
Project("{FAE04EC0-301F-11D3-BF4B-00C04F79EFBC}") = "23_FutsalovyTym", "23_FutsalovyTym\23_FutsalovyTym.csproj", "{22C4C4F3-2567-4592-8717-BCC7403DEB6E}"
EndProject
Global
	GlobalSection(SolutionConfigurationPlatforms) = preSolution
		Debug|Any CPU = Debug|Any CPU
		Release|Any CPU = Release|Any CPU
	EndGlobalSection
	GlobalSection(ProjectConfigurationPlatforms) = postSolution
		{22C4C4F3-2567-4592-8717-BCC7403DEB6E}.Debug|Any CPU.ActiveCfg = Debug|Any CPU
		{22C4C4F3-2567-4592-8717-BCC7403DEB6E}.Debug|Any CPU.Build.0 = Debug|Any CPU
		{22C4C4F3-2567-4592-8717-BCC7403DEB6E}.Release|Any CPU.ActiveCfg = Release|Any CPU
		{22C4C4F3-2567-4592-8717-BCC7403DEB6E}.Release|Any CPU.Build.0 = Release|Any CPU
	EndGlobalSection
	GlobalSection(SolutionProperties) = preSolution
		HideSolutionNode = FALSE
	EndGlobalSection
	GlobalSection(ExtensibilityGlobals) = postSolution
		SolutionGuid = {1DF7A619-29BF-4258-BEB0-1CD04C14BAE6}
	EndGlobalSection
EndGlobal
