
Microsoft Visual Studio Solution File, Format Version 12.00
# Visual Studio Version 17
VisualStudioVersion = 17.13.35828.75 d17.13
MinimumVisualStudioVersion = 10.0.40219.1
Project("{FAE04EC0-301F-11D3-BF4B-00C04F79EFBC}") = "18_BMI", "18_BMI\18_BMI.csproj", "{3F5406CE-DA4B-4AF4-9C69-77580E561F15}"
EndProject
Global
	GlobalSection(SolutionConfigurationPlatforms) = preSolution
		Debug|Any CPU = Debug|Any CPU
		Release|Any CPU = Release|Any CPU
	EndGlobalSection
	GlobalSection(ProjectConfigurationPlatforms) = postSolution
		{3F5406CE-DA4B-4AF4-9C69-77580E561F15}.Debug|Any CPU.ActiveCfg = Debug|Any CPU
		{3F5406CE-DA4B-4AF4-9C69-77580E561F15}.Debug|Any CPU.Build.0 = Debug|Any CPU
		{3F5406CE-DA4B-4AF4-9C69-77580E561F15}.Release|Any CPU.ActiveCfg = Release|Any CPU
		{3F5406CE-DA4B-4AF4-9C69-77580E561F15}.Release|Any CPU.Build.0 = Release|Any CPU
	EndGlobalSection
	GlobalSection(SolutionProperties) = preSolution
		HideSolutionNode = FALSE
	EndGlobalSection
	GlobalSection(ExtensibilityGlobals) = postSolution
		SolutionGuid = {D4F231F3-8DBB-4587-BD6A-A482981BB236}
	EndGlobalSection
EndGlobal
