
Microsoft Visual Studio Solution File, Format Version 12.00
# Visual Studio Version 17
VisualStudioVersion = 17.7.34024.191
MinimumVisualStudioVersion = 10.0.40219.1
Project("{FAE04EC0-301F-11D3-BF4B-00C04F79EFBC}") = "MinMax", "MinMax\MinMax.csproj", "{7450B1D1-7F43-4D5D-8EFB-CD810F22D38C}"
EndProject
Global
	GlobalSection(SolutionConfigurationPlatforms) = preSolution
		Debug|Any CPU = Debug|Any CPU
		Release|Any CPU = Release|Any CPU
	EndGlobalSection
	GlobalSection(ProjectConfigurationPlatforms) = postSolution
		{7450B1D1-7F43-4D5D-8EFB-CD810F22D38C}.Debug|Any CPU.ActiveCfg = Debug|Any CPU
		{7450B1D1-7F43-4D5D-8EFB-CD810F22D38C}.Debug|Any CPU.Build.0 = Debug|Any CPU
		{7450B1D1-7F43-4D5D-8EFB-CD810F22D38C}.Release|Any CPU.ActiveCfg = Release|Any CPU
		{7450B1D1-7F43-4D5D-8EFB-CD810F22D38C}.Release|Any CPU.Build.0 = Release|Any CPU
	EndGlobalSection
	GlobalSection(SolutionProperties) = preSolution
		HideSolutionNode = FALSE
	EndGlobalSection
	GlobalSection(ExtensibilityGlobals) = postSolution
		SolutionGuid = {E9AF2B90-9953-4223-A4FF-30910455F586}
	EndGlobalSection
EndGlobal
