
Microsoft Visual Studio Solution File, Format Version 12.00
# Visual Studio Version 16
VisualStudioVersion = 16.0.30711.63
MinimumVisualStudioVersion = 10.0.40219.1
Project("{FAE04EC0-301F-11D3-BF4B-00C04F79EFBC}") = "UserInterface", "UserInterface.csproj", "{2C5FA987-F11E-4145-BFB9-042AAF8D8060}"
EndProject
Global
	GlobalSection(SolutionConfigurationPlatforms) = preSolution
		Debug|Any CPU = Debug|Any CPU
		Release|Any CPU = Release|Any CPU
	EndGlobalSection
	GlobalSection(ProjectConfigurationPlatforms) = postSolution
		{2C5FA987-F11E-4145-BFB9-042AAF8D8060}.Debug|Any CPU.ActiveCfg = Debug|Any CPU
		{2C5FA987-F11E-4145-BFB9-042AAF8D8060}.Debug|Any CPU.Build.0 = Debug|Any CPU
		{2C5FA987-F11E-4145-BFB9-042AAF8D8060}.Release|Any CPU.ActiveCfg = Release|Any CPU
		{2C5FA987-F11E-4145-BFB9-042AAF8D8060}.Release|Any CPU.Build.0 = Release|Any CPU
	EndGlobalSection
	GlobalSection(SolutionProperties) = preSolution
		HideSolutionNode = FALSE
	EndGlobalSection
	GlobalSection(ExtensibilityGlobals) = postSolution
		SolutionGuid = {7A440CDD-6EBA-49A2-B46A-09F87760587E}
	EndGlobalSection
EndGlobal
