
Microsoft Visual Studio Solution File, Format Version 12.00
# Visual Studio Version 17
VisualStudioVersion = 17.7.34024.191
MinimumVisualStudioVersion = 10.0.40219.1
Project("{FAE04EC0-301F-11D3-BF4B-00C04F79EFBC}") = "04_Vstupenky", "04_Vstupenky\04_Vstupenky.csproj", "{406F9CB1-0382-4F59-B494-38E4063C1CFE}"
EndProject
Global
	GlobalSection(SolutionConfigurationPlatforms) = preSolution
		Debug|Any CPU = Debug|Any CPU
		Release|Any CPU = Release|Any CPU
	EndGlobalSection
	GlobalSection(ProjectConfigurationPlatforms) = postSolution
		{406F9CB1-0382-4F59-B494-38E4063C1CFE}.Debug|Any CPU.ActiveCfg = Debug|Any CPU
		{406F9CB1-0382-4F59-B494-38E4063C1CFE}.Debug|Any CPU.Build.0 = Debug|Any CPU
		{406F9CB1-0382-4F59-B494-38E4063C1CFE}.Release|Any CPU.ActiveCfg = Release|Any CPU
		{406F9CB1-0382-4F59-B494-38E4063C1CFE}.Release|Any CPU.Build.0 = Release|Any CPU
	EndGlobalSection
	GlobalSection(SolutionProperties) = preSolution
		HideSolutionNode = FALSE
	EndGlobalSection
	GlobalSection(ExtensibilityGlobals) = postSolution
		SolutionGuid = {28CA904C-6508-4379-A46E-E07170DB51AE}
	EndGlobalSection
EndGlobal
