
Microsoft Visual Studio Solution File, Format Version 12.00
# Visual Studio Version 16
VisualStudioVersion = 16.0.30711.63
MinimumVisualStudioVersion = 10.0.40219.1
Project("{FAE04EC0-301F-11D3-BF4B-00C04F79EFBC}") = "AppWithParameters", "AppWithParameters.csproj", "{DC71B5EE-118C-438D-BB03-9710CA2EF2AC}"
EndProject
Global
	GlobalSection(SolutionConfigurationPlatforms) = preSolution
		Debug|Any CPU = Debug|Any CPU
		Release|Any CPU = Release|Any CPU
	EndGlobalSection
	GlobalSection(ProjectConfigurationPlatforms) = postSolution
		{DC71B5EE-118C-438D-BB03-9710CA2EF2AC}.Debug|Any CPU.ActiveCfg = Debug|Any CPU
		{DC71B5EE-118C-438D-BB03-9710CA2EF2AC}.Debug|Any CPU.Build.0 = Debug|Any CPU
		{DC71B5EE-118C-438D-BB03-9710CA2EF2AC}.Release|Any CPU.ActiveCfg = Release|Any CPU
		{DC71B5EE-118C-438D-BB03-9710CA2EF2AC}.Release|Any CPU.Build.0 = Release|Any CPU
	EndGlobalSection
	GlobalSection(SolutionProperties) = preSolution
		HideSolutionNode = FALSE
	EndGlobalSection
	GlobalSection(ExtensibilityGlobals) = postSolution
		SolutionGuid = {B0B5FB80-C62D-4A26-970F-69196F72E24E}
	EndGlobalSection
EndGlobal
