
Microsoft Visual Studio Solution File, Format Version 12.00
# Visual Studio Version 17
VisualStudioVersion = 17.1.32210.238
MinimumVisualStudioVersion = 10.0.40219.1
Project("{FAE04EC0-301F-11D3-BF4B-00C04F79EFBC}") = "Animace", "Animace\Animace.csproj", "{C1972306-1359-44FD-BDFC-1FBB0B2E01F8}"
EndProject
Global
	GlobalSection(SolutionConfigurationPlatforms) = preSolution
		Debug|Any CPU = Debug|Any CPU
		Release|Any CPU = Release|Any CPU
	EndGlobalSection
	GlobalSection(ProjectConfigurationPlatforms) = postSolution
		{C1972306-1359-44FD-BDFC-1FBB0B2E01F8}.Debug|Any CPU.ActiveCfg = Debug|Any CPU
		{C1972306-1359-44FD-BDFC-1FBB0B2E01F8}.Debug|Any CPU.Build.0 = Debug|Any CPU
		{C1972306-1359-44FD-BDFC-1FBB0B2E01F8}.Release|Any CPU.ActiveCfg = Release|Any CPU
		{C1972306-1359-44FD-BDFC-1FBB0B2E01F8}.Release|Any CPU.Build.0 = Release|Any CPU
	EndGlobalSection
	GlobalSection(SolutionProperties) = preSolution
		HideSolutionNode = FALSE
	EndGlobalSection
	GlobalSection(ExtensibilityGlobals) = postSolution
		SolutionGuid = {DDEC0CB1-A56D-4104-BFF5-C2DA75896BF1}
	EndGlobalSection
EndGlobal
