
Microsoft Visual Studio Solution File, Format Version 12.00
# Visual Studio Version 16
VisualStudioVersion = 16.0.30711.63
MinimumVisualStudioVersion = 10.0.40219.1
Project("{FAE04EC0-301F-11D3-BF4B-00C04F79EFBC}") = "081220", "081220.csproj", "{F3C80AD0-7CCA-48C9-A9D6-5D05AB62FF4D}"
EndProject
Global
	GlobalSection(SolutionConfigurationPlatforms) = preSolution
		Debug|Any CPU = Debug|Any CPU
		Release|Any CPU = Release|Any CPU
	EndGlobalSection
	GlobalSection(ProjectConfigurationPlatforms) = postSolution
		{F3C80AD0-7CCA-48C9-A9D6-5D05AB62FF4D}.Debug|Any CPU.ActiveCfg = Debug|Any CPU
		{F3C80AD0-7CCA-48C9-A9D6-5D05AB62FF4D}.Debug|Any CPU.Build.0 = Debug|Any CPU
		{F3C80AD0-7CCA-48C9-A9D6-5D05AB62FF4D}.Release|Any CPU.ActiveCfg = Release|Any CPU
		{F3C80AD0-7CCA-48C9-A9D6-5D05AB62FF4D}.Release|Any CPU.Build.0 = Release|Any CPU
	EndGlobalSection
	GlobalSection(SolutionProperties) = preSolution
		HideSolutionNode = FALSE
	EndGlobalSection
	GlobalSection(ExtensibilityGlobals) = postSolution
		SolutionGuid = {B5B4BA4C-6739-41A5-8950-6D4430D91CE7}
	EndGlobalSection
EndGlobal
