
Microsoft Visual Studio Solution File, Format Version 12.00
# Visual Studio Version 16
VisualStudioVersion = 16.0.31112.23
MinimumVisualStudioVersion = 10.0.40219.1
Project("{FAE04EC0-301F-11D3-BF4B-00C04F79EFBC}") = "UserFormApp", "UserFormApp.csproj", "{E3E636ED-688C-44CE-AD8F-CB19658D3AA4}"
EndProject
Global
	GlobalSection(SolutionConfigurationPlatforms) = preSolution
		Debug|Any CPU = Debug|Any CPU
		Release|Any CPU = Release|Any CPU
	EndGlobalSection
	GlobalSection(ProjectConfigurationPlatforms) = postSolution
		{E3E636ED-688C-44CE-AD8F-CB19658D3AA4}.Debug|Any CPU.ActiveCfg = Debug|Any CPU
		{E3E636ED-688C-44CE-AD8F-CB19658D3AA4}.Debug|Any CPU.Build.0 = Debug|Any CPU
		{E3E636ED-688C-44CE-AD8F-CB19658D3AA4}.Release|Any CPU.ActiveCfg = Release|Any CPU
		{E3E636ED-688C-44CE-AD8F-CB19658D3AA4}.Release|Any CPU.Build.0 = Release|Any CPU
	EndGlobalSection
	GlobalSection(SolutionProperties) = preSolution
		HideSolutionNode = FALSE
	EndGlobalSection
	GlobalSection(ExtensibilityGlobals) = postSolution
		SolutionGuid = {C69D6F1E-D852-42AB-BE85-13B3121842AC}
	EndGlobalSection
EndGlobal
