
Microsoft Visual Studio Solution File, Format Version 12.00
# Visual Studio Version 17
VisualStudioVersion = 17.7.34024.191
MinimumVisualStudioVersion = 10.0.40219.1
Project("{FAE04EC0-301F-11D3-BF4B-00C04F79EFBC}") = "02_CiselneSoustavy", "02_CiselneSoustavy\02_CiselneSoustavy.csproj", "{C0DC77AD-C266-4186-B8CF-AA8DA57DFC94}"
EndProject
Global
	GlobalSection(SolutionConfigurationPlatforms) = preSolution
		Debug|Any CPU = Debug|Any CPU
		Release|Any CPU = Release|Any CPU
	EndGlobalSection
	GlobalSection(ProjectConfigurationPlatforms) = postSolution
		{C0DC77AD-C266-4186-B8CF-AA8DA57DFC94}.Debug|Any CPU.ActiveCfg = Debug|Any CPU
		{C0DC77AD-C266-4186-B8CF-AA8DA57DFC94}.Debug|Any CPU.Build.0 = Debug|Any CPU
		{C0DC77AD-C266-4186-B8CF-AA8DA57DFC94}.Release|Any CPU.ActiveCfg = Release|Any CPU
		{C0DC77AD-C266-4186-B8CF-AA8DA57DFC94}.Release|Any CPU.Build.0 = Release|Any CPU
	EndGlobalSection
	GlobalSection(SolutionProperties) = preSolution
		HideSolutionNode = FALSE
	EndGlobalSection
	GlobalSection(ExtensibilityGlobals) = postSolution
		SolutionGuid = {F0EDEBC2-805F-4CB2-BEE1-26A9239ACC2F}
	EndGlobalSection
EndGlobal
