
Microsoft Visual Studio Solution File, Format Version 12.00
# Visual Studio Version 17
VisualStudioVersion = 17.7.34024.191
MinimumVisualStudioVersion = 10.0.40219.1
Project("{FAE04EC0-301F-11D3-BF4B-00C04F79EFBC}") = "Who_prakitcka", "Who_prakitcka\Who_prakitcka.csproj", "{662435BA-3376-4D8A-8093-47237D0C2973}"
EndProject
Global
	GlobalSection(SolutionConfigurationPlatforms) = preSolution
		Debug|Any CPU = Debug|Any CPU
		Release|Any CPU = Release|Any CPU
	EndGlobalSection
	GlobalSection(ProjectConfigurationPlatforms) = postSolution
		{662435BA-3376-4D8A-8093-47237D0C2973}.Debug|Any CPU.ActiveCfg = Debug|Any CPU
		{662435BA-3376-4D8A-8093-47237D0C2973}.Debug|Any CPU.Build.0 = Debug|Any CPU
		{662435BA-3376-4D8A-8093-47237D0C2973}.Release|Any CPU.ActiveCfg = Release|Any CPU
		{662435BA-3376-4D8A-8093-47237D0C2973}.Release|Any CPU.Build.0 = Release|Any CPU
	EndGlobalSection
	GlobalSection(SolutionProperties) = preSolution
		HideSolutionNode = FALSE
	EndGlobalSection
	GlobalSection(ExtensibilityGlobals) = postSolution
		SolutionGuid = {D0A61F22-E3BC-4C4F-B7F5-131C5B20E3A9}
	EndGlobalSection
EndGlobal
