
Microsoft Visual Studio Solution File, Format Version 12.00
# Visual Studio Version 17
VisualStudioVersion = 17.3.32929.385
MinimumVisualStudioVersion = 10.0.40219.1
Project("{FAE04EC0-301F-11D3-BF4B-00C04F79EFBC}") = "20_Poznamky", "20_Poznamky\20_Poznamky.csproj", "{44C034B8-7FBE-4415-B7C5-5E1F25152D64}"
EndProject
Global
	GlobalSection(SolutionConfigurationPlatforms) = preSolution
		Debug|Any CPU = Debug|Any CPU
		Release|Any CPU = Release|Any CPU
	EndGlobalSection
	GlobalSection(ProjectConfigurationPlatforms) = postSolution
		{44C034B8-7FBE-4415-B7C5-5E1F25152D64}.Debug|Any CPU.ActiveCfg = Debug|Any CPU
		{44C034B8-7FBE-4415-B7C5-5E1F25152D64}.Debug|Any CPU.Build.0 = Debug|Any CPU
		{44C034B8-7FBE-4415-B7C5-5E1F25152D64}.Release|Any CPU.ActiveCfg = Release|Any CPU
		{44C034B8-7FBE-4415-B7C5-5E1F25152D64}.Release|Any CPU.Build.0 = Release|Any CPU
	EndGlobalSection
	GlobalSection(SolutionProperties) = preSolution
		HideSolutionNode = FALSE
	EndGlobalSection
	GlobalSection(ExtensibilityGlobals) = postSolution
		SolutionGuid = {FAA0CB1B-A86D-43C0-87BC-A66084091858}
	EndGlobalSection
EndGlobal
