
Microsoft Visual Studio Solution File, Format Version 12.00
# Visual Studio Version 16
VisualStudioVersion = 16.0.31005.135
MinimumVisualStudioVersion = 10.0.40219.1
Project("{FAE04EC0-301F-11D3-BF4B-00C04F79EFBC}") = "Cviceni230221", "Cviceni230221.csproj", "{046B381D-1499-4F86-9450-592A01865BD0}"
EndProject
Global
	GlobalSection(SolutionConfigurationPlatforms) = preSolution
		Debug|Any CPU = Debug|Any CPU
		Release|Any CPU = Release|Any CPU
	EndGlobalSection
	GlobalSection(ProjectConfigurationPlatforms) = postSolution
		{046B381D-1499-4F86-9450-592A01865BD0}.Debug|Any CPU.ActiveCfg = Debug|Any CPU
		{046B381D-1499-4F86-9450-592A01865BD0}.Debug|Any CPU.Build.0 = Debug|Any CPU
		{046B381D-1499-4F86-9450-592A01865BD0}.Release|Any CPU.ActiveCfg = Release|Any CPU
		{046B381D-1499-4F86-9450-592A01865BD0}.Release|Any CPU.Build.0 = Release|Any CPU
	EndGlobalSection
	GlobalSection(SolutionProperties) = preSolution
		HideSolutionNode = FALSE
	EndGlobalSection
	GlobalSection(ExtensibilityGlobals) = postSolution
		SolutionGuid = {0AE64A9B-42FA-41AB-828F-43F6B5FD62E6}
	EndGlobalSection
EndGlobal
