
Microsoft Visual Studio Solution File, Format Version 12.00
# Visual Studio Version 16
VisualStudioVersion = 16.0.30907.101
MinimumVisualStudioVersion = 10.0.40219.1
Project("{FAE04EC0-301F-11D3-BF4B-00C04F79EFBC}") = "T1A_B_R", "T1A_B_R.csproj", "{3E9651F4-2561-4D25-9B00-75DED16EDCCB}"
EndProject
Global
	GlobalSection(SolutionConfigurationPlatforms) = preSolution
		Debug|Any CPU = Debug|Any CPU
		Release|Any CPU = Release|Any CPU
	EndGlobalSection
	GlobalSection(ProjectConfigurationPlatforms) = postSolution
		{3E9651F4-2561-4D25-9B00-75DED16EDCCB}.Debug|Any CPU.ActiveCfg = Debug|Any CPU
		{3E9651F4-2561-4D25-9B00-75DED16EDCCB}.Debug|Any CPU.Build.0 = Debug|Any CPU
		{3E9651F4-2561-4D25-9B00-75DED16EDCCB}.Release|Any CPU.ActiveCfg = Release|Any CPU
		{3E9651F4-2561-4D25-9B00-75DED16EDCCB}.Release|Any CPU.Build.0 = Release|Any CPU
	EndGlobalSection
	GlobalSection(SolutionProperties) = preSolution
		HideSolutionNode = FALSE
	EndGlobalSection
	GlobalSection(ExtensibilityGlobals) = postSolution
		SolutionGuid = {6C172300-72D9-477F-A3DA-8A6D75A404C9}
	EndGlobalSection
EndGlobal
