
Microsoft Visual Studio Solution File, Format Version 12.00
# Visual Studio Version 16
VisualStudioVersion = 16.0.31613.86
MinimumVisualStudioVersion = 10.0.40219.1
Project("{FAE04EC0-301F-11D3-BF4B-00C04F79EFBC}") = "Funkce", "Funkce\Funkce.csproj", "{2C23CAE0-58A0-4D62-81C1-884493C73E30}"
EndProject
Global
	GlobalSection(SolutionConfigurationPlatforms) = preSolution
		Debug|Any CPU = Debug|Any CPU
		Release|Any CPU = Release|Any CPU
	EndGlobalSection
	GlobalSection(ProjectConfigurationPlatforms) = postSolution
		{2C23CAE0-58A0-4D62-81C1-884493C73E30}.Debug|Any CPU.ActiveCfg = Debug|Any CPU
		{2C23CAE0-58A0-4D62-81C1-884493C73E30}.Debug|Any CPU.Build.0 = Debug|Any CPU
		{2C23CAE0-58A0-4D62-81C1-884493C73E30}.Release|Any CPU.ActiveCfg = Release|Any CPU
		{2C23CAE0-58A0-4D62-81C1-884493C73E30}.Release|Any CPU.Build.0 = Release|Any CPU
	EndGlobalSection
	GlobalSection(SolutionProperties) = preSolution
		HideSolutionNode = FALSE
	EndGlobalSection
	GlobalSection(ExtensibilityGlobals) = postSolution
		SolutionGuid = {E5721BA2-DA40-4CE4-BF47-DC9CC9A0E1EC}
	EndGlobalSection
EndGlobal
