
Microsoft Visual Studio Solution File, Format Version 12.00
# Visual Studio Version 17
VisualStudioVersion = 17.7.34024.191
MinimumVisualStudioVersion = 10.0.40219.1
Project("{FAE04EC0-301F-11D3-BF4B-00C04F79EFBC}") = "09_VizualizacePulzu", "09_VizualizacePulzu\09_VizualizacePulzu.csproj", "{81D402D1-BB14-4285-B3C2-F7956A897CBD}"
EndProject
Global
	GlobalSection(SolutionConfigurationPlatforms) = preSolution
		Debug|Any CPU = Debug|Any CPU
		Release|Any CPU = Release|Any CPU
	EndGlobalSection
	GlobalSection(ProjectConfigurationPlatforms) = postSolution
		{81D402D1-BB14-4285-B3C2-F7956A897CBD}.Debug|Any CPU.ActiveCfg = Debug|Any CPU
		{81D402D1-BB14-4285-B3C2-F7956A897CBD}.Debug|Any CPU.Build.0 = Debug|Any CPU
		{81D402D1-BB14-4285-B3C2-F7956A897CBD}.Release|Any CPU.ActiveCfg = Release|Any CPU
		{81D402D1-BB14-4285-B3C2-F7956A897CBD}.Release|Any CPU.Build.0 = Release|Any CPU
	EndGlobalSection
	GlobalSection(SolutionProperties) = preSolution
		HideSolutionNode = FALSE
	EndGlobalSection
	GlobalSection(ExtensibilityGlobals) = postSolution
		SolutionGuid = {2957F6D2-F70D-4C05-91F2-C276D7AD56E6}
	EndGlobalSection
EndGlobal
