
Microsoft Visual Studio Solution File, Format Version 12.00
# Visual Studio Version 17
VisualStudioVersion = 17.11.35312.102
MinimumVisualStudioVersion = 10.0.40219.1
Project("{FAE04EC0-301F-11D3-BF4B-00C04F79EFBC}") = "06_Transakce", "06_Transakce\06_Transakce.csproj", "{DE7CCA95-83EC-493F-8156-695DC4AACDDD}"
EndProject
Global
	GlobalSection(SolutionConfigurationPlatforms) = preSolution
		Debug|Any CPU = Debug|Any CPU
		Release|Any CPU = Release|Any CPU
	EndGlobalSection
	GlobalSection(ProjectConfigurationPlatforms) = postSolution
		{DE7CCA95-83EC-493F-8156-695DC4AACDDD}.Debug|Any CPU.ActiveCfg = Debug|Any CPU
		{DE7CCA95-83EC-493F-8156-695DC4AACDDD}.Debug|Any CPU.Build.0 = Debug|Any CPU
		{DE7CCA95-83EC-493F-8156-695DC4AACDDD}.Release|Any CPU.ActiveCfg = Release|Any CPU
		{DE7CCA95-83EC-493F-8156-695DC4AACDDD}.Release|Any CPU.Build.0 = Release|Any CPU
	EndGlobalSection
	GlobalSection(SolutionProperties) = preSolution
		HideSolutionNode = FALSE
	EndGlobalSection
	GlobalSection(ExtensibilityGlobals) = postSolution
		SolutionGuid = {BC79E2D2-F6D0-4DDC-8E27-E9BF8609DB27}
	EndGlobalSection
EndGlobal
