
Microsoft Visual Studio Solution File, Format Version 12.00
# Visual Studio Version 17
VisualStudioVersion = 17.1.32210.238
MinimumVisualStudioVersion = 10.0.40219.1
Project("{FAE04EC0-301F-11D3-BF4B-00C04F79EFBC}") = "NakupniKosik", "NakupniKosik\NakupniKosik.csproj", "{7C24FB38-8D1B-48F9-A7F9-8D2F41C5D016}"
EndProject
Global
	GlobalSection(SolutionConfigurationPlatforms) = preSolution
		Debug|Any CPU = Debug|Any CPU
		Release|Any CPU = Release|Any CPU
	EndGlobalSection
	GlobalSection(ProjectConfigurationPlatforms) = postSolution
		{7C24FB38-8D1B-48F9-A7F9-8D2F41C5D016}.Debug|Any CPU.ActiveCfg = Debug|Any CPU
		{7C24FB38-8D1B-48F9-A7F9-8D2F41C5D016}.Debug|Any CPU.Build.0 = Debug|Any CPU
		{7C24FB38-8D1B-48F9-A7F9-8D2F41C5D016}.Release|Any CPU.ActiveCfg = Release|Any CPU
		{7C24FB38-8D1B-48F9-A7F9-8D2F41C5D016}.Release|Any CPU.Build.0 = Release|Any CPU
	EndGlobalSection
	GlobalSection(SolutionProperties) = preSolution
		HideSolutionNode = FALSE
	EndGlobalSection
	GlobalSection(ExtensibilityGlobals) = postSolution
		SolutionGuid = {1850B774-A278-4709-ACA0-5E3F03C5E956}
	EndGlobalSection
EndGlobal
