
Microsoft Visual Studio Solution File, Format Version 12.00
# Visual Studio Version 16
VisualStudioVersion = 16.0.31613.86
MinimumVisualStudioVersion = 10.0.40219.1
Project("{FAE04EC0-301F-11D3-BF4B-00C04F79EFBC}") = "ExportFile", "ExportFile\ExportFile.csproj", "{7B9996FE-052A-4B21-8E95-AA0C1077B03A}"
EndProject
Global
	GlobalSection(SolutionConfigurationPlatforms) = preSolution
		Debug|Any CPU = Debug|Any CPU
		Release|Any CPU = Release|Any CPU
	EndGlobalSection
	GlobalSection(ProjectConfigurationPlatforms) = postSolution
		{7B9996FE-052A-4B21-8E95-AA0C1077B03A}.Debug|Any CPU.ActiveCfg = Debug|Any CPU
		{7B9996FE-052A-4B21-8E95-AA0C1077B03A}.Debug|Any CPU.Build.0 = Debug|Any CPU
		{7B9996FE-052A-4B21-8E95-AA0C1077B03A}.Release|Any CPU.ActiveCfg = Release|Any CPU
		{7B9996FE-052A-4B21-8E95-AA0C1077B03A}.Release|Any CPU.Build.0 = Release|Any CPU
	EndGlobalSection
	GlobalSection(SolutionProperties) = preSolution
		HideSolutionNode = FALSE
	EndGlobalSection
	GlobalSection(ExtensibilityGlobals) = postSolution
		SolutionGuid = {61A939EB-D7B4-4269-9E7B-08DC263A29F5}
	EndGlobalSection
EndGlobal
