
Microsoft Visual Studio Solution File, Format Version 12.00
# Visual Studio Version 17
VisualStudioVersion = 17.7.34024.191
MinimumVisualStudioVersion = 10.0.40219.1
Project("{FAE04EC0-301F-11D3-BF4B-00C04F79EFBC}") = "Who", "Who\Who.csproj", "{81F83274-6D7E-4CE6-AF51-BD702C5F15F4}"
EndProject
Global
	GlobalSection(SolutionConfigurationPlatforms) = preSolution
		Debug|Any CPU = Debug|Any CPU
		Release|Any CPU = Release|Any CPU
	EndGlobalSection
	GlobalSection(ProjectConfigurationPlatforms) = postSolution
		{81F83274-6D7E-4CE6-AF51-BD702C5F15F4}.Debug|Any CPU.ActiveCfg = Debug|Any CPU
		{81F83274-6D7E-4CE6-AF51-BD702C5F15F4}.Debug|Any CPU.Build.0 = Debug|Any CPU
		{81F83274-6D7E-4CE6-AF51-BD702C5F15F4}.Release|Any CPU.ActiveCfg = Release|Any CPU
		{81F83274-6D7E-4CE6-AF51-BD702C5F15F4}.Release|Any CPU.Build.0 = Release|Any CPU
	EndGlobalSection
	GlobalSection(SolutionProperties) = preSolution
		HideSolutionNode = FALSE
	EndGlobalSection
	GlobalSection(ExtensibilityGlobals) = postSolution
		SolutionGuid = {A9295C0F-052D-4ED6-8BCF-3ECFD9246629}
	EndGlobalSection
EndGlobal
