
Microsoft Visual Studio Solution File, Format Version 12.00
# Visual Studio Version 17
VisualStudioVersion = 17.7.34024.191
MinimumVisualStudioVersion = 10.0.40219.1
Project("{FAE04EC0-301F-11D3-BF4B-00C04F79EFBC}") = "WinFormsApp1", "WinFormsApp1\WinFormsApp1.csproj", "{8CD92CA8-FC84-4383-AB4A-92005F40EFEA}"
EndProject
Global
	GlobalSection(SolutionConfigurationPlatforms) = preSolution
		Debug|Any CPU = Debug|Any CPU
		Release|Any CPU = Release|Any CPU
	EndGlobalSection
	GlobalSection(ProjectConfigurationPlatforms) = postSolution
		{8CD92CA8-FC84-4383-AB4A-92005F40EFEA}.Debug|Any CPU.ActiveCfg = Debug|Any CPU
		{8CD92CA8-FC84-4383-AB4A-92005F40EFEA}.Debug|Any CPU.Build.0 = Debug|Any CPU
		{8CD92CA8-FC84-4383-AB4A-92005F40EFEA}.Release|Any CPU.ActiveCfg = Release|Any CPU
		{8CD92CA8-FC84-4383-AB4A-92005F40EFEA}.Release|Any CPU.Build.0 = Release|Any CPU
	EndGlobalSection
	GlobalSection(SolutionProperties) = preSolution
		HideSolutionNode = FALSE
	EndGlobalSection
	GlobalSection(ExtensibilityGlobals) = postSolution
		SolutionGuid = {E80B6590-C01A-4914-946F-30E81B813ABF}
	EndGlobalSection
EndGlobal
