
Microsoft Visual Studio Solution File, Format Version 12.00
# Visual Studio Version 16
VisualStudioVersion = 16.0.31702.278
MinimumVisualStudioVersion = 10.0.40219.1
Project("{FAE04EC0-301F-11D3-BF4B-00C04F79EFBC}") = "02_GenerovanePole", "02_GenerovanePole\02_GenerovanePole.csproj", "{436F8311-3AD8-44F6-AE71-91140DFDF6CD}"
EndProject
Global
	GlobalSection(SolutionConfigurationPlatforms) = preSolution
		Debug|Any CPU = Debug|Any CPU
		Release|Any CPU = Release|Any CPU
	EndGlobalSection
	GlobalSection(ProjectConfigurationPlatforms) = postSolution
		{436F8311-3AD8-44F6-AE71-91140DFDF6CD}.Debug|Any CPU.ActiveCfg = Debug|Any CPU
		{436F8311-3AD8-44F6-AE71-91140DFDF6CD}.Debug|Any CPU.Build.0 = Debug|Any CPU
		{436F8311-3AD8-44F6-AE71-91140DFDF6CD}.Release|Any CPU.ActiveCfg = Release|Any CPU
		{436F8311-3AD8-44F6-AE71-91140DFDF6CD}.Release|Any CPU.Build.0 = Release|Any CPU
	EndGlobalSection
	GlobalSection(SolutionProperties) = preSolution
		HideSolutionNode = FALSE
	EndGlobalSection
	GlobalSection(ExtensibilityGlobals) = postSolution
		SolutionGuid = {64060F1C-3067-4D02-8FD2-8911C8D1CC3B}
	EndGlobalSection
EndGlobal
