
Microsoft Visual Studio Solution File, Format Version 12.00
# Visual Studio Version 17
VisualStudioVersion = 17.3.32922.545
MinimumVisualStudioVersion = 10.0.40219.1
Project("{FAE04EC0-301F-11D3-BF4B-00C04F79EFBC}") = "01_Adresar", "01_Adresar\01_Adresar.csproj", "{0976090F-19E3-4D32-848C-69C01E8F995E}"
EndProject
Global
	GlobalSection(SolutionConfigurationPlatforms) = preSolution
		Debug|Any CPU = Debug|Any CPU
		Release|Any CPU = Release|Any CPU
	EndGlobalSection
	GlobalSection(ProjectConfigurationPlatforms) = postSolution
		{0976090F-19E3-4D32-848C-69C01E8F995E}.Debug|Any CPU.ActiveCfg = Debug|Any CPU
		{0976090F-19E3-4D32-848C-69C01E8F995E}.Debug|Any CPU.Build.0 = Debug|Any CPU
		{0976090F-19E3-4D32-848C-69C01E8F995E}.Release|Any CPU.ActiveCfg = Release|Any CPU
		{0976090F-19E3-4D32-848C-69C01E8F995E}.Release|Any CPU.Build.0 = Release|Any CPU
	EndGlobalSection
	GlobalSection(SolutionProperties) = preSolution
		HideSolutionNode = FALSE
	EndGlobalSection
	GlobalSection(ExtensibilityGlobals) = postSolution
		SolutionGuid = {2F5B88B7-C3CF-489D-ABA1-A52A5439C80B}
	EndGlobalSection
EndGlobal
