
Microsoft Visual Studio Solution File, Format Version 12.00
# Visual Studio Version 17
VisualStudioVersion = 17.3.32929.385
MinimumVisualStudioVersion = 10.0.40219.1
Project("{FAE04EC0-301F-11D3-BF4B-00C04F79EFBC}") = "19_Ponorka", "19_Ponorka\19_Ponorka.csproj", "{D85169AA-6E4A-4DCD-9827-09E5E34D22BC}"
EndProject
Global
	GlobalSection(SolutionConfigurationPlatforms) = preSolution
		Debug|Any CPU = Debug|Any CPU
		Release|Any CPU = Release|Any CPU
	EndGlobalSection
	GlobalSection(ProjectConfigurationPlatforms) = postSolution
		{D85169AA-6E4A-4DCD-9827-09E5E34D22BC}.Debug|Any CPU.ActiveCfg = Debug|Any CPU
		{D85169AA-6E4A-4DCD-9827-09E5E34D22BC}.Debug|Any CPU.Build.0 = Debug|Any CPU
		{D85169AA-6E4A-4DCD-9827-09E5E34D22BC}.Release|Any CPU.ActiveCfg = Release|Any CPU
		{D85169AA-6E4A-4DCD-9827-09E5E34D22BC}.Release|Any CPU.Build.0 = Release|Any CPU
	EndGlobalSection
	GlobalSection(SolutionProperties) = preSolution
		HideSolutionNode = FALSE
	EndGlobalSection
	GlobalSection(ExtensibilityGlobals) = postSolution
		SolutionGuid = {44837B00-2280-4C6B-9A5E-375342D8BDCB}
	EndGlobalSection
EndGlobal
