
Microsoft Visual Studio Solution File, Format Version 12.00
# Visual Studio Version 16
VisualStudioVersion = 16.0.31112.23
MinimumVisualStudioVersion = 10.0.40219.1
Project("{FAE04EC0-301F-11D3-BF4B-00C04F79EFBC}") = "PasswordCheck", "PasswordCheck.csproj", "{987AF48E-7CC4-4F7D-BCEF-2DB6F7EC470F}"
EndProject
Global
	GlobalSection(SolutionConfigurationPlatforms) = preSolution
		Debug|Any CPU = Debug|Any CPU
		Release|Any CPU = Release|Any CPU
	EndGlobalSection
	GlobalSection(ProjectConfigurationPlatforms) = postSolution
		{987AF48E-7CC4-4F7D-BCEF-2DB6F7EC470F}.Debug|Any CPU.ActiveCfg = Debug|Any CPU
		{987AF48E-7CC4-4F7D-BCEF-2DB6F7EC470F}.Debug|Any CPU.Build.0 = Debug|Any CPU
		{987AF48E-7CC4-4F7D-BCEF-2DB6F7EC470F}.Release|Any CPU.ActiveCfg = Release|Any CPU
		{987AF48E-7CC4-4F7D-BCEF-2DB6F7EC470F}.Release|Any CPU.Build.0 = Release|Any CPU
	EndGlobalSection
	GlobalSection(SolutionProperties) = preSolution
		HideSolutionNode = FALSE
	EndGlobalSection
	GlobalSection(ExtensibilityGlobals) = postSolution
		SolutionGuid = {7CFE9454-6800-4374-8F2B-C8E19DCDC2C2}
	EndGlobalSection
EndGlobal
