
Microsoft Visual Studio Solution File, Format Version 12.00
# Visual Studio Version 17
VisualStudioVersion = 17.7.34024.191
MinimumVisualStudioVersion = 10.0.40219.1
Project("{FAE04EC0-301F-11D3-BF4B-00C04F79EFBC}") = "TrojuhelnikPyramida", "TrojuhelnikPyramida\TrojuhelnikPyramida.csproj", "{CEF65739-B7EB-489B-9E99-5BC40904F416}"
EndProject
Global
	GlobalSection(SolutionConfigurationPlatforms) = preSolution
		Debug|Any CPU = Debug|Any CPU
		Release|Any CPU = Release|Any CPU
	EndGlobalSection
	GlobalSection(ProjectConfigurationPlatforms) = postSolution
		{CEF65739-B7EB-489B-9E99-5BC40904F416}.Debug|Any CPU.ActiveCfg = Debug|Any CPU
		{CEF65739-B7EB-489B-9E99-5BC40904F416}.Debug|Any CPU.Build.0 = Debug|Any CPU
		{CEF65739-B7EB-489B-9E99-5BC40904F416}.Release|Any CPU.ActiveCfg = Release|Any CPU
		{CEF65739-B7EB-489B-9E99-5BC40904F416}.Release|Any CPU.Build.0 = Release|Any CPU
	EndGlobalSection
	GlobalSection(SolutionProperties) = preSolution
		HideSolutionNode = FALSE
	EndGlobalSection
	GlobalSection(ExtensibilityGlobals) = postSolution
		SolutionGuid = {3F368F32-E872-4ECE-9599-C57C0D60ED36}
	EndGlobalSection
EndGlobal
