
Microsoft Visual Studio Solution File, Format Version 12.00
# Visual Studio Version 17
VisualStudioVersion = 17.7.34018.315
MinimumVisualStudioVersion = 10.0.40219.1
Project("{FAE04EC0-301F-11D3-BF4B-00C04F79EFBC}") = "10_MouseEvent", "10_MouseEvent\10_MouseEvent.csproj", "{622AC1BE-004E-4853-83B0-5C499AB0104A}"
EndProject
Global
	GlobalSection(SolutionConfigurationPlatforms) = preSolution
		Debug|Any CPU = Debug|Any CPU
		Release|Any CPU = Release|Any CPU
	EndGlobalSection
	GlobalSection(ProjectConfigurationPlatforms) = postSolution
		{622AC1BE-004E-4853-83B0-5C499AB0104A}.Debug|Any CPU.ActiveCfg = Debug|Any CPU
		{622AC1BE-004E-4853-83B0-5C499AB0104A}.Debug|Any CPU.Build.0 = Debug|Any CPU
		{622AC1BE-004E-4853-83B0-5C499AB0104A}.Release|Any CPU.ActiveCfg = Release|Any CPU
		{622AC1BE-004E-4853-83B0-5C499AB0104A}.Release|Any CPU.Build.0 = Release|Any CPU
	EndGlobalSection
	GlobalSection(SolutionProperties) = preSolution
		HideSolutionNode = FALSE
	EndGlobalSection
	GlobalSection(ExtensibilityGlobals) = postSolution
		SolutionGuid = {460589FF-2B0B-4E93-AAD7-8AEF429D4B59}
	EndGlobalSection
EndGlobal
