
Microsoft Visual Studio Solution File, Format Version 12.00
# Visual Studio Version 16
VisualStudioVersion = 16.0.31613.86
MinimumVisualStudioVersion = 10.0.40219.1
Project("{FAE04EC0-301F-11D3-BF4B-00C04F79EFBC}") = "Cycle", "Cycle\Cycle.csproj", "{FCC7AE6C-749E-433B-A0A0-B589B5CBA366}"
EndProject
Global
	GlobalSection(SolutionConfigurationPlatforms) = preSolution
		Debug|Any CPU = Debug|Any CPU
		Release|Any CPU = Release|Any CPU
	EndGlobalSection
	GlobalSection(ProjectConfigurationPlatforms) = postSolution
		{FCC7AE6C-749E-433B-A0A0-B589B5CBA366}.Debug|Any CPU.ActiveCfg = Debug|Any CPU
		{FCC7AE6C-749E-433B-A0A0-B589B5CBA366}.Debug|Any CPU.Build.0 = Debug|Any CPU
		{FCC7AE6C-749E-433B-A0A0-B589B5CBA366}.Release|Any CPU.ActiveCfg = Release|Any CPU
		{FCC7AE6C-749E-433B-A0A0-B589B5CBA366}.Release|Any CPU.Build.0 = Release|Any CPU
	EndGlobalSection
	GlobalSection(SolutionProperties) = preSolution
		HideSolutionNode = FALSE
	EndGlobalSection
	GlobalSection(ExtensibilityGlobals) = postSolution
		SolutionGuid = {D24C7A77-A00D-43BD-BEFE-081F4FAAF660}
	EndGlobalSection
EndGlobal
