
Microsoft Visual Studio Solution File, Format Version 12.00
# Visual Studio Version 17
VisualStudioVersion = 17.7.34024.191
MinimumVisualStudioVersion = 10.0.40219.1
Project("{FAE04EC0-301F-11D3-BF4B-00C04F79EFBC}") = "12_Funkce", "12_Funkce\12_Funkce.csproj", "{51473696-0728-47D4-8B32-DB52787555FE}"
EndProject
Global
	GlobalSection(SolutionConfigurationPlatforms) = preSolution
		Debug|Any CPU = Debug|Any CPU
		Release|Any CPU = Release|Any CPU
	EndGlobalSection
	GlobalSection(ProjectConfigurationPlatforms) = postSolution
		{51473696-0728-47D4-8B32-DB52787555FE}.Debug|Any CPU.ActiveCfg = Debug|Any CPU
		{51473696-0728-47D4-8B32-DB52787555FE}.Debug|Any CPU.Build.0 = Debug|Any CPU
		{51473696-0728-47D4-8B32-DB52787555FE}.Release|Any CPU.ActiveCfg = Release|Any CPU
		{51473696-0728-47D4-8B32-DB52787555FE}.Release|Any CPU.Build.0 = Release|Any CPU
	EndGlobalSection
	GlobalSection(SolutionProperties) = preSolution
		HideSolutionNode = FALSE
	EndGlobalSection
	GlobalSection(ExtensibilityGlobals) = postSolution
		SolutionGuid = {2AB3548C-E423-45A8-866D-ED5F4FB79424}
	EndGlobalSection
EndGlobal
