
Microsoft Visual Studio Solution File, Format Version 12.00
# Visual Studio Version 17
VisualStudioVersion = 17.1.32210.238
MinimumVisualStudioVersion = 10.0.40219.1
Project("{FAE04EC0-301F-11D3-BF4B-00C04F79EFBC}") = "04_VolebniVysledky", "04_VolebniVysledky\04_VolebniVysledky.csproj", "{2C45AAAD-B144-45B9-8F11-99B8BECA1E25}"
EndProject
Global
	GlobalSection(SolutionConfigurationPlatforms) = preSolution
		Debug|Any CPU = Debug|Any CPU
		Release|Any CPU = Release|Any CPU
	EndGlobalSection
	GlobalSection(ProjectConfigurationPlatforms) = postSolution
		{2C45AAAD-B144-45B9-8F11-99B8BECA1E25}.Debug|Any CPU.ActiveCfg = Debug|Any CPU
		{2C45AAAD-B144-45B9-8F11-99B8BECA1E25}.Debug|Any CPU.Build.0 = Debug|Any CPU
		{2C45AAAD-B144-45B9-8F11-99B8BECA1E25}.Release|Any CPU.ActiveCfg = Release|Any CPU
		{2C45AAAD-B144-45B9-8F11-99B8BECA1E25}.Release|Any CPU.Build.0 = Release|Any CPU
	EndGlobalSection
	GlobalSection(SolutionProperties) = preSolution
		HideSolutionNode = FALSE
	EndGlobalSection
	GlobalSection(ExtensibilityGlobals) = postSolution
		SolutionGuid = {6678FB81-2A1A-455F-94BE-6A7D48F21558}
	EndGlobalSection
EndGlobal
