
Microsoft Visual Studio Solution File, Format Version 12.00
# Visual Studio 15
VisualStudioVersion = 15.0.28307.106
MinimumVisualStudioVersion = 10.0.40219.1
Project("{FAE04EC0-301F-11D3-BF4B-00C04F79EFBC}") = "TriangleCheck", "TriangleCheck\TriangleCheck.csproj", "{DDEEAE20-282A-423B-ACCB-7905D0FC4939}"
EndProject
Global
	GlobalSection(SolutionConfigurationPlatforms) = preSolution
		Debug|Any CPU = Debug|Any CPU
		Release|Any CPU = Release|Any CPU
	EndGlobalSection
	GlobalSection(ProjectConfigurationPlatforms) = postSolution
		{DDEEAE20-282A-423B-ACCB-7905D0FC4939}.Debug|Any CPU.ActiveCfg = Debug|Any CPU
		{DDEEAE20-282A-423B-ACCB-7905D0FC4939}.Debug|Any CPU.Build.0 = Debug|Any CPU
		{DDEEAE20-282A-423B-ACCB-7905D0FC4939}.Release|Any CPU.ActiveCfg = Release|Any CPU
		{DDEEAE20-282A-423B-ACCB-7905D0FC4939}.Release|Any CPU.Build.0 = Release|Any CPU
	EndGlobalSection
	GlobalSection(SolutionProperties) = preSolution
		HideSolutionNode = FALSE
	EndGlobalSection
	GlobalSection(ExtensibilityGlobals) = postSolution
		SolutionGuid = {F58AE416-962D-47F5-8E34-CAC6D70097A2}
	EndGlobalSection
EndGlobal
