
Microsoft Visual Studio Solution File, Format Version 12.00
# Visual Studio Version 17
VisualStudioVersion = 17.11.35312.102
MinimumVisualStudioVersion = 10.0.40219.1
Project("{FAE04EC0-301F-11D3-BF4B-00C04F79EFBC}") = "Sněžení", "Sněžení\Sněžení.csproj", "{67571D98-BEB1-4033-A599-358BDAA3A417}"
EndProject
Global
	GlobalSection(SolutionConfigurationPlatforms) = preSolution
		Debug|Any CPU = Debug|Any CPU
		Release|Any CPU = Release|Any CPU
	EndGlobalSection
	GlobalSection(ProjectConfigurationPlatforms) = postSolution
		{67571D98-BEB1-4033-A599-358BDAA3A417}.Debug|Any CPU.ActiveCfg = Debug|Any CPU
		{67571D98-BEB1-4033-A599-358BDAA3A417}.Debug|Any CPU.Build.0 = Debug|Any CPU
		{67571D98-BEB1-4033-A599-358BDAA3A417}.Release|Any CPU.ActiveCfg = Release|Any CPU
		{67571D98-BEB1-4033-A599-358BDAA3A417}.Release|Any CPU.Build.0 = Release|Any CPU
	EndGlobalSection
	GlobalSection(SolutionProperties) = preSolution
		HideSolutionNode = FALSE
	EndGlobalSection
	GlobalSection(ExtensibilityGlobals) = postSolution
		SolutionGuid = {8F5651BF-4A9B-4FA8-AFBA-AC3FF8A357FF}
	EndGlobalSection
EndGlobal
