
Microsoft Visual Studio Solution File, Format Version 12.00
# Visual Studio Version 17
VisualStudioVersion = 17.7.34024.191
MinimumVisualStudioVersion = 10.0.40219.1
Project("{FAE04EC0-301F-11D3-BF4B-00C04F79EFBC}") = "07_Cykly", "07_Cykly\07_Cykly.csproj", "{66E96030-B8BE-416B-BBFE-63EF97CEA3DE}"
EndProject
Global
	GlobalSection(SolutionConfigurationPlatforms) = preSolution
		Debug|Any CPU = Debug|Any CPU
		Release|Any CPU = Release|Any CPU
	EndGlobalSection
	GlobalSection(ProjectConfigurationPlatforms) = postSolution
		{66E96030-B8BE-416B-BBFE-63EF97CEA3DE}.Debug|Any CPU.ActiveCfg = Debug|Any CPU
		{66E96030-B8BE-416B-BBFE-63EF97CEA3DE}.Debug|Any CPU.Build.0 = Debug|Any CPU
		{66E96030-B8BE-416B-BBFE-63EF97CEA3DE}.Release|Any CPU.ActiveCfg = Release|Any CPU
		{66E96030-B8BE-416B-BBFE-63EF97CEA3DE}.Release|Any CPU.Build.0 = Release|Any CPU
	EndGlobalSection
	GlobalSection(SolutionProperties) = preSolution
		HideSolutionNode = FALSE
	EndGlobalSection
	GlobalSection(ExtensibilityGlobals) = postSolution
		SolutionGuid = {6040B90A-3AFE-48F1-9F63-8774FE9D48F9}
	EndGlobalSection
EndGlobal
